// !$*UTF8*$!
{
	archiveVersion = 1;
	classes = {
	};
	objectVersion = 46;
	objects = {

/* Begin PBXBuildFile section */
		065BAC521BC7A135005AF493 /* main.m in Sources */ = {isa = PBXBuildFile; fileRef = 065BAC511BC7A135005AF493 /* main.m */; };
		511C735D1BE3801100D3D61D /* ChatTableViewCell.m in Sources */ = {isa = PBXBuildFile; fileRef = 511C73581BE3801100D3D61D /* ChatTableViewCell.m */; };
		511C735E1BE3801100D3D61D /* ChatTableViewCell.xib in Resources */ = {isa = PBXBuildFile; fileRef = 511C73591BE3801100D3D61D /* ChatTableViewCell.xib */; };
		511C735F1BE3801100D3D61D /* DSChatDetailViewController.m in Sources */ = {isa = PBXBuildFile; fileRef = 511C735B1BE3801100D3D61D /* DSChatDetailViewController.m */; };
		511C73601BE3801100D3D61D /* DSChatDetailViewController.xib in Resources */ = {isa = PBXBuildFile; fileRef = 511C735C1BE3801100D3D61D /* DSChatDetailViewController.xib */; };
		511C73641BE3804E00D3D61D /* DSChatsTableViewController.m in Sources */ = {isa = PBXBuildFile; fileRef = 511C73621BE3804E00D3D61D /* DSChatsTableViewController.m */; };
		511C73651BE3804E00D3D61D /* DSChatsTableViewController.xib in Resources */ = {isa = PBXBuildFile; fileRef = 511C73631BE3804E00D3D61D /* DSChatsTableViewController.xib */; };
		51322A131BDFBEDB00418216 /* DSLocationViewController.m in Sources */ = {isa = PBXBuildFile; fileRef = 51322A0E1BDFBEDB00418216 /* DSLocationViewController.m */; };
		51322A141BDFBEDB00418216 /* DSLocationViewController.xib in Resources */ = {isa = PBXBuildFile; fileRef = 51322A0F1BDFBEDB00418216 /* DSLocationViewController.xib */; };
		51322A151BDFBEDB00418216 /* LocationCollectionViewCell.m in Sources */ = {isa = PBXBuildFile; fileRef = 51322A111BDFBEDB00418216 /* LocationCollectionViewCell.m */; };
		51322A161BDFBEDB00418216 /* LocationCollectionViewCell.xib in Resources */ = {isa = PBXBuildFile; fileRef = 51322A121BDFBEDB00418216 /* LocationCollectionViewCell.xib */; };
		51322A221BDFBFAA00418216 /* chaton.png in Resources */ = {isa = PBXBuildFile; fileRef = 51322A181BDFBFAA00418216 /* chaton.png */; };
		51322A231BDFBFAA00418216 /* chong.png in Resources */ = {isa = PBXBuildFile; fileRef = 51322A191BDFBFAA00418216 /* chong.png */; };
		51322A241BDFBFAA00418216 /* felicin.png in Resources */ = {isa = PBXBuildFile; fileRef = 51322A1A1BDFBFAA00418216 /* felicin.png */; };
		51322A251BDFBFAA00418216 /* Galglot.png in Resources */ = {isa = PBXBuildFile; fileRef = 51322A1B1BDFBFAA00418216 /* Galglot.png */; };
		51322A261BDFBFAA00418216 /* menu_icon.png in Resources */ = {isa = PBXBuildFile; fileRef = 51322A1C1BDFBFAA00418216 /* menu_icon.png */; };
		51322A271BDFBFAA00418216 /* request_send.png in Resources */ = {isa = PBXBuildFile; fileRef = 51322A1D1BDFBFAA00418216 /* request_send.png */; };
		51322A281BDFBFAA00418216 /* request_send1.png in Resources */ = {isa = PBXBuildFile; fileRef = 51322A1E1BDFBFAA00418216 /* request_send1.png */; };
		51322A291BDFBFAA00418216 /* taylor.png in Resources */ = {isa = PBXBuildFile; fileRef = 51322A1F1BDFBFAA00418216 /* taylor.png */; };
		51322A2A1BDFBFAA00418216 /* yuna.png in Resources */ = {isa = PBXBuildFile; fileRef = 51322A201BDFBFAA00418216 /* yuna.png */; };
		51322A2B1BDFBFAA00418216 /* zoe_tay.png in Resources */ = {isa = PBXBuildFile; fileRef = 51322A211BDFBFAA00418216 /* zoe_tay.png */; };
		51ED4E621BE08EDF0079E030 /* 18-Chats.png in Resources */ = {isa = PBXBuildFile; fileRef = 51ED4E5F1BE08EDF0079E030 /* 18-Chats.png */; };
		51ED4E631BE08EDF0079E030 /* 12-Chats.png in Resources */ = {isa = PBXBuildFile; fileRef = 51ED4E601BE08EDF0079E030 /* 12-Chats.png */; };
		51ED4E641BE08EDF0079E030 /* 19-ChatWindow.png in Resources */ = {isa = PBXBuildFile; fileRef = 51ED4E611BE08EDF0079E030 /* 19-ChatWindow.png */; };
		51ED4E6C1BE0C5D50079E030 /* IBActionSheet.m in Sources */ = {isa = PBXBuildFile; fileRef = 51ED4E6B1BE0C5D50079E030 /* IBActionSheet.m */; };
		6A50C21C1BCCBB8C002B11AC /* DSProfileTableViewCell.m in Sources */ = {isa = PBXBuildFile; fileRef = 6A50C21A1BCCBB8C002B11AC /* DSProfileTableViewCell.m */; };
		6A50C21D1BCCBB8C002B11AC /* DSProfileTableViewCell.xib in Resources */ = {isa = PBXBuildFile; fileRef = 6A50C21B1BCCBB8C002B11AC /* DSProfileTableViewCell.xib */; };
		6A8D15D31BCC059B000F1FB4 /* DSProfileTableViewController.m in Sources */ = {isa = PBXBuildFile; fileRef = 6A8D15D11BCC059B000F1FB4 /* DSProfileTableViewController.m */; };
		6A8D15D41BCC059B000F1FB4 /* DSProfileTableViewController.xib in Resources */ = {isa = PBXBuildFile; fileRef = 6A8D15D21BCC059B000F1FB4 /* DSProfileTableViewController.xib */; };
		C6D5F60C1BC7AF500050C1AE /* Launch Screen.xib in Resources */ = {isa = PBXBuildFile; fileRef = C6D5F60B1BC7AF500050C1AE /* Launch Screen.xib */; };
		C6D5F6151BC7B0970050C1AE /* AppDelegate.m in Sources */ = {isa = PBXBuildFile; fileRef = C6D5F6141BC7B0970050C1AE /* AppDelegate.m */; };
		C6D5F61C1BC7B3E60050C1AE /* DSAppCommon.m in Sources */ = {isa = PBXBuildFile; fileRef = C6D5F61B1BC7B3E60050C1AE /* DSAppCommon.m */; };
		C6D5F6391BC7B52C0050C1AE /* FutworaPro-Regular.otf in Resources */ = {isa = PBXBuildFile; fileRef = C6D5F62C1BC7B52C0050C1AE /* FutworaPro-Regular.otf */; };
		C6D5F63A1BC7B52C0050C1AE /* Patron-Black.ttf in Resources */ = {isa = PBXBuildFile; fileRef = C6D5F62D1BC7B52C0050C1AE /* Patron-Black.ttf */; };
		C6D5F63B1BC7B52C0050C1AE /* Patron-BlackItalic.ttf in Resources */ = {isa = PBXBuildFile; fileRef = C6D5F62E1BC7B52C0050C1AE /* Patron-BlackItalic.ttf */; };
		C6D5F63C1BC7B52C0050C1AE /* Patron-Bold.ttf in Resources */ = {isa = PBXBuildFile; fileRef = C6D5F62F1BC7B52C0050C1AE /* Patron-Bold.ttf */; };
		C6D5F63D1BC7B52C0050C1AE /* Patron-BoldItalic.ttf in Resources */ = {isa = PBXBuildFile; fileRef = C6D5F6301BC7B52C0050C1AE /* Patron-BoldItalic.ttf */; };
		C6D5F63E1BC7B52C0050C1AE /* Patron-ExtraLight.ttf in Resources */ = {isa = PBXBuildFile; fileRef = C6D5F6311BC7B52C0050C1AE /* Patron-ExtraLight.ttf */; };
		C6D5F63F1BC7B52C0050C1AE /* Patron-ExtraLightItalic.ttf in Resources */ = {isa = PBXBuildFile; fileRef = C6D5F6321BC7B52C0050C1AE /* Patron-ExtraLightItalic.ttf */; };
		C6D5F6401BC7B52C0050C1AE /* Patron-Italic.ttf in Resources */ = {isa = PBXBuildFile; fileRef = C6D5F6331BC7B52C0050C1AE /* Patron-Italic.ttf */; };
		C6D5F6411BC7B52C0050C1AE /* Patron-Medium.ttf in Resources */ = {isa = PBXBuildFile; fileRef = C6D5F6341BC7B52C0050C1AE /* Patron-Medium.ttf */; };
		C6D5F6421BC7B52C0050C1AE /* Patron-MediumItalic.ttf in Resources */ = {isa = PBXBuildFile; fileRef = C6D5F6351BC7B52C0050C1AE /* Patron-MediumItalic.ttf */; };
		C6D5F6431BC7B52C0050C1AE /* Patron-Regular.ttf in Resources */ = {isa = PBXBuildFile; fileRef = C6D5F6361BC7B52C0050C1AE /* Patron-Regular.ttf */; };
		C6D5F6441BC7B52C0050C1AE /* Patron-Thin.ttf in Resources */ = {isa = PBXBuildFile; fileRef = C6D5F6371BC7B52C0050C1AE /* Patron-Thin.ttf */; };
		C6D5F6451BC7B52C0050C1AE /* Patron-ThinItalic.ttf in Resources */ = {isa = PBXBuildFile; fileRef = C6D5F6381BC7B52C0050C1AE /* Patron-ThinItalic.ttf */; };
		C6D5F67C1BC7EC440050C1AE /* Images.xcassets in Resources */ = {isa = PBXBuildFile; fileRef = C6D5F67B1BC7EC440050C1AE /* Images.xcassets */; };
		EA784F001BE0950500863A6D /* DVSwitch.m in Sources */ = {isa = PBXBuildFile; fileRef = EA784EFF1BE0950500863A6D /* DVSwitch.m */; };
		EACB22BB1BC7C7F7002FAD54 /* DSLoginViewController.m in Sources */ = {isa = PBXBuildFile; fileRef = EACB22B91BC7C7F7002FAD54 /* DSLoginViewController.m */; };
		EACB22BC1BC7C7F7002FAD54 /* DSLoginViewController.xib in Resources */ = {isa = PBXBuildFile; fileRef = EACB22BA1BC7C7F7002FAD54 /* DSLoginViewController.xib */; };
		EADB949C1BDF566C00512374 /* HomeCustomCell.m in Sources */ = {isa = PBXBuildFile; fileRef = EADB94971BDF566C00512374 /* HomeCustomCell.m */; };
		EADB949D1BDF566C00512374 /* HomeCustomCell.xib in Resources */ = {isa = PBXBuildFile; fileRef = EADB94981BDF566C00512374 /* HomeCustomCell.xib */; };
		EADB949E1BDF566C00512374 /* HomeViewController.m in Sources */ = {isa = PBXBuildFile; fileRef = EADB949A1BDF566C00512374 /* HomeViewController.m */; };
		EADB949F1BDF566C00512374 /* HomeViewController.xib in Resources */ = {isa = PBXBuildFile; fileRef = EADB949B1BDF566C00512374 /* HomeViewController.xib */; };
		EAEF251D1BCF9EF600F83E82 /* IQNSArray+Sort.m in Sources */ = {isa = PBXBuildFile; fileRef = EAEF24FB1BCF9EF600F83E82 /* IQNSArray+Sort.m */; };
		EAEF251E1BCF9EF600F83E82 /* IQUITextFieldView+Additions.m in Sources */ = {isa = PBXBuildFile; fileRef = EAEF24FD1BCF9EF600F83E82 /* IQUITextFieldView+Additions.m */; };
		EAEF251F1BCF9EF600F83E82 /* IQUIView+Hierarchy.m in Sources */ = {isa = PBXBuildFile; fileRef = EAEF24FF1BCF9EF600F83E82 /* IQUIView+Hierarchy.m */; };
		EAEF25201BCF9EF600F83E82 /* IQUIViewController+Additions.m in Sources */ = {isa = PBXBuildFile; fileRef = EAEF25011BCF9EF600F83E82 /* IQUIViewController+Additions.m */; };
		EAEF25211BCF9EF600F83E82 /* IQUIWindow+Hierarchy.m in Sources */ = {isa = PBXBuildFile; fileRef = EAEF25031BCF9EF600F83E82 /* IQUIWindow+Hierarchy.m */; };
		EAEF25221BCF9EF600F83E82 /* IQKeyboardManager.m in Sources */ = {isa = PBXBuildFile; fileRef = EAEF25081BCF9EF600F83E82 /* IQKeyboardManager.m */; };
		EAEF25231BCF9EF600F83E82 /* IQKeyboardReturnKeyHandler.m in Sources */ = {isa = PBXBuildFile; fileRef = EAEF250A1BCF9EF600F83E82 /* IQKeyboardReturnKeyHandler.m */; };
		EAEF25241BCF9EF600F83E82 /* IQSegmentedNextPrevious.m in Sources */ = {isa = PBXBuildFile; fileRef = EAEF250D1BCF9EF600F83E82 /* IQSegmentedNextPrevious.m */; };
		EAEF25251BCF9EF600F83E82 /* IQTextView.m in Sources */ = {isa = PBXBuildFile; fileRef = EAEF25101BCF9EF600F83E82 /* IQTextView.m */; };
		EAEF25261BCF9EF600F83E82 /* IQBarButtonItem.m in Sources */ = {isa = PBXBuildFile; fileRef = EAEF25131BCF9EF600F83E82 /* IQBarButtonItem.m */; };
		EAEF25271BCF9EF600F83E82 /* IQTitleBarButtonItem.m in Sources */ = {isa = PBXBuildFile; fileRef = EAEF25151BCF9EF600F83E82 /* IQTitleBarButtonItem.m */; };
		EAEF25281BCF9EF600F83E82 /* IQToolbar.m in Sources */ = {isa = PBXBuildFile; fileRef = EAEF25171BCF9EF600F83E82 /* IQToolbar.m */; };
		EAEF25291BCF9EF600F83E82 /* IQUIView+IQKeyboardToolbar.m in Sources */ = {isa = PBXBuildFile; fileRef = EAEF25191BCF9EF600F83E82 /* IQUIView+IQKeyboardToolbar.m */; };
		EAEF252A1BCF9EF600F83E82 /* IQKeyboardManager.bundle in Resources */ = {isa = PBXBuildFile; fileRef = EAEF251C1BCF9EF600F83E82 /* IQKeyboardManager.bundle */; };
		EAEF25351BCFEBF400F83E82 /* CustomNavigationView.m in Sources */ = {isa = PBXBuildFile; fileRef = EAEF25331BCFEBF400F83E82 /* CustomNavigationView.m */; };
		EAEF25361BCFEBF400F83E82 /* CustomNavigationView.xib in Resources */ = {isa = PBXBuildFile; fileRef = EAEF25341BCFEBF400F83E82 /* CustomNavigationView.xib */; };
		EAF16E401BDE1EBE00E6E5CE /* Pluis_icon1.png in Resources */ = {isa = PBXBuildFile; fileRef = EAF16E3F1BDE1EBE00E6E5CE /* Pluis_icon1.png */; };
		EAF1871A1BDA352B004C25EA /* DAAutoScroll.m in Sources */ = {isa = PBXBuildFile; fileRef = EAF187191BDA352B004C25EA /* DAAutoScroll.m */; };
		EAF1DC511BD8B2AF00D51354 /* DSHomeViewController.m in Sources */ = {isa = PBXBuildFile; fileRef = EAF1DC4F1BD8B2AF00D51354 /* DSHomeViewController.m */; };
		EAF1DC521BD8B2AF00D51354 /* DSHomeViewController.xib in Resources */ = {isa = PBXBuildFile; fileRef = EAF1DC501BD8B2AF00D51354 /* DSHomeViewController.xib */; };
		EAFC96581BD20FD400B3593D /* DSInterestAndHobbiesViewController.m in Sources */ = {isa = PBXBuildFile; fileRef = EAFC96561BD20FD400B3593D /* DSInterestAndHobbiesViewController.m */; };
		EAFC96591BD20FD400B3593D /* DSInterestAndHobbiesViewController.xib in Resources */ = {isa = PBXBuildFile; fileRef = EAFC96571BD20FD400B3593D /* DSInterestAndHobbiesViewController.xib */; };
		EAFC97601BD21A1200B3593D /* bbq.png in Resources */ = {isa = PBXBuildFile; fileRef = EAFC96C51BD21A1100B3593D /* bbq.png */; };
		EAFC97611BD21A1200B3593D /* bbq_active.png in Resources */ = {isa = PBXBuildFile; fileRef = EAFC96C61BD21A1100B3593D /* bbq_active.png */; };
		EAFC97621BD21A1200B3593D /* Boardgames.png in Resources */ = {isa = PBXBuildFile; fileRef = EAFC96C71BD21A1100B3593D /* Boardgames.png */; };
		EAFC97631BD21A1200B3593D /* Boardgames_active.png in Resources */ = {isa = PBXBuildFile; fileRef = EAFC96C81BD21A1100B3593D /* Boardgames_active.png */; };
		EAFC97641BD21A1200B3593D /* camera_icon.png in Resources */ = {isa = PBXBuildFile; fileRef = EAFC96C91BD21A1100B3593D /* camera_icon.png */; };
		EAFC97651BD21A1200B3593D /* cat.png in Resources */ = {isa = PBXBuildFile; fileRef = EAFC96CA1BD21A1100B3593D /* cat.png */; };
		EAFC97661BD21A1200B3593D /* cat_active.png in Resources */ = {isa = PBXBuildFile; fileRef = EAFC96CB1BD21A1100B3593D /* cat_active.png */; };
		EAFC97671BD21A1200B3593D /* cooking.png in Resources */ = {isa = PBXBuildFile; fileRef = EAFC96CC1BD21A1100B3593D /* cooking.png */; };
		EAFC97681BD21A1200B3593D /* cooking_active.png in Resources */ = {isa = PBXBuildFile; fileRef = EAFC96CD1BD21A1100B3593D /* cooking_active.png */; };
		EAFC97691BD21A1200B3593D /* dog.png in Resources */ = {isa = PBXBuildFile; fileRef = EAFC96CE1BD21A1100B3593D /* dog.png */; };
		EAFC976A1BD21A1200B3593D /* dog_active.png in Resources */ = {isa = PBXBuildFile; fileRef = EAFC96CF1BD21A1100B3593D /* dog_active.png */; };
		EAFC976B1BD21A1200B3593D /* fastfood.png in Resources */ = {isa = PBXBuildFile; fileRef = EAFC96D01BD21A1100B3593D /* fastfood.png */; };
		EAFC976C1BD21A1200B3593D /* fastfood_active.png in Resources */ = {isa = PBXBuildFile; fileRef = EAFC96D11BD21A1100B3593D /* fastfood_active.png */; };
		EAFC976D1BD21A1200B3593D /* finance.png in Resources */ = {isa = PBXBuildFile; fileRef = EAFC96D21BD21A1100B3593D /* finance.png */; };
		EAFC976E1BD21A1200B3593D /* finance_active.png in Resources */ = {isa = PBXBuildFile; fileRef = EAFC96D31BD21A1100B3593D /* finance_active.png */; };
		EAFC976F1BD21A1200B3593D /* fishing.png in Resources */ = {isa = PBXBuildFile; fileRef = EAFC96D41BD21A1100B3593D /* fishing.png */; };
		EAFC97701BD21A1200B3593D /* fishing_active.png in Resources */ = {isa = PBXBuildFile; fileRef = EAFC96D51BD21A1100B3593D /* fishing_active.png */; };
		EAFC97711BD21A1200B3593D /* food.png in Resources */ = {isa = PBXBuildFile; fileRef = EAFC96D61BD21A1100B3593D /* food.png */; };
		EAFC97721BD21A1200B3593D /* food_active.png in Resources */ = {isa = PBXBuildFile; fileRef = EAFC96D71BD21A1100B3593D /* food_active.png */; };
		EAFC97731BD21A1200B3593D /* game.png in Resources */ = {isa = PBXBuildFile; fileRef = EAFC96D81BD21A1100B3593D /* game.png */; };
		EAFC97741BD21A1200B3593D /* game_active.png in Resources */ = {isa = PBXBuildFile; fileRef = EAFC96D91BD21A1100B3593D /* game_active.png */; };
		EAFC97751BD21A1200B3593D /* gardening.png in Resources */ = {isa = PBXBuildFile; fileRef = EAFC96DA1BD21A1100B3593D /* gardening.png */; };
		EAFC97761BD21A1200B3593D /* gardening_active.png in Resources */ = {isa = PBXBuildFile; fileRef = EAFC96DB1BD21A1100B3593D /* gardening_active.png */; };
		EAFC97771BD21A1200B3593D /* golf.png in Resources */ = {isa = PBXBuildFile; fileRef = EAFC96DC1BD21A1100B3593D /* golf.png */; };
		EAFC97781BD21A1200B3593D /* golf_active.png in Resources */ = {isa = PBXBuildFile; fileRef = EAFC96DD1BD21A1100B3593D /* golf_active.png */; };
		EAFC97791BD21A1200B3593D /* guitar.png in Resources */ = {isa = PBXBuildFile; fileRef = EAFC96DE1BD21A1100B3593D /* guitar.png */; };
		EAFC977A1BD21A1200B3593D /* guitar_active.png in Resources */ = {isa = PBXBuildFile; fileRef = EAFC96DF1BD21A1100B3593D /* guitar_active.png */; };
		EAFC977B1BD21A1200B3593D /* italianfood.png in Resources */ = {isa = PBXBuildFile; fileRef = EAFC96E01BD21A1100B3593D /* italianfood.png */; };
		EAFC977C1BD21A1200B3593D /* italianfood_active.png in Resources */ = {isa = PBXBuildFile; fileRef = EAFC96E11BD21A1100B3593D /* italianfood_active.png */; };
		EAFC977D1BD21A1200B3593D /* japanesefood.png in Resources */ = {isa = PBXBuildFile; fileRef = EAFC96E21BD21A1100B3593D /* japanesefood.png */; };
		EAFC977E1BD21A1200B3593D /* japanesefood_active.png in Resources */ = {isa = PBXBuildFile; fileRef = EAFC96E31BD21A1100B3593D /* japanesefood_active.png */; };
		EAFC977F1BD21A1200B3593D /* paint.png in Resources */ = {isa = PBXBuildFile; fileRef = EAFC96E41BD21A1100B3593D /* paint.png */; };
		EAFC97801BD21A1200B3593D /* paint_active.png in Resources */ = {isa = PBXBuildFile; fileRef = EAFC96E51BD21A1100B3593D /* paint_active.png */; };
		EAFC97811BD21A1200B3593D /* photography.png in Resources */ = {isa = PBXBuildFile; fileRef = EAFC96E61BD21A1100B3593D /* photography.png */; };
		EAFC97821BD21A1200B3593D /* photography_active.png in Resources */ = {isa = PBXBuildFile; fileRef = EAFC96E71BD21A1100B3593D /* photography_active.png */; };
		EAFC97831BD21A1200B3593D /* piano.png in Resources */ = {isa = PBXBuildFile; fileRef = EAFC96E81BD21A1100B3593D /* piano.png */; };
		EAFC97841BD21A1200B3593D /* piano_active.png in Resources */ = {isa = PBXBuildFile; fileRef = EAFC96E91BD21A1100B3593D /* piano_active.png */; };
		EAFC97851BD21A1200B3593D /* radio.png in Resources */ = {isa = PBXBuildFile; fileRef = EAFC96EA1BD21A1100B3593D /* radio.png */; };
		EAFC97861BD21A1200B3593D /* shopping.png in Resources */ = {isa = PBXBuildFile; fileRef = EAFC96EB1BD21A1100B3593D /* shopping.png */; };
		EAFC97871BD21A1200B3593D /* shopping_active.png in Resources */ = {isa = PBXBuildFile; fileRef = EAFC96EC1BD21A1100B3593D /* shopping_active.png */; };
		EAFC97881BD21A1200B3593D /* soccer.png in Resources */ = {isa = PBXBuildFile; fileRef = EAFC96ED1BD21A1100B3593D /* soccer.png */; };
		EAFC97891BD21A1200B3593D /* soccer_active.png in Resources */ = {isa = PBXBuildFile; fileRef = EAFC96EE1BD21A1100B3593D /* soccer_active.png */; };
		EAFC978A1BD21A1200B3593D /* swimming.png in Resources */ = {isa = PBXBuildFile; fileRef = EAFC96EF1BD21A1100B3593D /* swimming.png */; };
		EAFC978B1BD21A1200B3593D /* swimming_active.png in Resources */ = {isa = PBXBuildFile; fileRef = EAFC96F01BD21A1100B3593D /* swimming_active.png */; };
		EAFC978C1BD21A1200B3593D /* sycling.png in Resources */ = {isa = PBXBuildFile; fileRef = EAFC96F11BD21A1100B3593D /* sycling.png */; };
		EAFC978D1BD21A1200B3593D /* sycling_active.png in Resources */ = {isa = PBXBuildFile; fileRef = EAFC96F21BD21A1200B3593D /* sycling_active.png */; };
		EAFC978E1BD21A1200B3593D /* tanning.png in Resources */ = {isa = PBXBuildFile; fileRef = EAFC96F31BD21A1200B3593D /* tanning.png */; };
		EAFC978F1BD21A1200B3593D /* tanning_active.png in Resources */ = {isa = PBXBuildFile; fileRef = EAFC96F41BD21A1200B3593D /* tanning_active.png */; };
		EAFC97901BD21A1200B3593D /* travell.png in Resources */ = {isa = PBXBuildFile; fileRef = EAFC96F51BD21A1200B3593D /* travell.png */; };
		EAFC97911BD21A1200B3593D /* travell_active.png in Resources */ = {isa = PBXBuildFile; fileRef = EAFC96F61BD21A1200B3593D /* travell_active.png */; };
		EAFC97921BD21A1200B3593D /* violin.png in Resources */ = {isa = PBXBuildFile; fileRef = EAFC96F71BD21A1200B3593D /* violin.png */; };
		EAFC97931BD21A1200B3593D /* violin_active.png in Resources */ = {isa = PBXBuildFile; fileRef = EAFC96F81BD21A1200B3593D /* violin_active.png */; };
		EAFC97971BD21CF800B3593D /* DSInterestAndHobbiesCollectionViewCell.m in Sources */ = {isa = PBXBuildFile; fileRef = EAFC97951BD21CF800B3593D /* DSInterestAndHobbiesCollectionViewCell.m */; };
		EAFC97981BD21CF800B3593D /* DSInterestAndHobbiesCollectionViewCell.xib in Resources */ = {isa = PBXBuildFile; fileRef = EAFC97961BD21CF800B3593D /* DSInterestAndHobbiesCollectionViewCell.xib */; };
/* End PBXBuildFile section */

/* Begin PBXFileReference section */
		065BAC4D1BC7A135005AF493 /* DoSomething.app */ = {isa = PBXFileReference; explicitFileType = wrapper.application; includeInIndex = 0; path = DoSomething.app; sourceTree = BUILT_PRODUCTS_DIR; };
		065BAC511BC7A135005AF493 /* main.m */ = {isa = PBXFileReference; lastKnownFileType = sourcecode.c.objc; path = main.m; sourceTree = "<group>"; };
		065BAC611BC7A135005AF493 /* Info.plist */ = {isa = PBXFileReference; lastKnownFileType = text.plist.xml; path = Info.plist; sourceTree = "<group>"; };
		511C73571BE3801100D3D61D /* ChatTableViewCell.h */ = {isa = PBXFileReference; fileEncoding = 4; lastKnownFileType = sourcecode.c.h; path = ChatTableViewCell.h; sourceTree = "<group>"; };
		511C73581BE3801100D3D61D /* ChatTableViewCell.m */ = {isa = PBXFileReference; fileEncoding = 4; lastKnownFileType = sourcecode.c.objc; path = ChatTableViewCell.m; sourceTree = "<group>"; };
		511C73591BE3801100D3D61D /* ChatTableViewCell.xib */ = {isa = PBXFileReference; fileEncoding = 4; lastKnownFileType = file.xib; path = ChatTableViewCell.xib; sourceTree = "<group>"; };
		511C735A1BE3801100D3D61D /* DSChatDetailViewController.h */ = {isa = PBXFileReference; fileEncoding = 4; lastKnownFileType = sourcecode.c.h; path = DSChatDetailViewController.h; sourceTree = "<group>"; };
		511C735B1BE3801100D3D61D /* DSChatDetailViewController.m */ = {isa = PBXFileReference; fileEncoding = 4; lastKnownFileType = sourcecode.c.objc; path = DSChatDetailViewController.m; sourceTree = "<group>"; };
		511C735C1BE3801100D3D61D /* DSChatDetailViewController.xib */ = {isa = PBXFileReference; fileEncoding = 4; lastKnownFileType = file.xib; path = DSChatDetailViewController.xib; sourceTree = "<group>"; };
		511C73611BE3804E00D3D61D /* DSChatsTableViewController.h */ = {isa = PBXFileReference; fileEncoding = 4; lastKnownFileType = sourcecode.c.h; path = DSChatsTableViewController.h; sourceTree = "<group>"; };
		511C73621BE3804E00D3D61D /* DSChatsTableViewController.m */ = {isa = PBXFileReference; fileEncoding = 4; lastKnownFileType = sourcecode.c.objc; path = DSChatsTableViewController.m; sourceTree = "<group>"; };
		511C73631BE3804E00D3D61D /* DSChatsTableViewController.xib */ = {isa = PBXFileReference; fileEncoding = 4; lastKnownFileType = file.xib; path = DSChatsTableViewController.xib; sourceTree = "<group>"; };
		51322A0D1BDFBEDB00418216 /* DSLocationViewController.h */ = {isa = PBXFileReference; fileEncoding = 4; lastKnownFileType = sourcecode.c.h; path = DSLocationViewController.h; sourceTree = "<group>"; };
		51322A0E1BDFBEDB00418216 /* DSLocationViewController.m */ = {isa = PBXFileReference; fileEncoding = 4; lastKnownFileType = sourcecode.c.objc; path = DSLocationViewController.m; sourceTree = "<group>"; };
		51322A0F1BDFBEDB00418216 /* DSLocationViewController.xib */ = {isa = PBXFileReference; fileEncoding = 4; lastKnownFileType = file.xib; path = DSLocationViewController.xib; sourceTree = "<group>"; };
		51322A101BDFBEDB00418216 /* LocationCollectionViewCell.h */ = {isa = PBXFileReference; fileEncoding = 4; lastKnownFileType = sourcecode.c.h; path = LocationCollectionViewCell.h; sourceTree = "<group>"; };
		51322A111BDFBEDB00418216 /* LocationCollectionViewCell.m */ = {isa = PBXFileReference; fileEncoding = 4; lastKnownFileType = sourcecode.c.objc; path = LocationCollectionViewCell.m; sourceTree = "<group>"; };
		51322A121BDFBEDB00418216 /* LocationCollectionViewCell.xib */ = {isa = PBXFileReference; fileEncoding = 4; lastKnownFileType = file.xib; path = LocationCollectionViewCell.xib; sourceTree = "<group>"; };
		51322A181BDFBFAA00418216 /* chaton.png */ = {isa = PBXFileReference; lastKnownFileType = image.png; path = chaton.png; sourceTree = "<group>"; };
		51322A191BDFBFAA00418216 /* chong.png */ = {isa = PBXFileReference; lastKnownFileType = image.png; path = chong.png; sourceTree = "<group>"; };
		51322A1A1BDFBFAA00418216 /* felicin.png */ = {isa = PBXFileReference; lastKnownFileType = image.png; path = felicin.png; sourceTree = "<group>"; };
		51322A1B1BDFBFAA00418216 /* Galglot.png */ = {isa = PBXFileReference; lastKnownFileType = image.png; path = Galglot.png; sourceTree = "<group>"; };
		51322A1C1BDFBFAA00418216 /* menu_icon.png */ = {isa = PBXFileReference; lastKnownFileType = image.png; path = menu_icon.png; sourceTree = "<group>"; };
		51322A1D1BDFBFAA00418216 /* request_send.png */ = {isa = PBXFileReference; lastKnownFileType = image.png; path = request_send.png; sourceTree = "<group>"; };
		51322A1E1BDFBFAA00418216 /* request_send1.png */ = {isa = PBXFileReference; lastKnownFileType = image.png; path = request_send1.png; sourceTree = "<group>"; };
		51322A1F1BDFBFAA00418216 /* taylor.png */ = {isa = PBXFileReference; lastKnownFileType = image.png; path = taylor.png; sourceTree = "<group>"; };
		51322A201BDFBFAA00418216 /* yuna.png */ = {isa = PBXFileReference; lastKnownFileType = image.png; path = yuna.png; sourceTree = "<group>"; };
		51322A211BDFBFAA00418216 /* zoe_tay.png */ = {isa = PBXFileReference; lastKnownFileType = image.png; path = zoe_tay.png; sourceTree = "<group>"; };
		51ED4E5F1BE08EDF0079E030 /* 18-Chats.png */ = {isa = PBXFileReference; lastKnownFileType = image.png; path = "18-Chats.png"; sourceTree = "<group>"; };
		51ED4E601BE08EDF0079E030 /* 12-Chats.png */ = {isa = PBXFileReference; lastKnownFileType = image.png; path = "12-Chats.png"; sourceTree = "<group>"; };
		51ED4E611BE08EDF0079E030 /* 19-ChatWindow.png */ = {isa = PBXFileReference; lastKnownFileType = image.png; path = "19-ChatWindow.png"; sourceTree = "<group>"; };
		51ED4E6A1BE0C5D50079E030 /* IBActionSheet.h */ = {isa = PBXFileReference; fileEncoding = 4; lastKnownFileType = sourcecode.c.h; path = IBActionSheet.h; sourceTree = "<group>"; };
		51ED4E6B1BE0C5D50079E030 /* IBActionSheet.m */ = {isa = PBXFileReference; fileEncoding = 4; lastKnownFileType = sourcecode.c.objc; path = IBActionSheet.m; sourceTree = "<group>"; };
		6A50C2191BCCBB8C002B11AC /* DSProfileTableViewCell.h */ = {isa = PBXFileReference; fileEncoding = 4; lastKnownFileType = sourcecode.c.h; path = DSProfileTableViewCell.h; sourceTree = "<group>"; };
		6A50C21A1BCCBB8C002B11AC /* DSProfileTableViewCell.m */ = {isa = PBXFileReference; fileEncoding = 4; lastKnownFileType = sourcecode.c.objc; path = DSProfileTableViewCell.m; sourceTree = "<group>"; };
		6A50C21B1BCCBB8C002B11AC /* DSProfileTableViewCell.xib */ = {isa = PBXFileReference; fileEncoding = 4; lastKnownFileType = file.xib; path = DSProfileTableViewCell.xib; sourceTree = "<group>"; };
		6A8D15D01BCC059B000F1FB4 /* DSProfileTableViewController.h */ = {isa = PBXFileReference; fileEncoding = 4; lastKnownFileType = sourcecode.c.h; path = DSProfileTableViewController.h; sourceTree = "<group>"; };
		6A8D15D11BCC059B000F1FB4 /* DSProfileTableViewController.m */ = {isa = PBXFileReference; fileEncoding = 4; lastKnownFileType = sourcecode.c.objc; path = DSProfileTableViewController.m; sourceTree = "<group>"; };
		6A8D15D21BCC059B000F1FB4 /* DSProfileTableViewController.xib */ = {isa = PBXFileReference; fileEncoding = 4; lastKnownFileType = file.xib; path = DSProfileTableViewController.xib; sourceTree = "<group>"; };
		C6D5F60B1BC7AF500050C1AE /* Launch Screen.xib */ = {isa = PBXFileReference; fileEncoding = 4; lastKnownFileType = file.xib; path = "Launch Screen.xib"; sourceTree = "<group>"; };
		C6D5F6131BC7B0970050C1AE /* AppDelegate.h */ = {isa = PBXFileReference; fileEncoding = 4; lastKnownFileType = sourcecode.c.h; path = AppDelegate.h; sourceTree = "<group>"; };
		C6D5F6141BC7B0970050C1AE /* AppDelegate.m */ = {isa = PBXFileReference; fileEncoding = 4; lastKnownFileType = sourcecode.c.objc; path = AppDelegate.m; sourceTree = "<group>"; };
		C6D5F61A1BC7B3E60050C1AE /* DSAppCommon.h */ = {isa = PBXFileReference; fileEncoding = 4; lastKnownFileType = sourcecode.c.h; name = DSAppCommon.h; path = ../AppCommon/DSAppCommon.h; sourceTree = "<group>"; };
		C6D5F61B1BC7B3E60050C1AE /* DSAppCommon.m */ = {isa = PBXFileReference; fileEncoding = 4; lastKnownFileType = sourcecode.c.objc; name = DSAppCommon.m; path = ../AppCommon/DSAppCommon.m; sourceTree = "<group>"; };
		C6D5F62C1BC7B52C0050C1AE /* FutworaPro-Regular.otf */ = {isa = PBXFileReference; lastKnownFileType = file; path = "FutworaPro-Regular.otf"; sourceTree = "<group>"; };
		C6D5F62D1BC7B52C0050C1AE /* Patron-Black.ttf */ = {isa = PBXFileReference; lastKnownFileType = file; path = "Patron-Black.ttf"; sourceTree = "<group>"; };
		C6D5F62E1BC7B52C0050C1AE /* Patron-BlackItalic.ttf */ = {isa = PBXFileReference; lastKnownFileType = file; path = "Patron-BlackItalic.ttf"; sourceTree = "<group>"; };
		C6D5F62F1BC7B52C0050C1AE /* Patron-Bold.ttf */ = {isa = PBXFileReference; lastKnownFileType = file; path = "Patron-Bold.ttf"; sourceTree = "<group>"; };
		C6D5F6301BC7B52C0050C1AE /* Patron-BoldItalic.ttf */ = {isa = PBXFileReference; lastKnownFileType = file; path = "Patron-BoldItalic.ttf"; sourceTree = "<group>"; };
		C6D5F6311BC7B52C0050C1AE /* Patron-ExtraLight.ttf */ = {isa = PBXFileReference; lastKnownFileType = file; path = "Patron-ExtraLight.ttf"; sourceTree = "<group>"; };
		C6D5F6321BC7B52C0050C1AE /* Patron-ExtraLightItalic.ttf */ = {isa = PBXFileReference; lastKnownFileType = file; path = "Patron-ExtraLightItalic.ttf"; sourceTree = "<group>"; };
		C6D5F6331BC7B52C0050C1AE /* Patron-Italic.ttf */ = {isa = PBXFileReference; lastKnownFileType = file; path = "Patron-Italic.ttf"; sourceTree = "<group>"; };
		C6D5F6341BC7B52C0050C1AE /* Patron-Medium.ttf */ = {isa = PBXFileReference; lastKnownFileType = file; path = "Patron-Medium.ttf"; sourceTree = "<group>"; };
		C6D5F6351BC7B52C0050C1AE /* Patron-MediumItalic.ttf */ = {isa = PBXFileReference; lastKnownFileType = file; path = "Patron-MediumItalic.ttf"; sourceTree = "<group>"; };
		C6D5F6361BC7B52C0050C1AE /* Patron-Regular.ttf */ = {isa = PBXFileReference; lastKnownFileType = file; path = "Patron-Regular.ttf"; sourceTree = "<group>"; };
		C6D5F6371BC7B52C0050C1AE /* Patron-Thin.ttf */ = {isa = PBXFileReference; lastKnownFileType = file; path = "Patron-Thin.ttf"; sourceTree = "<group>"; };
		C6D5F6381BC7B52C0050C1AE /* Patron-ThinItalic.ttf */ = {isa = PBXFileReference; lastKnownFileType = file; path = "Patron-ThinItalic.ttf"; sourceTree = "<group>"; };
		C6D5F6461BC7B6550050C1AE /* DSConfig.h */ = {isa = PBXFileReference; lastKnownFileType = sourcecode.c.h; path = DSConfig.h; sourceTree = "<group>"; };
		C6D5F67B1BC7EC440050C1AE /* Images.xcassets */ = {isa = PBXFileReference; lastKnownFileType = folder.assetcatalog; path = Images.xcassets; sourceTree = "<group>"; };
		EA784EFE1BE0950500863A6D /* DVSwitch.h */ = {isa = PBXFileReference; fileEncoding = 4; lastKnownFileType = sourcecode.c.h; path = DVSwitch.h; sourceTree = "<group>"; };
		EA784EFF1BE0950500863A6D /* DVSwitch.m */ = {isa = PBXFileReference; fileEncoding = 4; lastKnownFileType = sourcecode.c.objc; path = DVSwitch.m; sourceTree = "<group>"; };
		EACB22B81BC7C7F7002FAD54 /* DSLoginViewController.h */ = {isa = PBXFileReference; fileEncoding = 4; lastKnownFileType = sourcecode.c.h; path = DSLoginViewController.h; sourceTree = "<group>"; };
		EACB22B91BC7C7F7002FAD54 /* DSLoginViewController.m */ = {isa = PBXFileReference; fileEncoding = 4; lastKnownFileType = sourcecode.c.objc; path = DSLoginViewController.m; sourceTree = "<group>"; };
		EACB22BA1BC7C7F7002FAD54 /* DSLoginViewController.xib */ = {isa = PBXFileReference; fileEncoding = 4; lastKnownFileType = file.xib; path = DSLoginViewController.xib; sourceTree = "<group>"; };
		EADB94961BDF566C00512374 /* HomeCustomCell.h */ = {isa = PBXFileReference; fileEncoding = 4; lastKnownFileType = sourcecode.c.h; path = HomeCustomCell.h; sourceTree = "<group>"; };
		EADB94971BDF566C00512374 /* HomeCustomCell.m */ = {isa = PBXFileReference; fileEncoding = 4; lastKnownFileType = sourcecode.c.objc; path = HomeCustomCell.m; sourceTree = "<group>"; };
		EADB94981BDF566C00512374 /* HomeCustomCell.xib */ = {isa = PBXFileReference; fileEncoding = 4; lastKnownFileType = file.xib; path = HomeCustomCell.xib; sourceTree = "<group>"; };
		EADB94991BDF566C00512374 /* HomeViewController.h */ = {isa = PBXFileReference; fileEncoding = 4; lastKnownFileType = sourcecode.c.h; path = HomeViewController.h; sourceTree = "<group>"; };
		EADB949A1BDF566C00512374 /* HomeViewController.m */ = {isa = PBXFileReference; fileEncoding = 4; lastKnownFileType = sourcecode.c.objc; path = HomeViewController.m; sourceTree = "<group>"; };
		EADB949B1BDF566C00512374 /* HomeViewController.xib */ = {isa = PBXFileReference; fileEncoding = 4; lastKnownFileType = file.xib; path = HomeViewController.xib; sourceTree = "<group>"; };
		EAEF24FA1BCF9EF600F83E82 /* IQNSArray+Sort.h */ = {isa = PBXFileReference; fileEncoding = 4; lastKnownFileType = sourcecode.c.h; path = "IQNSArray+Sort.h"; sourceTree = "<group>"; };
		EAEF24FB1BCF9EF600F83E82 /* IQNSArray+Sort.m */ = {isa = PBXFileReference; fileEncoding = 4; lastKnownFileType = sourcecode.c.objc; path = "IQNSArray+Sort.m"; sourceTree = "<group>"; };
		EAEF24FC1BCF9EF600F83E82 /* IQUITextFieldView+Additions.h */ = {isa = PBXFileReference; fileEncoding = 4; lastKnownFileType = sourcecode.c.h; path = "IQUITextFieldView+Additions.h"; sourceTree = "<group>"; };
		EAEF24FD1BCF9EF600F83E82 /* IQUITextFieldView+Additions.m */ = {isa = PBXFileReference; fileEncoding = 4; lastKnownFileType = sourcecode.c.objc; path = "IQUITextFieldView+Additions.m"; sourceTree = "<group>"; };
		EAEF24FE1BCF9EF600F83E82 /* IQUIView+Hierarchy.h */ = {isa = PBXFileReference; fileEncoding = 4; lastKnownFileType = sourcecode.c.h; path = "IQUIView+Hierarchy.h"; sourceTree = "<group>"; };
		EAEF24FF1BCF9EF600F83E82 /* IQUIView+Hierarchy.m */ = {isa = PBXFileReference; fileEncoding = 4; lastKnownFileType = sourcecode.c.objc; path = "IQUIView+Hierarchy.m"; sourceTree = "<group>"; };
		EAEF25001BCF9EF600F83E82 /* IQUIViewController+Additions.h */ = {isa = PBXFileReference; fileEncoding = 4; lastKnownFileType = sourcecode.c.h; path = "IQUIViewController+Additions.h"; sourceTree = "<group>"; };
		EAEF25011BCF9EF600F83E82 /* IQUIViewController+Additions.m */ = {isa = PBXFileReference; fileEncoding = 4; lastKnownFileType = sourcecode.c.objc; path = "IQUIViewController+Additions.m"; sourceTree = "<group>"; };
		EAEF25021BCF9EF600F83E82 /* IQUIWindow+Hierarchy.h */ = {isa = PBXFileReference; fileEncoding = 4; lastKnownFileType = sourcecode.c.h; path = "IQUIWindow+Hierarchy.h"; sourceTree = "<group>"; };
		EAEF25031BCF9EF600F83E82 /* IQUIWindow+Hierarchy.m */ = {isa = PBXFileReference; fileEncoding = 4; lastKnownFileType = sourcecode.c.objc; path = "IQUIWindow+Hierarchy.m"; sourceTree = "<group>"; };
		EAEF25051BCF9EF600F83E82 /* IQKeyboardManagerConstants.h */ = {isa = PBXFileReference; fileEncoding = 4; lastKnownFileType = sourcecode.c.h; path = IQKeyboardManagerConstants.h; sourceTree = "<group>"; };
		EAEF25061BCF9EF600F83E82 /* IQKeyboardManagerConstantsInternal.h */ = {isa = PBXFileReference; fileEncoding = 4; lastKnownFileType = sourcecode.c.h; path = IQKeyboardManagerConstantsInternal.h; sourceTree = "<group>"; };
		EAEF25071BCF9EF600F83E82 /* IQKeyboardManager.h */ = {isa = PBXFileReference; fileEncoding = 4; lastKnownFileType = sourcecode.c.h; path = IQKeyboardManager.h; sourceTree = "<group>"; };
		EAEF25081BCF9EF600F83E82 /* IQKeyboardManager.m */ = {isa = PBXFileReference; fileEncoding = 4; lastKnownFileType = sourcecode.c.objc; path = IQKeyboardManager.m; sourceTree = "<group>"; };
		EAEF25091BCF9EF600F83E82 /* IQKeyboardReturnKeyHandler.h */ = {isa = PBXFileReference; fileEncoding = 4; lastKnownFileType = sourcecode.c.h; path = IQKeyboardReturnKeyHandler.h; sourceTree = "<group>"; };
		EAEF250A1BCF9EF600F83E82 /* IQKeyboardReturnKeyHandler.m */ = {isa = PBXFileReference; fileEncoding = 4; lastKnownFileType = sourcecode.c.objc; path = IQKeyboardReturnKeyHandler.m; sourceTree = "<group>"; };
		EAEF250C1BCF9EF600F83E82 /* IQSegmentedNextPrevious.h */ = {isa = PBXFileReference; fileEncoding = 4; lastKnownFileType = sourcecode.c.h; path = IQSegmentedNextPrevious.h; sourceTree = "<group>"; };
		EAEF250D1BCF9EF600F83E82 /* IQSegmentedNextPrevious.m */ = {isa = PBXFileReference; fileEncoding = 4; lastKnownFileType = sourcecode.c.objc; path = IQSegmentedNextPrevious.m; sourceTree = "<group>"; };
		EAEF250F1BCF9EF600F83E82 /* IQTextView.h */ = {isa = PBXFileReference; fileEncoding = 4; lastKnownFileType = sourcecode.c.h; path = IQTextView.h; sourceTree = "<group>"; };
		EAEF25101BCF9EF600F83E82 /* IQTextView.m */ = {isa = PBXFileReference; fileEncoding = 4; lastKnownFileType = sourcecode.c.objc; path = IQTextView.m; sourceTree = "<group>"; };
		EAEF25121BCF9EF600F83E82 /* IQBarButtonItem.h */ = {isa = PBXFileReference; fileEncoding = 4; lastKnownFileType = sourcecode.c.h; path = IQBarButtonItem.h; sourceTree = "<group>"; };
		EAEF25131BCF9EF600F83E82 /* IQBarButtonItem.m */ = {isa = PBXFileReference; fileEncoding = 4; lastKnownFileType = sourcecode.c.objc; path = IQBarButtonItem.m; sourceTree = "<group>"; };
		EAEF25141BCF9EF600F83E82 /* IQTitleBarButtonItem.h */ = {isa = PBXFileReference; fileEncoding = 4; lastKnownFileType = sourcecode.c.h; path = IQTitleBarButtonItem.h; sourceTree = "<group>"; };
		EAEF25151BCF9EF600F83E82 /* IQTitleBarButtonItem.m */ = {isa = PBXFileReference; fileEncoding = 4; lastKnownFileType = sourcecode.c.objc; path = IQTitleBarButtonItem.m; sourceTree = "<group>"; };
		EAEF25161BCF9EF600F83E82 /* IQToolbar.h */ = {isa = PBXFileReference; fileEncoding = 4; lastKnownFileType = sourcecode.c.h; path = IQToolbar.h; sourceTree = "<group>"; };
		EAEF25171BCF9EF600F83E82 /* IQToolbar.m */ = {isa = PBXFileReference; fileEncoding = 4; lastKnownFileType = sourcecode.c.objc; path = IQToolbar.m; sourceTree = "<group>"; };
		EAEF25181BCF9EF600F83E82 /* IQUIView+IQKeyboardToolbar.h */ = {isa = PBXFileReference; fileEncoding = 4; lastKnownFileType = sourcecode.c.h; path = "IQUIView+IQKeyboardToolbar.h"; sourceTree = "<group>"; };
		EAEF25191BCF9EF600F83E82 /* IQUIView+IQKeyboardToolbar.m */ = {isa = PBXFileReference; fileEncoding = 4; lastKnownFileType = sourcecode.c.objc; path = "IQUIView+IQKeyboardToolbar.m"; sourceTree = "<group>"; };
		EAEF251A1BCF9EF600F83E82 /* KeyboardManager.h */ = {isa = PBXFileReference; fileEncoding = 4; lastKnownFileType = sourcecode.c.h; path = KeyboardManager.h; sourceTree = "<group>"; };
		EAEF251C1BCF9EF600F83E82 /* IQKeyboardManager.bundle */ = {isa = PBXFileReference; lastKnownFileType = "wrapper.plug-in"; path = IQKeyboardManager.bundle; sourceTree = "<group>"; };
		EAEF25321BCFEBF400F83E82 /* CustomNavigationView.h */ = {isa = PBXFileReference; fileEncoding = 4; lastKnownFileType = sourcecode.c.h; path = CustomNavigationView.h; sourceTree = "<group>"; };
		EAEF25331BCFEBF400F83E82 /* CustomNavigationView.m */ = {isa = PBXFileReference; fileEncoding = 4; lastKnownFileType = sourcecode.c.objc; path = CustomNavigationView.m; sourceTree = "<group>"; };
		EAEF25341BCFEBF400F83E82 /* CustomNavigationView.xib */ = {isa = PBXFileReference; fileEncoding = 4; lastKnownFileType = file.xib; path = CustomNavigationView.xib; sourceTree = "<group>"; };
		EAF16E3F1BDE1EBE00E6E5CE /* Pluis_icon1.png */ = {isa = PBXFileReference; lastKnownFileType = image.png; path = Pluis_icon1.png; sourceTree = "<group>"; };
		EAF187181BDA352B004C25EA /* DAAutoScroll.h */ = {isa = PBXFileReference; fileEncoding = 4; lastKnownFileType = sourcecode.c.h; path = DAAutoScroll.h; sourceTree = "<group>"; };
		EAF187191BDA352B004C25EA /* DAAutoScroll.m */ = {isa = PBXFileReference; fileEncoding = 4; lastKnownFileType = sourcecode.c.objc; path = DAAutoScroll.m; sourceTree = "<group>"; };
		EAF1DC4E1BD8B2AF00D51354 /* DSHomeViewController.h */ = {isa = PBXFileReference; fileEncoding = 4; lastKnownFileType = sourcecode.c.h; path = DSHomeViewController.h; sourceTree = "<group>"; };
		EAF1DC4F1BD8B2AF00D51354 /* DSHomeViewController.m */ = {isa = PBXFileReference; fileEncoding = 4; lastKnownFileType = sourcecode.c.objc; path = DSHomeViewController.m; sourceTree = "<group>"; };
		EAF1DC501BD8B2AF00D51354 /* DSHomeViewController.xib */ = {isa = PBXFileReference; fileEncoding = 4; lastKnownFileType = file.xib; path = DSHomeViewController.xib; sourceTree = "<group>"; };
		EAFC96551BD20FD400B3593D /* DSInterestAndHobbiesViewController.h */ = {isa = PBXFileReference; fileEncoding = 4; lastKnownFileType = sourcecode.c.h; path = DSInterestAndHobbiesViewController.h; sourceTree = "<group>"; };
		EAFC96561BD20FD400B3593D /* DSInterestAndHobbiesViewController.m */ = {isa = PBXFileReference; fileEncoding = 4; lastKnownFileType = sourcecode.c.objc; path = DSInterestAndHobbiesViewController.m; sourceTree = "<group>"; };
		EAFC96571BD20FD400B3593D /* DSInterestAndHobbiesViewController.xib */ = {isa = PBXFileReference; fileEncoding = 4; lastKnownFileType = file.xib; path = DSInterestAndHobbiesViewController.xib; sourceTree = "<group>"; };
		EAFC96C51BD21A1100B3593D /* bbq.png */ = {isa = PBXFileReference; lastKnownFileType = image.png; path = bbq.png; sourceTree = "<group>"; };
		EAFC96C61BD21A1100B3593D /* bbq_active.png */ = {isa = PBXFileReference; lastKnownFileType = image.png; path = bbq_active.png; sourceTree = "<group>"; };
		EAFC96C71BD21A1100B3593D /* Boardgames.png */ = {isa = PBXFileReference; lastKnownFileType = image.png; path = Boardgames.png; sourceTree = "<group>"; };
		EAFC96C81BD21A1100B3593D /* Boardgames_active.png */ = {isa = PBXFileReference; lastKnownFileType = image.png; path = Boardgames_active.png; sourceTree = "<group>"; };
		EAFC96C91BD21A1100B3593D /* camera_icon.png */ = {isa = PBXFileReference; lastKnownFileType = image.png; path = camera_icon.png; sourceTree = "<group>"; };
		EAFC96CA1BD21A1100B3593D /* cat.png */ = {isa = PBXFileReference; lastKnownFileType = image.png; path = cat.png; sourceTree = "<group>"; };
		EAFC96CB1BD21A1100B3593D /* cat_active.png */ = {isa = PBXFileReference; lastKnownFileType = image.png; path = cat_active.png; sourceTree = "<group>"; };
		EAFC96CC1BD21A1100B3593D /* cooking.png */ = {isa = PBXFileReference; lastKnownFileType = image.png; path = cooking.png; sourceTree = "<group>"; };
		EAFC96CD1BD21A1100B3593D /* cooking_active.png */ = {isa = PBXFileReference; lastKnownFileType = image.png; path = cooking_active.png; sourceTree = "<group>"; };
		EAFC96CE1BD21A1100B3593D /* dog.png */ = {isa = PBXFileReference; lastKnownFileType = image.png; path = dog.png; sourceTree = "<group>"; };
		EAFC96CF1BD21A1100B3593D /* dog_active.png */ = {isa = PBXFileReference; lastKnownFileType = image.png; path = dog_active.png; sourceTree = "<group>"; };
		EAFC96D01BD21A1100B3593D /* fastfood.png */ = {isa = PBXFileReference; lastKnownFileType = image.png; path = fastfood.png; sourceTree = "<group>"; };
		EAFC96D11BD21A1100B3593D /* fastfood_active.png */ = {isa = PBXFileReference; lastKnownFileType = image.png; path = fastfood_active.png; sourceTree = "<group>"; };
		EAFC96D21BD21A1100B3593D /* finance.png */ = {isa = PBXFileReference; lastKnownFileType = image.png; path = finance.png; sourceTree = "<group>"; };
		EAFC96D31BD21A1100B3593D /* finance_active.png */ = {isa = PBXFileReference; lastKnownFileType = image.png; path = finance_active.png; sourceTree = "<group>"; };
		EAFC96D41BD21A1100B3593D /* fishing.png */ = {isa = PBXFileReference; lastKnownFileType = image.png; path = fishing.png; sourceTree = "<group>"; };
		EAFC96D51BD21A1100B3593D /* fishing_active.png */ = {isa = PBXFileReference; lastKnownFileType = image.png; path = fishing_active.png; sourceTree = "<group>"; };
		EAFC96D61BD21A1100B3593D /* food.png */ = {isa = PBXFileReference; lastKnownFileType = image.png; path = food.png; sourceTree = "<group>"; };
		EAFC96D71BD21A1100B3593D /* food_active.png */ = {isa = PBXFileReference; lastKnownFileType = image.png; path = food_active.png; sourceTree = "<group>"; };
		EAFC96D81BD21A1100B3593D /* game.png */ = {isa = PBXFileReference; lastKnownFileType = image.png; path = game.png; sourceTree = "<group>"; };
		EAFC96D91BD21A1100B3593D /* game_active.png */ = {isa = PBXFileReference; lastKnownFileType = image.png; path = game_active.png; sourceTree = "<group>"; };
		EAFC96DA1BD21A1100B3593D /* gardening.png */ = {isa = PBXFileReference; lastKnownFileType = image.png; path = gardening.png; sourceTree = "<group>"; };
		EAFC96DB1BD21A1100B3593D /* gardening_active.png */ = {isa = PBXFileReference; lastKnownFileType = image.png; path = gardening_active.png; sourceTree = "<group>"; };
		EAFC96DC1BD21A1100B3593D /* golf.png */ = {isa = PBXFileReference; lastKnownFileType = image.png; path = golf.png; sourceTree = "<group>"; };
		EAFC96DD1BD21A1100B3593D /* golf_active.png */ = {isa = PBXFileReference; lastKnownFileType = image.png; path = golf_active.png; sourceTree = "<group>"; };
		EAFC96DE1BD21A1100B3593D /* guitar.png */ = {isa = PBXFileReference; lastKnownFileType = image.png; path = guitar.png; sourceTree = "<group>"; };
		EAFC96DF1BD21A1100B3593D /* guitar_active.png */ = {isa = PBXFileReference; lastKnownFileType = image.png; path = guitar_active.png; sourceTree = "<group>"; };
		EAFC96E01BD21A1100B3593D /* italianfood.png */ = {isa = PBXFileReference; lastKnownFileType = image.png; path = italianfood.png; sourceTree = "<group>"; };
		EAFC96E11BD21A1100B3593D /* italianfood_active.png */ = {isa = PBXFileReference; lastKnownFileType = image.png; path = italianfood_active.png; sourceTree = "<group>"; };
		EAFC96E21BD21A1100B3593D /* japanesefood.png */ = {isa = PBXFileReference; lastKnownFileType = image.png; path = japanesefood.png; sourceTree = "<group>"; };
		EAFC96E31BD21A1100B3593D /* japanesefood_active.png */ = {isa = PBXFileReference; lastKnownFileType = image.png; path = japanesefood_active.png; sourceTree = "<group>"; };
		EAFC96E41BD21A1100B3593D /* paint.png */ = {isa = PBXFileReference; lastKnownFileType = image.png; path = paint.png; sourceTree = "<group>"; };
		EAFC96E51BD21A1100B3593D /* paint_active.png */ = {isa = PBXFileReference; lastKnownFileType = image.png; path = paint_active.png; sourceTree = "<group>"; };
		EAFC96E61BD21A1100B3593D /* photography.png */ = {isa = PBXFileReference; lastKnownFileType = image.png; path = photography.png; sourceTree = "<group>"; };
		EAFC96E71BD21A1100B3593D /* photography_active.png */ = {isa = PBXFileReference; lastKnownFileType = image.png; path = photography_active.png; sourceTree = "<group>"; };
		EAFC96E81BD21A1100B3593D /* piano.png */ = {isa = PBXFileReference; lastKnownFileType = image.png; path = piano.png; sourceTree = "<group>"; };
		EAFC96E91BD21A1100B3593D /* piano_active.png */ = {isa = PBXFileReference; lastKnownFileType = image.png; path = piano_active.png; sourceTree = "<group>"; };
		EAFC96EA1BD21A1100B3593D /* radio.png */ = {isa = PBXFileReference; lastKnownFileType = image.png; path = radio.png; sourceTree = "<group>"; };
		EAFC96EB1BD21A1100B3593D /* shopping.png */ = {isa = PBXFileReference; lastKnownFileType = image.png; path = shopping.png; sourceTree = "<group>"; };
		EAFC96EC1BD21A1100B3593D /* shopping_active.png */ = {isa = PBXFileReference; lastKnownFileType = image.png; path = shopping_active.png; sourceTree = "<group>"; };
		EAFC96ED1BD21A1100B3593D /* soccer.png */ = {isa = PBXFileReference; lastKnownFileType = image.png; path = soccer.png; sourceTree = "<group>"; };
		EAFC96EE1BD21A1100B3593D /* soccer_active.png */ = {isa = PBXFileReference; lastKnownFileType = image.png; path = soccer_active.png; sourceTree = "<group>"; };
		EAFC96EF1BD21A1100B3593D /* swimming.png */ = {isa = PBXFileReference; lastKnownFileType = image.png; path = swimming.png; sourceTree = "<group>"; };
		EAFC96F01BD21A1100B3593D /* swimming_active.png */ = {isa = PBXFileReference; lastKnownFileType = image.png; path = swimming_active.png; sourceTree = "<group>"; };
		EAFC96F11BD21A1100B3593D /* sycling.png */ = {isa = PBXFileReference; lastKnownFileType = image.png; path = sycling.png; sourceTree = "<group>"; };
		EAFC96F21BD21A1200B3593D /* sycling_active.png */ = {isa = PBXFileReference; lastKnownFileType = image.png; path = sycling_active.png; sourceTree = "<group>"; };
		EAFC96F31BD21A1200B3593D /* tanning.png */ = {isa = PBXFileReference; lastKnownFileType = image.png; path = tanning.png; sourceTree = "<group>"; };
		EAFC96F41BD21A1200B3593D /* tanning_active.png */ = {isa = PBXFileReference; lastKnownFileType = image.png; path = tanning_active.png; sourceTree = "<group>"; };
		EAFC96F51BD21A1200B3593D /* travell.png */ = {isa = PBXFileReference; lastKnownFileType = image.png; path = travell.png; sourceTree = "<group>"; };
		EAFC96F61BD21A1200B3593D /* travell_active.png */ = {isa = PBXFileReference; lastKnownFileType = image.png; path = travell_active.png; sourceTree = "<group>"; };
		EAFC96F71BD21A1200B3593D /* violin.png */ = {isa = PBXFileReference; lastKnownFileType = image.png; path = violin.png; sourceTree = "<group>"; };
		EAFC96F81BD21A1200B3593D /* violin_active.png */ = {isa = PBXFileReference; lastKnownFileType = image.png; path = violin_active.png; sourceTree = "<group>"; };
		EAFC97941BD21CF800B3593D /* DSInterestAndHobbiesCollectionViewCell.h */ = {isa = PBXFileReference; fileEncoding = 4; lastKnownFileType = sourcecode.c.h; path = DSInterestAndHobbiesCollectionViewCell.h; sourceTree = "<group>"; };
		EAFC97951BD21CF800B3593D /* DSInterestAndHobbiesCollectionViewCell.m */ = {isa = PBXFileReference; fileEncoding = 4; lastKnownFileType = sourcecode.c.objc; path = DSInterestAndHobbiesCollectionViewCell.m; sourceTree = "<group>"; };
		EAFC97961BD21CF800B3593D /* DSInterestAndHobbiesCollectionViewCell.xib */ = {isa = PBXFileReference; fileEncoding = 4; lastKnownFileType = file.xib; path = DSInterestAndHobbiesCollectionViewCell.xib; sourceTree = "<group>"; };
/* End PBXFileReference section */

/* Begin PBXFrameworksBuildPhase section */
		065BAC4A1BC7A135005AF493 /* Frameworks */ = {
			isa = PBXFrameworksBuildPhase;
			buildActionMask = 2147483647;
			files = (
			);
			runOnlyForDeploymentPostprocessing = 0;
		};
/* End PBXFrameworksBuildPhase section */

/* Begin PBXGroup section */
		065BAC441BC7A134005AF493 = {
			isa = PBXGroup;
			children = (
				065BAC4F1BC7A135005AF493 /* DoSomething */,
				065BAC4E1BC7A135005AF493 /* Products */,
			);
			sourceTree = "<group>";
		};
		065BAC4E1BC7A135005AF493 /* Products */ = {
			isa = PBXGroup;
			children = (
				065BAC4D1BC7A135005AF493 /* DoSomething.app */,
			);
			name = Products;
			sourceTree = "<group>";
		};
		065BAC4F1BC7A135005AF493 /* DoSomething */ = {
			isa = PBXGroup;
			children = (
				C6D5F6081BC7A4340050C1AE /* Common */,
				C6D5F60A1BC7A4560050C1AE /* ViewController */,
				C6D5F60B1BC7AF500050C1AE /* Launch Screen.xib */,
				065BAC501BC7A135005AF493 /* Supporting Files */,
			);
			path = DoSomething;
			sourceTree = "<group>";
		};
		065BAC501BC7A135005AF493 /* Supporting Files */ = {
			isa = PBXGroup;
			children = (
				C6D5F67B1BC7EC440050C1AE /* Images.xcassets */,
				EAFC96C41BD21A1100B3593D /* Hobbies  */,
				C6D5F62B1BC7B52C0050C1AE /* Fonts */,
				065BAC611BC7A135005AF493 /* Info.plist */,
				065BAC511BC7A135005AF493 /* main.m */,
			);
			name = "Supporting Files";
			sourceTree = "<group>";
		};
		513229FD1BDF944E00418216 /* ChatCells */ = {
			isa = PBXGroup;
			children = (
				51ED4E5E1BE08BD50079E030 /* Images */,
				511C73571BE3801100D3D61D /* ChatTableViewCell.h */,
				511C73581BE3801100D3D61D /* ChatTableViewCell.m */,
				511C73591BE3801100D3D61D /* ChatTableViewCell.xib */,
				511C735A1BE3801100D3D61D /* DSChatDetailViewController.h */,
				511C735B1BE3801100D3D61D /* DSChatDetailViewController.m */,
				511C735C1BE3801100D3D61D /* DSChatDetailViewController.xib */,
			);
			name = ChatCells;
			sourceTree = "<group>";
		};
		51322A0C1BDFA5EE00418216 /* LocationView */ = {
			isa = PBXGroup;
			children = (
				51322A171BDFBF8E00418216 /* Images */,
				51322A0D1BDFBEDB00418216 /* DSLocationViewController.h */,
				51322A0E1BDFBEDB00418216 /* DSLocationViewController.m */,
				51322A0F1BDFBEDB00418216 /* DSLocationViewController.xib */,
				51322A101BDFBEDB00418216 /* LocationCollectionViewCell.h */,
				51322A111BDFBEDB00418216 /* LocationCollectionViewCell.m */,
				51322A121BDFBEDB00418216 /* LocationCollectionViewCell.xib */,
			);
			name = LocationView;
			path = ViewController/Chats;
			sourceTree = "<group>";
		};
		51322A171BDFBF8E00418216 /* Images */ = {
			isa = PBXGroup;
			children = (
				51322A181BDFBFAA00418216 /* chaton.png */,
				51322A191BDFBFAA00418216 /* chong.png */,
				51322A1A1BDFBFAA00418216 /* felicin.png */,
				51322A1B1BDFBFAA00418216 /* Galglot.png */,
				51322A1C1BDFBFAA00418216 /* menu_icon.png */,
				51322A1D1BDFBFAA00418216 /* request_send.png */,
				51322A1E1BDFBFAA00418216 /* request_send1.png */,
				51322A1F1BDFBFAA00418216 /* taylor.png */,
				51322A201BDFBFAA00418216 /* yuna.png */,
				51322A211BDFBFAA00418216 /* zoe_tay.png */,
			);
			name = Images;
			sourceTree = "<group>";
		};
		51ED4E5E1BE08BD50079E030 /* Images */ = {
			isa = PBXGroup;
			children = (
				51ED4E5F1BE08EDF0079E030 /* 18-Chats.png */,
				51ED4E601BE08EDF0079E030 /* 12-Chats.png */,
				51ED4E611BE08EDF0079E030 /* 19-ChatWindow.png */,
			);
			name = Images;
			sourceTree = "<group>";
		};
		51ED4E691BE0C5D50079E030 /* IBActionSheet */ = {
			isa = PBXGroup;
			children = (
				51ED4E6A1BE0C5D50079E030 /* IBActionSheet.h */,
				51ED4E6B1BE0C5D50079E030 /* IBActionSheet.m */,
			);
			name = IBActionSheet;
			path = Common/IBActionSheet;
			sourceTree = "<group>";
		};
		6A50C2231BCCC310002B11AC /* Chats */ = {
			isa = PBXGroup;
			children = (
				513229FD1BDF944E00418216 /* ChatCells */,
				511C73611BE3804E00D3D61D /* DSChatsTableViewController.h */,
				511C73621BE3804E00D3D61D /* DSChatsTableViewController.m */,
				511C73631BE3804E00D3D61D /* DSChatsTableViewController.xib */,
			);
			name = Chats;
			path = ViewController/Chats;
			sourceTree = "<group>";
		};
		6A8D15CF1BCC059B000F1FB4 /* Profile */ = {
			isa = PBXGroup;
			children = (
				6A8D15D01BCC059B000F1FB4 /* DSProfileTableViewController.h */,
				6A8D15D11BCC059B000F1FB4 /* DSProfileTableViewController.m */,
				6A8D15D21BCC059B000F1FB4 /* DSProfileTableViewController.xib */,
				6A50C2191BCCBB8C002B11AC /* DSProfileTableViewCell.h */,
				6A50C21A1BCCBB8C002B11AC /* DSProfileTableViewCell.m */,
				6A50C21B1BCCBB8C002B11AC /* DSProfileTableViewCell.xib */,
			);
			name = Profile;
			path = ViewController/Profile;
			sourceTree = "<group>";
		};
		C6D5F6081BC7A4340050C1AE /* Common */ = {
			isa = PBXGroup;
			children = (
				EA784EFD1BE0950500863A6D /* Switcher */,
				EAF187171BDA352B004C25EA /* DAAutoScroll */,
				EAEF25311BCFEBF400F83E82 /* CustomNavigation */,
				EAEF24F81BCF9EF600F83E82 /* IQKeyBoardManager */,
				C6D5F6471BC7BB540050C1AE /* AppCommon */,
				51ED4E691BE0C5D50079E030 /* IBActionSheet */,
				C6D5F6121BC7B0970050C1AE /* AppDelegate */,
				C6D5F6461BC7B6550050C1AE /* DSConfig.h */,
			);
			name = Common;
			sourceTree = "<group>";
		};
		C6D5F60A1BC7A4560050C1AE /* ViewController */ = {
			isa = PBXGroup;
			children = (
				EADB94941BDF566C00512374 /* DosomethingView */,
				EAF1DC4D1BD8B2AF00D51354 /* HomeView */,
				EACB22B71BC7C7F7002FAD54 /* Login */,
				6A8D15CF1BCC059B000F1FB4 /* Profile */,
				EAFC96541BD20FD400B3593D /* Hobbies */,
				6A50C2231BCCC310002B11AC /* Chats */,
				51322A0C1BDFA5EE00418216 /* LocationView */,
			);
			name = ViewController;
			sourceTree = "<group>";
		};
		C6D5F6121BC7B0970050C1AE /* AppDelegate */ = {
			isa = PBXGroup;
			children = (
				C6D5F6131BC7B0970050C1AE /* AppDelegate.h */,
				C6D5F6141BC7B0970050C1AE /* AppDelegate.m */,
			);
			name = AppDelegate;
			path = Common/AppDelegate;
			sourceTree = "<group>";
		};
		C6D5F62B1BC7B52C0050C1AE /* Fonts */ = {
			isa = PBXGroup;
			children = (
				C6D5F62C1BC7B52C0050C1AE /* FutworaPro-Regular.otf */,
				C6D5F62D1BC7B52C0050C1AE /* Patron-Black.ttf */,
				C6D5F62E1BC7B52C0050C1AE /* Patron-BlackItalic.ttf */,
				C6D5F62F1BC7B52C0050C1AE /* Patron-Bold.ttf */,
				C6D5F6301BC7B52C0050C1AE /* Patron-BoldItalic.ttf */,
				C6D5F6311BC7B52C0050C1AE /* Patron-ExtraLight.ttf */,
				C6D5F6321BC7B52C0050C1AE /* Patron-ExtraLightItalic.ttf */,
				C6D5F6331BC7B52C0050C1AE /* Patron-Italic.ttf */,
				C6D5F6341BC7B52C0050C1AE /* Patron-Medium.ttf */,
				C6D5F6351BC7B52C0050C1AE /* Patron-MediumItalic.ttf */,
				C6D5F6361BC7B52C0050C1AE /* Patron-Regular.ttf */,
				C6D5F6371BC7B52C0050C1AE /* Patron-Thin.ttf */,
				C6D5F6381BC7B52C0050C1AE /* Patron-ThinItalic.ttf */,
			);
			path = Fonts;
			sourceTree = "<group>";
		};
		C6D5F6471BC7BB540050C1AE /* AppCommon */ = {
			isa = PBXGroup;
			children = (
				C6D5F61A1BC7B3E60050C1AE /* DSAppCommon.h */,
				C6D5F61B1BC7B3E60050C1AE /* DSAppCommon.m */,
			);
			name = AppCommon;
			path = Common/AppDelegate;
			sourceTree = "<group>";
		};
		EA784EFD1BE0950500863A6D /* Switcher */ = {
			isa = PBXGroup;
			children = (
				EA784EFE1BE0950500863A6D /* DVSwitch.h */,
				EA784EFF1BE0950500863A6D /* DVSwitch.m */,
			);
			name = Switcher;
			path = Common/Switcher;
			sourceTree = "<group>";
		};
		EACB22B71BC7C7F7002FAD54 /* Login */ = {
			isa = PBXGroup;
			children = (
				EACB22B81BC7C7F7002FAD54 /* DSLoginViewController.h */,
				EACB22B91BC7C7F7002FAD54 /* DSLoginViewController.m */,
				EACB22BA1BC7C7F7002FAD54 /* DSLoginViewController.xib */,
			);
			name = Login;
			path = ViewController/Login;
			sourceTree = "<group>";
		};
		EADB94941BDF566C00512374 /* DosomethingView */ = {
			isa = PBXGroup;
			children = (
				EADB94951BDF566C00512374 /* HomeCustomCell */,
				EADB94991BDF566C00512374 /* HomeViewController.h */,
				EADB949A1BDF566C00512374 /* HomeViewController.m */,
				EADB949B1BDF566C00512374 /* HomeViewController.xib */,
			);
			name = DosomethingView;
			path = ViewController/DosomethingView;
			sourceTree = "<group>";
		};
		EADB94951BDF566C00512374 /* HomeCustomCell */ = {
			isa = PBXGroup;
			children = (
				EADB94961BDF566C00512374 /* HomeCustomCell.h */,
				EADB94971BDF566C00512374 /* HomeCustomCell.m */,
				EADB94981BDF566C00512374 /* HomeCustomCell.xib */,
			);
			path = HomeCustomCell;
			sourceTree = "<group>";
		};
		EAEF24F81BCF9EF600F83E82 /* IQKeyBoardManager */ = {
			isa = PBXGroup;
			children = (
				EAEF24F91BCF9EF600F83E82 /* Categories */,
				EAEF25041BCF9EF600F83E82 /* Constants */,
				EAEF25071BCF9EF600F83E82 /* IQKeyboardManager.h */,
				EAEF25081BCF9EF600F83E82 /* IQKeyboardManager.m */,
				EAEF25091BCF9EF600F83E82 /* IQKeyboardReturnKeyHandler.h */,
				EAEF250A1BCF9EF600F83E82 /* IQKeyboardReturnKeyHandler.m */,
				EAEF250B1BCF9EF600F83E82 /* IQSegmentedNextPrevious */,
				EAEF250E1BCF9EF600F83E82 /* IQTextView */,
				EAEF25111BCF9EF600F83E82 /* IQToolbar */,
				EAEF251A1BCF9EF600F83E82 /* KeyboardManager.h */,
				EAEF251B1BCF9EF600F83E82 /* Resources */,
			);
			name = IQKeyBoardManager;
			path = Common/IQKeyBoardManager;
			sourceTree = "<group>";
		};
		EAEF24F91BCF9EF600F83E82 /* Categories */ = {
			isa = PBXGroup;
			children = (
				EAEF24FA1BCF9EF600F83E82 /* IQNSArray+Sort.h */,
				EAEF24FB1BCF9EF600F83E82 /* IQNSArray+Sort.m */,
				EAEF24FC1BCF9EF600F83E82 /* IQUITextFieldView+Additions.h */,
				EAEF24FD1BCF9EF600F83E82 /* IQUITextFieldView+Additions.m */,
				EAEF24FE1BCF9EF600F83E82 /* IQUIView+Hierarchy.h */,
				EAEF24FF1BCF9EF600F83E82 /* IQUIView+Hierarchy.m */,
				EAEF25001BCF9EF600F83E82 /* IQUIViewController+Additions.h */,
				EAEF25011BCF9EF600F83E82 /* IQUIViewController+Additions.m */,
				EAEF25021BCF9EF600F83E82 /* IQUIWindow+Hierarchy.h */,
				EAEF25031BCF9EF600F83E82 /* IQUIWindow+Hierarchy.m */,
			);
			path = Categories;
			sourceTree = "<group>";
		};
		EAEF25041BCF9EF600F83E82 /* Constants */ = {
			isa = PBXGroup;
			children = (
				EAEF25051BCF9EF600F83E82 /* IQKeyboardManagerConstants.h */,
				EAEF25061BCF9EF600F83E82 /* IQKeyboardManagerConstantsInternal.h */,
			);
			path = Constants;
			sourceTree = "<group>";
		};
		EAEF250B1BCF9EF600F83E82 /* IQSegmentedNextPrevious */ = {
			isa = PBXGroup;
			children = (
				EAEF250C1BCF9EF600F83E82 /* IQSegmentedNextPrevious.h */,
				EAEF250D1BCF9EF600F83E82 /* IQSegmentedNextPrevious.m */,
			);
			path = IQSegmentedNextPrevious;
			sourceTree = "<group>";
		};
		EAEF250E1BCF9EF600F83E82 /* IQTextView */ = {
			isa = PBXGroup;
			children = (
				EAEF250F1BCF9EF600F83E82 /* IQTextView.h */,
				EAEF25101BCF9EF600F83E82 /* IQTextView.m */,
			);
			path = IQTextView;
			sourceTree = "<group>";
		};
		EAEF25111BCF9EF600F83E82 /* IQToolbar */ = {
			isa = PBXGroup;
			children = (
				EAEF25121BCF9EF600F83E82 /* IQBarButtonItem.h */,
				EAEF25131BCF9EF600F83E82 /* IQBarButtonItem.m */,
				EAEF25141BCF9EF600F83E82 /* IQTitleBarButtonItem.h */,
				EAEF25151BCF9EF600F83E82 /* IQTitleBarButtonItem.m */,
				EAEF25161BCF9EF600F83E82 /* IQToolbar.h */,
				EAEF25171BCF9EF600F83E82 /* IQToolbar.m */,
				EAEF25181BCF9EF600F83E82 /* IQUIView+IQKeyboardToolbar.h */,
				EAEF25191BCF9EF600F83E82 /* IQUIView+IQKeyboardToolbar.m */,
			);
			path = IQToolbar;
			sourceTree = "<group>";
		};
		EAEF251B1BCF9EF600F83E82 /* Resources */ = {
			isa = PBXGroup;
			children = (
				EAEF251C1BCF9EF600F83E82 /* IQKeyboardManager.bundle */,
			);
			path = Resources;
			sourceTree = "<group>";
		};
		EAEF25311BCFEBF400F83E82 /* CustomNavigation */ = {
			isa = PBXGroup;
			children = (
				EAEF25321BCFEBF400F83E82 /* CustomNavigationView.h */,
				EAEF25331BCFEBF400F83E82 /* CustomNavigationView.m */,
				EAEF25341BCFEBF400F83E82 /* CustomNavigationView.xib */,
			);
			name = CustomNavigation;
			path = Common/CustomNavigation;
			sourceTree = "<group>";
		};
		EAF187171BDA352B004C25EA /* DAAutoScroll */ = {
			isa = PBXGroup;
			children = (
				EAF187181BDA352B004C25EA /* DAAutoScroll.h */,
				EAF187191BDA352B004C25EA /* DAAutoScroll.m */,
			);
			name = DAAutoScroll;
			path = Common/DAAutoScroll;
			sourceTree = "<group>";
		};
		EAF1DC4D1BD8B2AF00D51354 /* HomeView */ = {
			isa = PBXGroup;
			children = (
				EAF1DC4E1BD8B2AF00D51354 /* DSHomeViewController.h */,
				EAF1DC4F1BD8B2AF00D51354 /* DSHomeViewController.m */,
				EAF1DC501BD8B2AF00D51354 /* DSHomeViewController.xib */,
			);
			name = HomeView;
			path = ViewController/HomeView;
			sourceTree = "<group>";
		};
		EAFC96541BD20FD400B3593D /* Hobbies */ = {
			isa = PBXGroup;
			children = (
				EAFC96551BD20FD400B3593D /* DSInterestAndHobbiesViewController.h */,
				EAFC96561BD20FD400B3593D /* DSInterestAndHobbiesViewController.m */,
				EAFC96571BD20FD400B3593D /* DSInterestAndHobbiesViewController.xib */,
				EAFC97941BD21CF800B3593D /* DSInterestAndHobbiesCollectionViewCell.h */,
				EAFC97951BD21CF800B3593D /* DSInterestAndHobbiesCollectionViewCell.m */,
				EAFC97961BD21CF800B3593D /* DSInterestAndHobbiesCollectionViewCell.xib */,
			);
			name = Hobbies;
			path = "ViewController/Interest And Hobbies";
			sourceTree = "<group>";
		};
		EAFC96C41BD21A1100B3593D /* Hobbies  */ = {
			isa = PBXGroup;
			children = (
				EAF16E3F1BDE1EBE00E6E5CE /* Pluis_icon1.png */,
				EAFC96C51BD21A1100B3593D /* bbq.png */,
				EAFC96C61BD21A1100B3593D /* bbq_active.png */,
				EAFC96C71BD21A1100B3593D /* Boardgames.png */,
				EAFC96C81BD21A1100B3593D /* Boardgames_active.png */,
				EAFC96C91BD21A1100B3593D /* camera_icon.png */,
				EAFC96CA1BD21A1100B3593D /* cat.png */,
				EAFC96CB1BD21A1100B3593D /* cat_active.png */,
				EAFC96CC1BD21A1100B3593D /* cooking.png */,
				EAFC96CD1BD21A1100B3593D /* cooking_active.png */,
				EAFC96CE1BD21A1100B3593D /* dog.png */,
				EAFC96CF1BD21A1100B3593D /* dog_active.png */,
				EAFC96D01BD21A1100B3593D /* fastfood.png */,
				EAFC96D11BD21A1100B3593D /* fastfood_active.png */,
				EAFC96D21BD21A1100B3593D /* finance.png */,
				EAFC96D31BD21A1100B3593D /* finance_active.png */,
				EAFC96D41BD21A1100B3593D /* fishing.png */,
				EAFC96D51BD21A1100B3593D /* fishing_active.png */,
				EAFC96D61BD21A1100B3593D /* food.png */,
				EAFC96D71BD21A1100B3593D /* food_active.png */,
				EAFC96D81BD21A1100B3593D /* game.png */,
				EAFC96D91BD21A1100B3593D /* game_active.png */,
				EAFC96DA1BD21A1100B3593D /* gardening.png */,
				EAFC96DB1BD21A1100B3593D /* gardening_active.png */,
				EAFC96DC1BD21A1100B3593D /* golf.png */,
				EAFC96DD1BD21A1100B3593D /* golf_active.png */,
				EAFC96DE1BD21A1100B3593D /* guitar.png */,
				EAFC96DF1BD21A1100B3593D /* guitar_active.png */,
				EAFC96E01BD21A1100B3593D /* italianfood.png */,
				EAFC96E11BD21A1100B3593D /* italianfood_active.png */,
				EAFC96E21BD21A1100B3593D /* japanesefood.png */,
				EAFC96E31BD21A1100B3593D /* japanesefood_active.png */,
				EAFC96E41BD21A1100B3593D /* paint.png */,
				EAFC96E51BD21A1100B3593D /* paint_active.png */,
				EAFC96E61BD21A1100B3593D /* photography.png */,
				EAFC96E71BD21A1100B3593D /* photography_active.png */,
				EAFC96E81BD21A1100B3593D /* piano.png */,
				EAFC96E91BD21A1100B3593D /* piano_active.png */,
				EAFC96EA1BD21A1100B3593D /* radio.png */,
				EAFC96EB1BD21A1100B3593D /* shopping.png */,
				EAFC96EC1BD21A1100B3593D /* shopping_active.png */,
				EAFC96ED1BD21A1100B3593D /* soccer.png */,
				EAFC96EE1BD21A1100B3593D /* soccer_active.png */,
				EAFC96EF1BD21A1100B3593D /* swimming.png */,
				EAFC96F01BD21A1100B3593D /* swimming_active.png */,
				EAFC96F11BD21A1100B3593D /* sycling.png */,
				EAFC96F21BD21A1200B3593D /* sycling_active.png */,
				EAFC96F31BD21A1200B3593D /* tanning.png */,
				EAFC96F41BD21A1200B3593D /* tanning_active.png */,
				EAFC96F51BD21A1200B3593D /* travell.png */,
				EAFC96F61BD21A1200B3593D /* travell_active.png */,
				EAFC96F71BD21A1200B3593D /* violin.png */,
				EAFC96F81BD21A1200B3593D /* violin_active.png */,
			);
			name = "Hobbies ";
			path = "Interest And Hobbies Images/@3x";
			sourceTree = "<group>";
		};
/* End PBXGroup section */

/* Begin PBXNativeTarget section */
		065BAC4C1BC7A135005AF493 /* DoSomething */ = {
			isa = PBXNativeTarget;
			buildConfigurationList = 065BAC641BC7A135005AF493 /* Build configuration list for PBXNativeTarget "DoSomething" */;
			buildPhases = (
				065BAC491BC7A135005AF493 /* Sources */,
				065BAC4A1BC7A135005AF493 /* Frameworks */,
				065BAC4B1BC7A135005AF493 /* Resources */,
			);
			buildRules = (
			);
			dependencies = (
			);
			name = DoSomething;
			productName = DoSomething;
			productReference = 065BAC4D1BC7A135005AF493 /* DoSomething.app */;
			productType = "com.apple.product-type.application";
		};
/* End PBXNativeTarget section */

/* Begin PBXProject section */
		065BAC451BC7A134005AF493 /* Project object */ = {
			isa = PBXProject;
			attributes = {
				LastUpgradeCheck = 0700;
				ORGANIZATIONNAME = "OClock Apps";
				TargetAttributes = {
					065BAC4C1BC7A135005AF493 = {
						CreatedOnToolsVersion = 7.0.1;
						DevelopmentTeam = 384S95M8XQ;
					};
				};
			};
			buildConfigurationList = 065BAC481BC7A134005AF493 /* Build configuration list for PBXProject "DoSomething" */;
			compatibilityVersion = "Xcode 3.2";
			developmentRegion = English;
			hasScannedForEncodings = 0;
			knownRegions = (
				en,
				Base,
			);
			mainGroup = 065BAC441BC7A134005AF493;
			productRefGroup = 065BAC4E1BC7A135005AF493 /* Products */;
			projectDirPath = "";
			projectRoot = "";
			targets = (
				065BAC4C1BC7A135005AF493 /* DoSomething */,
			);
		};
/* End PBXProject section */

/* Begin PBXResourcesBuildPhase section */
		065BAC4B1BC7A135005AF493 /* Resources */ = {
			isa = PBXResourcesBuildPhase;
			buildActionMask = 2147483647;
			files = (
				EAFC97791BD21A1200B3593D /* guitar.png in Resources */,
				EAFC97691BD21A1200B3593D /* dog.png in Resources */,
				EAFC97901BD21A1200B3593D /* travell.png in Resources */,
				EAF1DC521BD8B2AF00D51354 /* DSHomeViewController.xib in Resources */,
				EAFC976C1BD21A1200B3593D /* fastfood_active.png in Resources */,
				EAFC97881BD21A1200B3593D /* soccer.png in Resources */,
				EAEF252A1BCF9EF600F83E82 /* IQKeyboardManager.bundle in Resources */,
				EADB949D1BDF566C00512374 /* HomeCustomCell.xib in Resources */,
				51322A251BDFBFAA00418216 /* Galglot.png in Resources */,
				C6D5F63F1BC7B52C0050C1AE /* Patron-ExtraLightItalic.ttf in Resources */,
				EAEF25361BCFEBF400F83E82 /* CustomNavigationView.xib in Resources */,
				51322A221BDFBFAA00418216 /* chaton.png in Resources */,
				EAFC97761BD21A1200B3593D /* gardening_active.png in Resources */,
				EAFC97741BD21A1200B3593D /* game_active.png in Resources */,
				EAFC97721BD21A1200B3593D /* food_active.png in Resources */,
				EAFC977D1BD21A1200B3593D /* japanesefood.png in Resources */,
				EAFC97731BD21A1200B3593D /* game.png in Resources */,
				C6D5F63D1BC7B52C0050C1AE /* Patron-BoldItalic.ttf in Resources */,
				EAFC97621BD21A1200B3593D /* Boardgames.png in Resources */,
				EAFC97681BD21A1200B3593D /* cooking_active.png in Resources */,
				EAFC978B1BD21A1200B3593D /* swimming_active.png in Resources */,
				EAFC978A1BD21A1200B3593D /* swimming.png in Resources */,
				EAFC97921BD21A1200B3593D /* violin.png in Resources */,
				6A50C21D1BCCBB8C002B11AC /* DSProfileTableViewCell.xib in Resources */,
				51322A2B1BDFBFAA00418216 /* zoe_tay.png in Resources */,
				EAFC977F1BD21A1200B3593D /* paint.png in Resources */,
				EAFC97611BD21A1200B3593D /* bbq_active.png in Resources */,
				511C735E1BE3801100D3D61D /* ChatTableViewCell.xib in Resources */,
				EAFC978E1BD21A1200B3593D /* tanning.png in Resources */,
				EAFC976D1BD21A1200B3593D /* finance.png in Resources */,
				51322A271BDFBFAA00418216 /* request_send.png in Resources */,
				EAFC976A1BD21A1200B3593D /* dog_active.png in Resources */,
				EAFC977C1BD21A1200B3593D /* italianfood_active.png in Resources */,
				51322A261BDFBFAA00418216 /* menu_icon.png in Resources */,
				EAFC977A1BD21A1200B3593D /* guitar_active.png in Resources */,
				EAFC97601BD21A1200B3593D /* bbq.png in Resources */,
				EAFC97861BD21A1200B3593D /* shopping.png in Resources */,
				51322A291BDFBFAA00418216 /* taylor.png in Resources */,
				EAFC97701BD21A1200B3593D /* fishing_active.png in Resources */,
				EAFC97631BD21A1200B3593D /* Boardgames_active.png in Resources */,
				C6D5F6391BC7B52C0050C1AE /* FutworaPro-Regular.otf in Resources */,
				C6D5F6401BC7B52C0050C1AE /* Patron-Italic.ttf in Resources */,
				EAFC97711BD21A1200B3593D /* food.png in Resources */,
				EAFC97851BD21A1200B3593D /* radio.png in Resources */,
				51322A161BDFBEDB00418216 /* LocationCollectionViewCell.xib in Resources */,
				EAFC97871BD21A1200B3593D /* shopping_active.png in Resources */,
				EAFC97811BD21A1200B3593D /* photography.png in Resources */,
				EACB22BC1BC7C7F7002FAD54 /* DSLoginViewController.xib in Resources */,
				EAFC97651BD21A1200B3593D /* cat.png in Resources */,
				EAFC977B1BD21A1200B3593D /* italianfood.png in Resources */,
				EAFC97661BD21A1200B3593D /* cat_active.png in Resources */,
				C6D5F63A1BC7B52C0050C1AE /* Patron-Black.ttf in Resources */,
				EAFC97841BD21A1200B3593D /* piano_active.png in Resources */,
				EAFC977E1BD21A1200B3593D /* japanesefood_active.png in Resources */,
				EAFC978F1BD21A1200B3593D /* tanning_active.png in Resources */,
				EAFC97891BD21A1200B3593D /* soccer_active.png in Resources */,
				511C73601BE3801100D3D61D /* DSChatDetailViewController.xib in Resources */,
				51322A281BDFBFAA00418216 /* request_send1.png in Resources */,
				EAFC97771BD21A1200B3593D /* golf.png in Resources */,
				51ED4E641BE08EDF0079E030 /* 19-ChatWindow.png in Resources */,
				EAFC97641BD21A1200B3593D /* camera_icon.png in Resources */,
				51322A231BDFBFAA00418216 /* chong.png in Resources */,
				51ED4E631BE08EDF0079E030 /* 12-Chats.png in Resources */,
				EAFC97751BD21A1200B3593D /* gardening.png in Resources */,
				511C73651BE3804E00D3D61D /* DSChatsTableViewController.xib in Resources */,
				C6D5F6421BC7B52C0050C1AE /* Patron-MediumItalic.ttf in Resources */,
				51322A241BDFBFAA00418216 /* felicin.png in Resources */,
				C6D5F60C1BC7AF500050C1AE /* Launch Screen.xib in Resources */,
				EAFC976B1BD21A1200B3593D /* fastfood.png in Resources */,
				EAF16E401BDE1EBE00E6E5CE /* Pluis_icon1.png in Resources */,
				6A8D15D41BCC059B000F1FB4 /* DSProfileTableViewController.xib in Resources */,
				EAFC97931BD21A1200B3593D /* violin_active.png in Resources */,
				51ED4E621BE08EDF0079E030 /* 18-Chats.png in Resources */,
				C6D5F6441BC7B52C0050C1AE /* Patron-Thin.ttf in Resources */,
				EAFC978C1BD21A1200B3593D /* sycling.png in Resources */,
				51322A141BDFBEDB00418216 /* DSLocationViewController.xib in Resources */,
				C6D5F6411BC7B52C0050C1AE /* Patron-Medium.ttf in Resources */,
				C6D5F6431BC7B52C0050C1AE /* Patron-Regular.ttf in Resources */,
				EAFC97831BD21A1200B3593D /* piano.png in Resources */,
				EAFC976F1BD21A1200B3593D /* fishing.png in Resources */,
				C6D5F67C1BC7EC440050C1AE /* Images.xcassets in Resources */,
				EAFC96591BD20FD400B3593D /* DSInterestAndHobbiesViewController.xib in Resources */,
				EAFC978D1BD21A1200B3593D /* sycling_active.png in Resources */,
				C6D5F6451BC7B52C0050C1AE /* Patron-ThinItalic.ttf in Resources */,
				EADB949F1BDF566C00512374 /* HomeViewController.xib in Resources */,
				C6D5F63E1BC7B52C0050C1AE /* Patron-ExtraLight.ttf in Resources */,
				EAFC976E1BD21A1200B3593D /* finance_active.png in Resources */,
				EAFC97981BD21CF800B3593D /* DSInterestAndHobbiesCollectionViewCell.xib in Resources */,
				EAFC97801BD21A1200B3593D /* paint_active.png in Resources */,
				C6D5F63B1BC7B52C0050C1AE /* Patron-BlackItalic.ttf in Resources */,
				EAFC97821BD21A1200B3593D /* photography_active.png in Resources */,
				EAFC97781BD21A1200B3593D /* golf_active.png in Resources */,
				51322A2A1BDFBFAA00418216 /* yuna.png in Resources */,
				C6D5F63C1BC7B52C0050C1AE /* Patron-Bold.ttf in Resources */,
				EAFC97911BD21A1200B3593D /* travell_active.png in Resources */,
				EAFC97671BD21A1200B3593D /* cooking.png in Resources */,
			);
			runOnlyForDeploymentPostprocessing = 0;
		};
/* End PBXResourcesBuildPhase section */

/* Begin PBXSourcesBuildPhase section */
		065BAC491BC7A135005AF493 /* Sources */ = {
			isa = PBXSourcesBuildPhase;
			buildActionMask = 2147483647;
			files = (
				EAEF25221BCF9EF600F83E82 /* IQKeyboardManager.m in Sources */,
				EAEF251D1BCF9EF600F83E82 /* IQNSArray+Sort.m in Sources */,
				EAEF25201BCF9EF600F83E82 /* IQUIViewController+Additions.m in Sources */,
				C6D5F61C1BC7B3E60050C1AE /* DSAppCommon.m in Sources */,
				51ED4E6C1BE0C5D50079E030 /* IBActionSheet.m in Sources */,
				51322A131BDFBEDB00418216 /* DSLocationViewController.m in Sources */,
				EACB22BB1BC7C7F7002FAD54 /* DSLoginViewController.m in Sources */,
				EA784F001BE0950500863A6D /* DVSwitch.m in Sources */,
				511C735F1BE3801100D3D61D /* DSChatDetailViewController.m in Sources */,
				EAEF251E1BCF9EF600F83E82 /* IQUITextFieldView+Additions.m in Sources */,
				511C73641BE3804E00D3D61D /* DSChatsTableViewController.m in Sources */,
				EAEF25261BCF9EF600F83E82 /* IQBarButtonItem.m in Sources */,
				EAF1DC511BD8B2AF00D51354 /* DSHomeViewController.m in Sources */,
				EAEF25271BCF9EF600F83E82 /* IQTitleBarButtonItem.m in Sources */,
				EAEF251F1BCF9EF600F83E82 /* IQUIView+Hierarchy.m in Sources */,
				065BAC521BC7A135005AF493 /* main.m in Sources */,
				6A50C21C1BCCBB8C002B11AC /* DSProfileTableViewCell.m in Sources */,
				EAEF25241BCF9EF600F83E82 /* IQSegmentedNextPrevious.m in Sources */,
				511C735D1BE3801100D3D61D /* ChatTableViewCell.m in Sources */,
				EAEF25351BCFEBF400F83E82 /* CustomNavigationView.m in Sources */,
				EAEF25251BCF9EF600F83E82 /* IQTextView.m in Sources */,
				EADB949C1BDF566C00512374 /* HomeCustomCell.m in Sources */,
				EAEF25211BCF9EF600F83E82 /* IQUIWindow+Hierarchy.m in Sources */,
				51322A151BDFBEDB00418216 /* LocationCollectionViewCell.m in Sources */,
				EAFC96581BD20FD400B3593D /* DSInterestAndHobbiesViewController.m in Sources */,
				EAEF25231BCF9EF600F83E82 /* IQKeyboardReturnKeyHandler.m in Sources */,
				C6D5F6151BC7B0970050C1AE /* AppDelegate.m in Sources */,
				EAEF25291BCF9EF600F83E82 /* IQUIView+IQKeyboardToolbar.m in Sources */,
				EAFC97971BD21CF800B3593D /* DSInterestAndHobbiesCollectionViewCell.m in Sources */,
				EADB949E1BDF566C00512374 /* HomeViewController.m in Sources */,
				EAF1871A1BDA352B004C25EA /* DAAutoScroll.m in Sources */,
				6A8D15D31BCC059B000F1FB4 /* DSProfileTableViewController.m in Sources */,
				EAEF25281BCF9EF600F83E82 /* IQToolbar.m in Sources */,
			);
			runOnlyForDeploymentPostprocessing = 0;
		};
/* End PBXSourcesBuildPhase section */

/* Begin XCBuildConfiguration section */
		065BAC621BC7A135005AF493 /* Debug */ = {
			isa = XCBuildConfiguration;
			buildSettings = {
				ALWAYS_SEARCH_USER_PATHS = NO;
				CLANG_CXX_LANGUAGE_STANDARD = "gnu++0x";
				CLANG_CXX_LIBRARY = "libc++";
				CLANG_ENABLE_MODULES = YES;
				CLANG_ENABLE_OBJC_ARC = YES;
				CLANG_WARN_BOOL_CONVERSION = YES;
				CLANG_WARN_CONSTANT_CONVERSION = YES;
				CLANG_WARN_DIRECT_OBJC_ISA_USAGE = YES_ERROR;
				CLANG_WARN_EMPTY_BODY = YES;
				CLANG_WARN_ENUM_CONVERSION = YES;
				CLANG_WARN_INT_CONVERSION = YES;
				CLANG_WARN_OBJC_ROOT_CLASS = YES_ERROR;
				CLANG_WARN_UNREACHABLE_CODE = YES;
				CLANG_WARN__DUPLICATE_METHOD_MATCH = YES;
				"CODE_SIGN_IDENTITY[sdk=iphoneos*]" = "iPhone Developer";
				COPY_PHASE_STRIP = NO;
				DEBUG_INFORMATION_FORMAT = dwarf;
				ENABLE_STRICT_OBJC_MSGSEND = YES;
				ENABLE_TESTABILITY = YES;
				GCC_C_LANGUAGE_STANDARD = gnu99;
				GCC_DYNAMIC_NO_PIC = NO;
				GCC_NO_COMMON_BLOCKS = YES;
				GCC_OPTIMIZATION_LEVEL = 0;
				GCC_PREPROCESSOR_DEFINITIONS = (
					"DEBUG=1",
					"$(inherited)",
				);
				GCC_WARN_64_TO_32_BIT_CONVERSION = YES;
				GCC_WARN_ABOUT_RETURN_TYPE = YES_ERROR;
				GCC_WARN_UNDECLARED_SELECTOR = YES;
				GCC_WARN_UNINITIALIZED_AUTOS = YES_AGGRESSIVE;
				GCC_WARN_UNUSED_FUNCTION = YES;
				GCC_WARN_UNUSED_VARIABLE = YES;
				IPHONEOS_DEPLOYMENT_TARGET = 9.0;
				MTL_ENABLE_DEBUG_INFO = YES;
				ONLY_ACTIVE_ARCH = YES;
				SDKROOT = iphoneos;
			};
			name = Debug;
		};
		065BAC631BC7A135005AF493 /* Release */ = {
			isa = XCBuildConfiguration;
			buildSettings = {
				ALWAYS_SEARCH_USER_PATHS = NO;
				CLANG_CXX_LANGUAGE_STANDARD = "gnu++0x";
				CLANG_CXX_LIBRARY = "libc++";
				CLANG_ENABLE_MODULES = YES;
				CLANG_ENABLE_OBJC_ARC = YES;
				CLANG_WARN_BOOL_CONVERSION = YES;
				CLANG_WARN_CONSTANT_CONVERSION = YES;
				CLANG_WARN_DIRECT_OBJC_ISA_USAGE = YES_ERROR;
				CLANG_WARN_EMPTY_BODY = YES;
				CLANG_WARN_ENUM_CONVERSION = YES;
				CLANG_WARN_INT_CONVERSION = YES;
				CLANG_WARN_OBJC_ROOT_CLASS = YES_ERROR;
				CLANG_WARN_UNREACHABLE_CODE = YES;
				CLANG_WARN__DUPLICATE_METHOD_MATCH = YES;
				"CODE_SIGN_IDENTITY[sdk=iphoneos*]" = "iPhone Developer";
				COPY_PHASE_STRIP = NO;
				DEBUG_INFORMATION_FORMAT = "dwarf-with-dsym";
				ENABLE_NS_ASSERTIONS = NO;
				ENABLE_STRICT_OBJC_MSGSEND = YES;
				GCC_C_LANGUAGE_STANDARD = gnu99;
				GCC_NO_COMMON_BLOCKS = YES;
				GCC_WARN_64_TO_32_BIT_CONVERSION = YES;
				GCC_WARN_ABOUT_RETURN_TYPE = YES_ERROR;
				GCC_WARN_UNDECLARED_SELECTOR = YES;
				GCC_WARN_UNINITIALIZED_AUTOS = YES_AGGRESSIVE;
				GCC_WARN_UNUSED_FUNCTION = YES;
				GCC_WARN_UNUSED_VARIABLE = YES;
				IPHONEOS_DEPLOYMENT_TARGET = 9.0;
				MTL_ENABLE_DEBUG_INFO = NO;
				SDKROOT = iphoneos;
				VALIDATE_PRODUCT = YES;
			};
			name = Release;
		};
		065BAC651BC7A135005AF493 /* Debug */ = {
			isa = XCBuildConfiguration;
			buildSettings = {
				ASSETCATALOG_COMPILER_APPICON_NAME = AppIcon;
				CODE_SIGN_IDENTITY = "iPhone Developer: Loganathan Venkatesh (RNTZRSZ4TL)";
				INFOPLIST_FILE = DoSomething/Info.plist;
				IPHONEOS_DEPLOYMENT_TARGET = 7.0;
				LD_RUNPATH_SEARCH_PATHS = "$(inherited) @executable_path/Frameworks";
				PRODUCT_BUNDLE_IDENTIFIER = com.oclockapps.DoSomething;
				PRODUCT_NAME = "$(TARGET_NAME)";
				PROVISIONING_PROFILE = "2700da0c-6d17-4757-aab9-a8b7f2a12f1e";
			};
			name = Debug;
		};
		065BAC661BC7A135005AF493 /* Release */ = {
			isa = XCBuildConfiguration;
			buildSettings = {
				ASSETCATALOG_COMPILER_APPICON_NAME = AppIcon;
				CODE_SIGN_IDENTITY = "iPhone Distribution: O Clock Software Pvt Ltd (384S95M8XQ)";
				INFOPLIST_FILE = DoSomething/Info.plist;
				IPHONEOS_DEPLOYMENT_TARGET = 7.0;
				LD_RUNPATH_SEARCH_PATHS = "$(inherited) @executable_path/Frameworks";
				PRODUCT_BUNDLE_IDENTIFIER = com.oclockapps.DoSomething;
				PRODUCT_NAME = "$(TARGET_NAME)";
				PROVISIONING_PROFILE = "37dbe369-f0e6-41c9-96f6-1eb3b026d24d";
			};
			name = Release;
		};
/* End XCBuildConfiguration section */

/* Begin XCConfigurationList section */
		065BAC481BC7A134005AF493 /* Build configuration list for PBXProject "DoSomething" */ = {
			isa = XCConfigurationList;
			buildConfigurations = (
				065BAC621BC7A135005AF493 /* Debug */,
				065BAC631BC7A135005AF493 /* Release */,
			);
			defaultConfigurationIsVisible = 0;
			defaultConfigurationName = Release;
		};
		065BAC641BC7A135005AF493 /* Build configuration list for PBXNativeTarget "DoSomething" */ = {
			isa = XCConfigurationList;
			buildConfigurations = (
				065BAC651BC7A135005AF493 /* Debug */,
				065BAC661BC7A135005AF493 /* Release */,
			);
			defaultConfigurationIsVisible = 0;
			defaultConfigurationName = Release;
		};
/* End XCConfigurationList section */
	};
	rootObject = 065BAC451BC7A134005AF493 /* Project object */;
}
