// !$*UTF8*$!
{
	archiveVersion = 1;
	classes = {
	};
	objectVersion = 46;
	objects = {

/* Begin PBXBuildFile section */
		065433161BF38B0400DABBFC /* button-16.mp3 in Resources */ = {isa = PBXBuildFile; fileRef = 065433151BF38B0400DABBFC /* button-16.mp3 */; };
		065BAC521BC7A135005AF493 /* main.m in Sources */ = {isa = PBXBuildFile; fileRef = 065BAC511BC7A135005AF493 /* main.m */; };
		2B0209751C2E768600CC588E /* DSNearByImageView.m in Sources */ = {isa = PBXBuildFile; fileRef = 2B0209741C2E768600CC588E /* DSNearByImageView.m */; };
		2B0C3B401C2A7A00009B7B42 /* fontawesome-webfont.ttf in Resources */ = {isa = PBXBuildFile; fileRef = 2B0C3B3F1C2A7A00009B7B42 /* fontawesome-webfont.ttf */; };
		2B1B8B961C23E830005A699E /* NSString+FontAwesome.m in Sources */ = {isa = PBXBuildFile; fileRef = 2B1B8B951C23E830005A699E /* NSString+FontAwesome.m */; };
		2B1B8BE51C24487A005A699E /* DSTermsViewController.m in Sources */ = {isa = PBXBuildFile; fileRef = 2B1B8BE31C24487A005A699E /* DSTermsViewController.m */; };
		2B1B8BE61C24487A005A699E /* DSTermsViewController.xib in Resources */ = {isa = PBXBuildFile; fileRef = 2B1B8BE41C24487A005A699E /* DSTermsViewController.xib */; };
		2B2C08901C27BB6C00996441 /* DSNearByDetailViewController.m in Sources */ = {isa = PBXBuildFile; fileRef = 2B2C088E1C27BB6C00996441 /* DSNearByDetailViewController.m */; };
		2B2C08911C27BB6C00996441 /* DSNearByDetailViewController.xib in Resources */ = {isa = PBXBuildFile; fileRef = 2B2C088F1C27BB6C00996441 /* DSNearByDetailViewController.xib */; };
		2B83CAAF1BE8744E0064EC7F /* DSWebservice.m in Sources */ = {isa = PBXBuildFile; fileRef = 2B83CAAE1BE8744E0064EC7F /* DSWebservice.m */; };
		2B83CAC41BE895AB0064EC7F /* Default.png in Resources */ = {isa = PBXBuildFile; fileRef = 2B83CABF1BE895AB0064EC7F /* Default.png */; };
		2B83CAC61BE895AB0064EC7F /* Default-568h@2x.png in Resources */ = {isa = PBXBuildFile; fileRef = 2B83CAC11BE895AB0064EC7F /* Default-568h@2x.png */; };
		2B83CAC71BE895AB0064EC7F /* Default@2x.png in Resources */ = {isa = PBXBuildFile; fileRef = 2B83CAC21BE895AB0064EC7F /* Default@2x.png */; };
		2B83CAC81BE895AB0064EC7F /* Default-667h@2x.png in Resources */ = {isa = PBXBuildFile; fileRef = 2B83CAC31BE895AB0064EC7F /* Default-667h@2x.png */; };
		2B83CACA1BE8975F0064EC7F /* Default-736h@3x.png in Resources */ = {isa = PBXBuildFile; fileRef = 2B83CAC91BE8975F0064EC7F /* Default-736h@3x.png */; };
		2B83CACE1BE8D4FD0064EC7F /* NSString+validations.m in Sources */ = {isa = PBXBuildFile; fileRef = 2B83CACD1BE8D4FD0064EC7F /* NSString+validations.m */; };
		2BC69E6F1C2976E80074C486 /* ChatTextView.m in Sources */ = {isa = PBXBuildFile; fileRef = 2BC69E6E1C2976E80074C486 /* ChatTextView.m */; };
		2BD72ADF1BFCC2BF003846E9 /* DAAutoScroll.m in Sources */ = {isa = PBXBuildFile; fileRef = 2BD72ADE1BFCC2BF003846E9 /* DAAutoScroll.m */; };
		2BD72AE21BFCC584003846E9 /* AFNetworkActivityLogger.m in Sources */ = {isa = PBXBuildFile; fileRef = 2BD72AE11BFCC584003846E9 /* AFNetworkActivityLogger.m */; };
		2BD72AF61BFCC5AD003846E9 /* AFHTTPRequestOperation.m in Sources */ = {isa = PBXBuildFile; fileRef = 2BD72AE41BFCC5AD003846E9 /* AFHTTPRequestOperation.m */; };
		2BD72AF71BFCC5AD003846E9 /* AFHTTPRequestOperationManager.m in Sources */ = {isa = PBXBuildFile; fileRef = 2BD72AE61BFCC5AD003846E9 /* AFHTTPRequestOperationManager.m */; };
		2BD72AF81BFCC5AD003846E9 /* AFHTTPSessionManager.m in Sources */ = {isa = PBXBuildFile; fileRef = 2BD72AE81BFCC5AD003846E9 /* AFHTTPSessionManager.m */; };
		2BD72AF91BFCC5AD003846E9 /* AFNetworkReachabilityManager.m in Sources */ = {isa = PBXBuildFile; fileRef = 2BD72AEB1BFCC5AD003846E9 /* AFNetworkReachabilityManager.m */; };
		2BD72AFA1BFCC5AD003846E9 /* AFSecurityPolicy.m in Sources */ = {isa = PBXBuildFile; fileRef = 2BD72AED1BFCC5AD003846E9 /* AFSecurityPolicy.m */; };
		2BD72AFB1BFCC5AD003846E9 /* AFURLConnectionOperation.m in Sources */ = {isa = PBXBuildFile; fileRef = 2BD72AEF1BFCC5AD003846E9 /* AFURLConnectionOperation.m */; };
		2BD72AFC1BFCC5AD003846E9 /* AFURLRequestSerialization.m in Sources */ = {isa = PBXBuildFile; fileRef = 2BD72AF11BFCC5AD003846E9 /* AFURLRequestSerialization.m */; };
		2BD72AFD1BFCC5AD003846E9 /* AFURLResponseSerialization.m in Sources */ = {isa = PBXBuildFile; fileRef = 2BD72AF31BFCC5AD003846E9 /* AFURLResponseSerialization.m */; };
		2BD72AFE1BFCC5AD003846E9 /* AFURLSessionManager.m in Sources */ = {isa = PBXBuildFile; fileRef = 2BD72AF51BFCC5AD003846E9 /* AFURLSessionManager.m */; };
		2BD72B101BFCC5D4003846E9 /* AFNetworkActivityIndicatorManager.m in Sources */ = {isa = PBXBuildFile; fileRef = 2BD72B001BFCC5D4003846E9 /* AFNetworkActivityIndicatorManager.m */; };
		2BD72B111BFCC5D4003846E9 /* UIActivityIndicatorView+AFNetworking.m in Sources */ = {isa = PBXBuildFile; fileRef = 2BD72B021BFCC5D4003846E9 /* UIActivityIndicatorView+AFNetworking.m */; };
		2BD72B121BFCC5D4003846E9 /* UIAlertView+AFNetworking.m in Sources */ = {isa = PBXBuildFile; fileRef = 2BD72B041BFCC5D4003846E9 /* UIAlertView+AFNetworking.m */; };
		2BD72B131BFCC5D4003846E9 /* UIButton+AFNetworking.m in Sources */ = {isa = PBXBuildFile; fileRef = 2BD72B061BFCC5D4003846E9 /* UIButton+AFNetworking.m */; };
		2BD72B141BFCC5D4003846E9 /* UIImageView+AFNetworking.m in Sources */ = {isa = PBXBuildFile; fileRef = 2BD72B081BFCC5D4003846E9 /* UIImageView+AFNetworking.m */; };
		2BD72B151BFCC5D4003846E9 /* UIProgressView+AFNetworking.m in Sources */ = {isa = PBXBuildFile; fileRef = 2BD72B0B1BFCC5D4003846E9 /* UIProgressView+AFNetworking.m */; };
		2BD72B161BFCC5D4003846E9 /* UIRefreshControl+AFNetworking.m in Sources */ = {isa = PBXBuildFile; fileRef = 2BD72B0D1BFCC5D4003846E9 /* UIRefreshControl+AFNetworking.m */; };
		2BD72B171BFCC5D4003846E9 /* UIWebView+AFNetworking.m in Sources */ = {isa = PBXBuildFile; fileRef = 2BD72B0F1BFCC5D4003846E9 /* UIWebView+AFNetworking.m */; };
		2BD72B1A1BFCC713003846E9 /* OpenUDID.m in Sources */ = {isa = PBXBuildFile; fileRef = 2BD72B191BFCC713003846E9 /* OpenUDID.m */; settings = {COMPILER_FLAGS = "-fno-objc-arc"; }; };
		511C735D1BE3801100D3D61D /* ChatTableViewCell.m in Sources */ = {isa = PBXBuildFile; fileRef = 511C73581BE3801100D3D61D /* ChatTableViewCell.m */; };
		511C735E1BE3801100D3D61D /* ChatTableViewCell.xib in Resources */ = {isa = PBXBuildFile; fileRef = 511C73591BE3801100D3D61D /* ChatTableViewCell.xib */; };
		511C73641BE3804E00D3D61D /* DSChatsTableViewController.m in Sources */ = {isa = PBXBuildFile; fileRef = 511C73621BE3804E00D3D61D /* DSChatsTableViewController.m */; };
		511C73651BE3804E00D3D61D /* DSChatsTableViewController.xib in Resources */ = {isa = PBXBuildFile; fileRef = 511C73631BE3804E00D3D61D /* DSChatsTableViewController.xib */; };
		51560BC01BE76D53009FCF2A /* AudioToolbox.framework in Frameworks */ = {isa = PBXBuildFile; fileRef = 51560BBF1BE76D53009FCF2A /* AudioToolbox.framework */; };
		51ED4E6C1BE0C5D50079E030 /* IBActionSheet.m in Sources */ = {isa = PBXBuildFile; fileRef = 51ED4E6B1BE0C5D50079E030 /* IBActionSheet.m */; };
		51F3C2F31BE75D40001E1FEC /* DSLocationViewController.m in Sources */ = {isa = PBXBuildFile; fileRef = 51F3C2EE1BE75D3F001E1FEC /* DSLocationViewController.m */; };
		51F3C2F41BE75D40001E1FEC /* DSLocationViewController.xib in Resources */ = {isa = PBXBuildFile; fileRef = 51F3C2EF1BE75D40001E1FEC /* DSLocationViewController.xib */; };
		51F3C2F51BE75D40001E1FEC /* LocationCollectionViewCell.m in Sources */ = {isa = PBXBuildFile; fileRef = 51F3C2F11BE75D40001E1FEC /* LocationCollectionViewCell.m */; };
		51F3C2F61BE75D40001E1FEC /* LocationCollectionViewCell.xib in Resources */ = {isa = PBXBuildFile; fileRef = 51F3C2F21BE75D40001E1FEC /* LocationCollectionViewCell.xib */; };
		6A0C8D8A1C0C25510056DA81 /* CustomAlterview.m in Sources */ = {isa = PBXBuildFile; fileRef = 6A0C8D881C0C25510056DA81 /* CustomAlterview.m */; };
		6A0C8D8B1C0C25510056DA81 /* CustomAlterview.xib in Resources */ = {isa = PBXBuildFile; fileRef = 6A0C8D891C0C25510056DA81 /* CustomAlterview.xib */; };
		6A50C21C1BCCBB8C002B11AC /* DSProfileTableViewCell.m in Sources */ = {isa = PBXBuildFile; fileRef = 6A50C21A1BCCBB8C002B11AC /* DSProfileTableViewCell.m */; };
		6A50C21D1BCCBB8C002B11AC /* DSProfileTableViewCell.xib in Resources */ = {isa = PBXBuildFile; fileRef = 6A50C21B1BCCBB8C002B11AC /* DSProfileTableViewCell.xib */; };
		6A59C87D1C2807FD00286E35 /* DSNearbyCustomCell.m in Sources */ = {isa = PBXBuildFile; fileRef = 6A59C87B1C2807FD00286E35 /* DSNearbyCustomCell.m */; };
		6A59C87E1C2807FD00286E35 /* DSNearbyCustomCell.xib in Resources */ = {isa = PBXBuildFile; fileRef = 6A59C87C1C2807FD00286E35 /* DSNearbyCustomCell.xib */; };
		6A71A9381C0471F900D6D5F4 /* NSLocalization.strings in Resources */ = {isa = PBXBuildFile; fileRef = 6A71A93A1C0471F900D6D5F4 /* NSLocalization.strings */; };
		6A8D15D31BCC059B000F1FB4 /* DSProfileTableViewController.m in Sources */ = {isa = PBXBuildFile; fileRef = 6A8D15D11BCC059B000F1FB4 /* DSProfileTableViewController.m */; };
		6A8D15D41BCC059B000F1FB4 /* DSProfileTableViewController.xib in Resources */ = {isa = PBXBuildFile; fileRef = 6A8D15D21BCC059B000F1FB4 /* DSProfileTableViewController.xib */; };
		6ACBF64F1C2E8C2F00AFE131 /* PWParallaxScrollView.m in Sources */ = {isa = PBXBuildFile; fileRef = 6ACBF64D1C2E8BAC00AFE131 /* PWParallaxScrollView.m */; };
		6AD8A52E1C2AECE800828AED /* NMRangeSlider.m in Sources */ = {isa = PBXBuildFile; fileRef = 6AD8A52D1C2AECE800828AED /* NMRangeSlider.m */; };
		6AE7361E1C05AA5D00C7DCF0 /* SettingView.m in Sources */ = {isa = PBXBuildFile; fileRef = 6AE7361C1C05AA5D00C7DCF0 /* SettingView.m */; };
		6AE7361F1C05AA5D00C7DCF0 /* SettingView.xib in Resources */ = {isa = PBXBuildFile; fileRef = 6AE7361D1C05AA5D00C7DCF0 /* SettingView.xib */; };
		ABF8DF93B82C6FE210057F55 /* libPods-DoSomething.a in Frameworks */ = {isa = PBXBuildFile; fileRef = 60244D170FD7494CCFDD04A4 /* libPods-DoSomething.a */; };
		C6D5F60C1BC7AF500050C1AE /* Launch Screen.xib in Resources */ = {isa = PBXBuildFile; fileRef = C6D5F60B1BC7AF500050C1AE /* Launch Screen.xib */; };
		C6D5F6151BC7B0970050C1AE /* AppDelegate.m in Sources */ = {isa = PBXBuildFile; fileRef = C6D5F6141BC7B0970050C1AE /* AppDelegate.m */; };
		C6D5F61C1BC7B3E60050C1AE /* DSAppCommon.m in Sources */ = {isa = PBXBuildFile; fileRef = C6D5F61B1BC7B3E60050C1AE /* DSAppCommon.m */; };
		C6D5F6391BC7B52C0050C1AE /* FutworaPro-Regular.otf in Resources */ = {isa = PBXBuildFile; fileRef = C6D5F62C1BC7B52C0050C1AE /* FutworaPro-Regular.otf */; };
		C6D5F63A1BC7B52C0050C1AE /* Patron-Black.ttf in Resources */ = {isa = PBXBuildFile; fileRef = C6D5F62D1BC7B52C0050C1AE /* Patron-Black.ttf */; };
		C6D5F63B1BC7B52C0050C1AE /* Patron-BlackItalic.ttf in Resources */ = {isa = PBXBuildFile; fileRef = C6D5F62E1BC7B52C0050C1AE /* Patron-BlackItalic.ttf */; };
		C6D5F63C1BC7B52C0050C1AE /* Patron-Bold.ttf in Resources */ = {isa = PBXBuildFile; fileRef = C6D5F62F1BC7B52C0050C1AE /* Patron-Bold.ttf */; };
		C6D5F63D1BC7B52C0050C1AE /* Patron-BoldItalic.ttf in Resources */ = {isa = PBXBuildFile; fileRef = C6D5F6301BC7B52C0050C1AE /* Patron-BoldItalic.ttf */; };
		C6D5F63E1BC7B52C0050C1AE /* Patron-ExtraLight.ttf in Resources */ = {isa = PBXBuildFile; fileRef = C6D5F6311BC7B52C0050C1AE /* Patron-ExtraLight.ttf */; };
		C6D5F63F1BC7B52C0050C1AE /* Patron-ExtraLightItalic.ttf in Resources */ = {isa = PBXBuildFile; fileRef = C6D5F6321BC7B52C0050C1AE /* Patron-ExtraLightItalic.ttf */; };
		C6D5F6401BC7B52C0050C1AE /* Patron-Italic.ttf in Resources */ = {isa = PBXBuildFile; fileRef = C6D5F6331BC7B52C0050C1AE /* Patron-Italic.ttf */; };
		C6D5F6411BC7B52C0050C1AE /* Patron-Medium.ttf in Resources */ = {isa = PBXBuildFile; fileRef = C6D5F6341BC7B52C0050C1AE /* Patron-Medium.ttf */; };
		C6D5F6421BC7B52C0050C1AE /* Patron-MediumItalic.ttf in Resources */ = {isa = PBXBuildFile; fileRef = C6D5F6351BC7B52C0050C1AE /* Patron-MediumItalic.ttf */; };
		C6D5F6431BC7B52C0050C1AE /* Patron-Regular.ttf in Resources */ = {isa = PBXBuildFile; fileRef = C6D5F6361BC7B52C0050C1AE /* Patron-Regular.ttf */; };
		C6D5F6441BC7B52C0050C1AE /* Patron-Thin.ttf in Resources */ = {isa = PBXBuildFile; fileRef = C6D5F6371BC7B52C0050C1AE /* Patron-Thin.ttf */; };
		C6D5F6451BC7B52C0050C1AE /* Patron-ThinItalic.ttf in Resources */ = {isa = PBXBuildFile; fileRef = C6D5F6381BC7B52C0050C1AE /* Patron-ThinItalic.ttf */; };
		C6D5F67C1BC7EC440050C1AE /* Images.xcassets in Resources */ = {isa = PBXBuildFile; fileRef = C6D5F67B1BC7EC440050C1AE /* Images.xcassets */; };
		EA784F001BE0950500863A6D /* DVSwitch.m in Sources */ = {isa = PBXBuildFile; fileRef = EA784EFF1BE0950500863A6D /* DVSwitch.m */; };
		EACB22BB1BC7C7F7002FAD54 /* DSLoginViewController.m in Sources */ = {isa = PBXBuildFile; fileRef = EACB22B91BC7C7F7002FAD54 /* DSLoginViewController.m */; };
		EACB22BC1BC7C7F7002FAD54 /* DSLoginViewController.xib in Resources */ = {isa = PBXBuildFile; fileRef = EACB22BA1BC7C7F7002FAD54 /* DSLoginViewController.xib */; };
		EADB949C1BDF566C00512374 /* HomeCustomCell.m in Sources */ = {isa = PBXBuildFile; fileRef = EADB94971BDF566C00512374 /* HomeCustomCell.m */; };
		EADB949D1BDF566C00512374 /* HomeCustomCell.xib in Resources */ = {isa = PBXBuildFile; fileRef = EADB94981BDF566C00512374 /* HomeCustomCell.xib */; };
		EADB949E1BDF566C00512374 /* HomeViewController.m in Sources */ = {isa = PBXBuildFile; fileRef = EADB949A1BDF566C00512374 /* HomeViewController.m */; };
		EADB949F1BDF566C00512374 /* HomeViewController.xib in Resources */ = {isa = PBXBuildFile; fileRef = EADB949B1BDF566C00512374 /* HomeViewController.xib */; };
		EAEF251D1BCF9EF600F83E82 /* IQNSArray+Sort.m in Sources */ = {isa = PBXBuildFile; fileRef = EAEF24FB1BCF9EF600F83E82 /* IQNSArray+Sort.m */; };
		EAEF251E1BCF9EF600F83E82 /* IQUITextFieldView+Additions.m in Sources */ = {isa = PBXBuildFile; fileRef = EAEF24FD1BCF9EF600F83E82 /* IQUITextFieldView+Additions.m */; };
		EAEF251F1BCF9EF600F83E82 /* IQUIView+Hierarchy.m in Sources */ = {isa = PBXBuildFile; fileRef = EAEF24FF1BCF9EF600F83E82 /* IQUIView+Hierarchy.m */; };
		EAEF25201BCF9EF600F83E82 /* IQUIViewController+Additions.m in Sources */ = {isa = PBXBuildFile; fileRef = EAEF25011BCF9EF600F83E82 /* IQUIViewController+Additions.m */; };
		EAEF25211BCF9EF600F83E82 /* IQUIWindow+Hierarchy.m in Sources */ = {isa = PBXBuildFile; fileRef = EAEF25031BCF9EF600F83E82 /* IQUIWindow+Hierarchy.m */; };
		EAEF25221BCF9EF600F83E82 /* IQKeyboardManager.m in Sources */ = {isa = PBXBuildFile; fileRef = EAEF25081BCF9EF600F83E82 /* IQKeyboardManager.m */; };
		EAEF25231BCF9EF600F83E82 /* IQKeyboardReturnKeyHandler.m in Sources */ = {isa = PBXBuildFile; fileRef = EAEF250A1BCF9EF600F83E82 /* IQKeyboardReturnKeyHandler.m */; };
		EAEF25241BCF9EF600F83E82 /* IQSegmentedNextPrevious.m in Sources */ = {isa = PBXBuildFile; fileRef = EAEF250D1BCF9EF600F83E82 /* IQSegmentedNextPrevious.m */; };
		EAEF25251BCF9EF600F83E82 /* IQTextView.m in Sources */ = {isa = PBXBuildFile; fileRef = EAEF25101BCF9EF600F83E82 /* IQTextView.m */; };
		EAEF25261BCF9EF600F83E82 /* IQBarButtonItem.m in Sources */ = {isa = PBXBuildFile; fileRef = EAEF25131BCF9EF600F83E82 /* IQBarButtonItem.m */; };
		EAEF25271BCF9EF600F83E82 /* IQTitleBarButtonItem.m in Sources */ = {isa = PBXBuildFile; fileRef = EAEF25151BCF9EF600F83E82 /* IQTitleBarButtonItem.m */; };
		EAEF25281BCF9EF600F83E82 /* IQToolbar.m in Sources */ = {isa = PBXBuildFile; fileRef = EAEF25171BCF9EF600F83E82 /* IQToolbar.m */; };
		EAEF25291BCF9EF600F83E82 /* IQUIView+IQKeyboardToolbar.m in Sources */ = {isa = PBXBuildFile; fileRef = EAEF25191BCF9EF600F83E82 /* IQUIView+IQKeyboardToolbar.m */; };
		EAEF252A1BCF9EF600F83E82 /* IQKeyboardManager.bundle in Resources */ = {isa = PBXBuildFile; fileRef = EAEF251C1BCF9EF600F83E82 /* IQKeyboardManager.bundle */; };
		EAEF25351BCFEBF400F83E82 /* CustomNavigationView.m in Sources */ = {isa = PBXBuildFile; fileRef = EAEF25331BCFEBF400F83E82 /* CustomNavigationView.m */; };
		EAEF25361BCFEBF400F83E82 /* CustomNavigationView.xib in Resources */ = {isa = PBXBuildFile; fileRef = EAEF25341BCFEBF400F83E82 /* CustomNavigationView.xib */; };
		EAF1DC511BD8B2AF00D51354 /* DSHomeViewController.m in Sources */ = {isa = PBXBuildFile; fileRef = EAF1DC4F1BD8B2AF00D51354 /* DSHomeViewController.m */; };
		EAF1DC521BD8B2AF00D51354 /* DSHomeViewController.xib in Resources */ = {isa = PBXBuildFile; fileRef = EAF1DC501BD8B2AF00D51354 /* DSHomeViewController.xib */; };
		EAFC96581BD20FD400B3593D /* DSInterestAndHobbiesViewController.m in Sources */ = {isa = PBXBuildFile; fileRef = EAFC96561BD20FD400B3593D /* DSInterestAndHobbiesViewController.m */; };
		EAFC96591BD20FD400B3593D /* DSInterestAndHobbiesViewController.xib in Resources */ = {isa = PBXBuildFile; fileRef = EAFC96571BD20FD400B3593D /* DSInterestAndHobbiesViewController.xib */; };
		EAFC97971BD21CF800B3593D /* DSInterestAndHobbiesCollectionViewCell.m in Sources */ = {isa = PBXBuildFile; fileRef = EAFC97951BD21CF800B3593D /* DSInterestAndHobbiesCollectionViewCell.m */; };
		EAFC97981BD21CF800B3593D /* DSInterestAndHobbiesCollectionViewCell.xib in Resources */ = {isa = PBXBuildFile; fileRef = EAFC97961BD21CF800B3593D /* DSInterestAndHobbiesCollectionViewCell.xib */; };
		ED0A471B1C2E98C3000CAB95 /* DSChatDetailViewController.m in Sources */ = {isa = PBXBuildFile; fileRef = ED0A47191C2E98C3000CAB95 /* DSChatDetailViewController.m */; };
		ED0A471C1C2E98C3000CAB95 /* DSChatDetailViewController.xib in Resources */ = {isa = PBXBuildFile; fileRef = ED0A471A1C2E98C3000CAB95 /* DSChatDetailViewController.xib */; };
		ED0A47211C2E9965000CAB95 /* ChatDetailCustomcell.m in Sources */ = {isa = PBXBuildFile; fileRef = ED0A471F1C2E9965000CAB95 /* ChatDetailCustomcell.m */; };
		ED0A47221C2E9965000CAB95 /* ChatDetailCustomcell.xib in Resources */ = {isa = PBXBuildFile; fileRef = ED0A47201C2E9965000CAB95 /* ChatDetailCustomcell.xib */; };
		ED78176F1BEC7F6400C7138F /* CoreLocation.framework in Frameworks */ = {isa = PBXBuildFile; fileRef = ED78176E1BEC7F6400C7138F /* CoreLocation.framework */; };
		EDAE16281BF3873B0061E99D /* AVFoundation.framework in Frameworks */ = {isa = PBXBuildFile; fileRef = EDAE16271BF3873B0061E99D /* AVFoundation.framework */; };
/* End PBXBuildFile section */

/* Begin PBXFileReference section */
		065433151BF38B0400DABBFC /* button-16.mp3 */ = {isa = PBXFileReference; lastKnownFileType = audio.mp3; path = "button-16.mp3"; sourceTree = "<group>"; };
		065BAC4D1BC7A135005AF493 /* DoSomething.app */ = {isa = PBXFileReference; explicitFileType = wrapper.application; includeInIndex = 0; path = DoSomething.app; sourceTree = BUILT_PRODUCTS_DIR; };
		065BAC511BC7A135005AF493 /* main.m */ = {isa = PBXFileReference; lastKnownFileType = sourcecode.c.objc; path = main.m; sourceTree = "<group>"; };
		065BAC611BC7A135005AF493 /* Info.plist */ = {isa = PBXFileReference; lastKnownFileType = text.plist.xml; path = Info.plist; sourceTree = "<group>"; };
		1C75845E698F9F0E3DFC07B6 /* Pods-DoSomething.release.xcconfig */ = {isa = PBXFileReference; includeInIndex = 1; lastKnownFileType = text.xcconfig; name = "Pods-DoSomething.release.xcconfig"; path = "Pods/Target Support Files/Pods-DoSomething/Pods-DoSomething.release.xcconfig"; sourceTree = "<group>"; };
		2B0209731C2E768600CC588E /* DSNearByImageView.h */ = {isa = PBXFileReference; fileEncoding = 4; lastKnownFileType = sourcecode.c.h; path = DSNearByImageView.h; sourceTree = "<group>"; };
		2B0209741C2E768600CC588E /* DSNearByImageView.m */ = {isa = PBXFileReference; fileEncoding = 4; lastKnownFileType = sourcecode.c.objc; path = DSNearByImageView.m; sourceTree = "<group>"; };
		2B0C3B3F1C2A7A00009B7B42 /* fontawesome-webfont.ttf */ = {isa = PBXFileReference; lastKnownFileType = file; path = "fontawesome-webfont.ttf"; sourceTree = "<group>"; };
		2B1B8B941C23E830005A699E /* NSString+FontAwesome.h */ = {isa = PBXFileReference; fileEncoding = 4; lastKnownFileType = sourcecode.c.h; name = "NSString+FontAwesome.h"; path = "Helpers/AwesomeFont/NSString+FontAwesome.h"; sourceTree = "<group>"; };
		2B1B8B951C23E830005A699E /* NSString+FontAwesome.m */ = {isa = PBXFileReference; fileEncoding = 4; lastKnownFileType = sourcecode.c.objc; name = "NSString+FontAwesome.m"; path = "Helpers/AwesomeFont/NSString+FontAwesome.m"; sourceTree = "<group>"; };
		2B1B8BE21C24487A005A699E /* DSTermsViewController.h */ = {isa = PBXFileReference; fileEncoding = 4; lastKnownFileType = sourcecode.c.h; path = DSTermsViewController.h; sourceTree = "<group>"; };
		2B1B8BE31C24487A005A699E /* DSTermsViewController.m */ = {isa = PBXFileReference; fileEncoding = 4; lastKnownFileType = sourcecode.c.objc; path = DSTermsViewController.m; sourceTree = "<group>"; };
		2B1B8BE41C24487A005A699E /* DSTermsViewController.xib */ = {isa = PBXFileReference; fileEncoding = 4; lastKnownFileType = file.xib; path = DSTermsViewController.xib; sourceTree = "<group>"; };
		2B2C088D1C27BB6C00996441 /* DSNearByDetailViewController.h */ = {isa = PBXFileReference; fileEncoding = 4; lastKnownFileType = sourcecode.c.h; name = DSNearByDetailViewController.h; path = NearByDetail/DSNearByDetailViewController.h; sourceTree = "<group>"; };
		2B2C088E1C27BB6C00996441 /* DSNearByDetailViewController.m */ = {isa = PBXFileReference; fileEncoding = 4; lastKnownFileType = sourcecode.c.objc; name = DSNearByDetailViewController.m; path = NearByDetail/DSNearByDetailViewController.m; sourceTree = "<group>"; };
		2B2C088F1C27BB6C00996441 /* DSNearByDetailViewController.xib */ = {isa = PBXFileReference; fileEncoding = 4; lastKnownFileType = file.xib; name = DSNearByDetailViewController.xib; path = NearByDetail/DSNearByDetailViewController.xib; sourceTree = "<group>"; };
		2B83CAAD1BE8744E0064EC7F /* DSWebservice.h */ = {isa = PBXFileReference; fileEncoding = 4; lastKnownFileType = sourcecode.c.h; path = DSWebservice.h; sourceTree = "<group>"; };
		2B83CAAE1BE8744E0064EC7F /* DSWebservice.m */ = {isa = PBXFileReference; fileEncoding = 4; lastKnownFileType = sourcecode.c.objc; path = DSWebservice.m; sourceTree = "<group>"; };
		2B83CABF1BE895AB0064EC7F /* Default.png */ = {isa = PBXFileReference; lastKnownFileType = image.png; path = Default.png; sourceTree = "<group>"; };
		2B83CAC11BE895AB0064EC7F /* Default-568h@2x.png */ = {isa = PBXFileReference; lastKnownFileType = image.png; path = "Default-568h@2x.png"; sourceTree = "<group>"; };
		2B83CAC21BE895AB0064EC7F /* Default@2x.png */ = {isa = PBXFileReference; lastKnownFileType = image.png; path = "Default@2x.png"; sourceTree = "<group>"; };
		2B83CAC31BE895AB0064EC7F /* Default-667h@2x.png */ = {isa = PBXFileReference; lastKnownFileType = image.png; path = "Default-667h@2x.png"; sourceTree = "<group>"; };
		2B83CAC91BE8975F0064EC7F /* Default-736h@3x.png */ = {isa = PBXFileReference; lastKnownFileType = image.png; path = "Default-736h@3x.png"; sourceTree = "<group>"; };
		2B83CACC1BE8D4FD0064EC7F /* NSString+validations.h */ = {isa = PBXFileReference; fileEncoding = 4; lastKnownFileType = sourcecode.c.h; path = "NSString+validations.h"; sourceTree = "<group>"; };
		2B83CACD1BE8D4FD0064EC7F /* NSString+validations.m */ = {isa = PBXFileReference; fileEncoding = 4; lastKnownFileType = sourcecode.c.objc; path = "NSString+validations.m"; sourceTree = "<group>"; };
		2BC69E6D1C2976E80074C486 /* ChatTextView.h */ = {isa = PBXFileReference; fileEncoding = 4; lastKnownFileType = sourcecode.c.h; path = ChatTextView.h; sourceTree = "<group>"; };
		2BC69E6E1C2976E80074C486 /* ChatTextView.m */ = {isa = PBXFileReference; fileEncoding = 4; lastKnownFileType = sourcecode.c.objc; path = ChatTextView.m; sourceTree = "<group>"; };
		2BD72ADD1BFCC2BF003846E9 /* DAAutoScroll.h */ = {isa = PBXFileReference; fileEncoding = 4; lastKnownFileType = sourcecode.c.h; path = DAAutoScroll.h; sourceTree = "<group>"; };
		2BD72ADE1BFCC2BF003846E9 /* DAAutoScroll.m */ = {isa = PBXFileReference; fileEncoding = 4; lastKnownFileType = sourcecode.c.objc; path = DAAutoScroll.m; sourceTree = "<group>"; };
		2BD72AE01BFCC584003846E9 /* AFNetworkActivityLogger.h */ = {isa = PBXFileReference; fileEncoding = 4; lastKnownFileType = sourcecode.c.h; path = AFNetworkActivityLogger.h; sourceTree = "<group>"; };
		2BD72AE11BFCC584003846E9 /* AFNetworkActivityLogger.m */ = {isa = PBXFileReference; fileEncoding = 4; lastKnownFileType = sourcecode.c.objc; path = AFNetworkActivityLogger.m; sourceTree = "<group>"; };
		2BD72AE31BFCC5AD003846E9 /* AFHTTPRequestOperation.h */ = {isa = PBXFileReference; fileEncoding = 4; lastKnownFileType = sourcecode.c.h; path = AFHTTPRequestOperation.h; sourceTree = "<group>"; };
		2BD72AE41BFCC5AD003846E9 /* AFHTTPRequestOperation.m */ = {isa = PBXFileReference; fileEncoding = 4; lastKnownFileType = sourcecode.c.objc; path = AFHTTPRequestOperation.m; sourceTree = "<group>"; };
		2BD72AE51BFCC5AD003846E9 /* AFHTTPRequestOperationManager.h */ = {isa = PBXFileReference; fileEncoding = 4; lastKnownFileType = sourcecode.c.h; path = AFHTTPRequestOperationManager.h; sourceTree = "<group>"; };
		2BD72AE61BFCC5AD003846E9 /* AFHTTPRequestOperationManager.m */ = {isa = PBXFileReference; fileEncoding = 4; lastKnownFileType = sourcecode.c.objc; path = AFHTTPRequestOperationManager.m; sourceTree = "<group>"; };
		2BD72AE71BFCC5AD003846E9 /* AFHTTPSessionManager.h */ = {isa = PBXFileReference; fileEncoding = 4; lastKnownFileType = sourcecode.c.h; path = AFHTTPSessionManager.h; sourceTree = "<group>"; };
		2BD72AE81BFCC5AD003846E9 /* AFHTTPSessionManager.m */ = {isa = PBXFileReference; fileEncoding = 4; lastKnownFileType = sourcecode.c.objc; path = AFHTTPSessionManager.m; sourceTree = "<group>"; };
		2BD72AE91BFCC5AD003846E9 /* AFNetworking.h */ = {isa = PBXFileReference; fileEncoding = 4; lastKnownFileType = sourcecode.c.h; path = AFNetworking.h; sourceTree = "<group>"; };
		2BD72AEA1BFCC5AD003846E9 /* AFNetworkReachabilityManager.h */ = {isa = PBXFileReference; fileEncoding = 4; lastKnownFileType = sourcecode.c.h; path = AFNetworkReachabilityManager.h; sourceTree = "<group>"; };
		2BD72AEB1BFCC5AD003846E9 /* AFNetworkReachabilityManager.m */ = {isa = PBXFileReference; fileEncoding = 4; lastKnownFileType = sourcecode.c.objc; path = AFNetworkReachabilityManager.m; sourceTree = "<group>"; };
		2BD72AEC1BFCC5AD003846E9 /* AFSecurityPolicy.h */ = {isa = PBXFileReference; fileEncoding = 4; lastKnownFileType = sourcecode.c.h; path = AFSecurityPolicy.h; sourceTree = "<group>"; };
		2BD72AED1BFCC5AD003846E9 /* AFSecurityPolicy.m */ = {isa = PBXFileReference; fileEncoding = 4; lastKnownFileType = sourcecode.c.objc; path = AFSecurityPolicy.m; sourceTree = "<group>"; };
		2BD72AEE1BFCC5AD003846E9 /* AFURLConnectionOperation.h */ = {isa = PBXFileReference; fileEncoding = 4; lastKnownFileType = sourcecode.c.h; path = AFURLConnectionOperation.h; sourceTree = "<group>"; };
		2BD72AEF1BFCC5AD003846E9 /* AFURLConnectionOperation.m */ = {isa = PBXFileReference; fileEncoding = 4; lastKnownFileType = sourcecode.c.objc; path = AFURLConnectionOperation.m; sourceTree = "<group>"; };
		2BD72AF01BFCC5AD003846E9 /* AFURLRequestSerialization.h */ = {isa = PBXFileReference; fileEncoding = 4; lastKnownFileType = sourcecode.c.h; path = AFURLRequestSerialization.h; sourceTree = "<group>"; };
		2BD72AF11BFCC5AD003846E9 /* AFURLRequestSerialization.m */ = {isa = PBXFileReference; fileEncoding = 4; lastKnownFileType = sourcecode.c.objc; path = AFURLRequestSerialization.m; sourceTree = "<group>"; };
		2BD72AF21BFCC5AD003846E9 /* AFURLResponseSerialization.h */ = {isa = PBXFileReference; fileEncoding = 4; lastKnownFileType = sourcecode.c.h; path = AFURLResponseSerialization.h; sourceTree = "<group>"; };
		2BD72AF31BFCC5AD003846E9 /* AFURLResponseSerialization.m */ = {isa = PBXFileReference; fileEncoding = 4; lastKnownFileType = sourcecode.c.objc; path = AFURLResponseSerialization.m; sourceTree = "<group>"; };
		2BD72AF41BFCC5AD003846E9 /* AFURLSessionManager.h */ = {isa = PBXFileReference; fileEncoding = 4; lastKnownFileType = sourcecode.c.h; path = AFURLSessionManager.h; sourceTree = "<group>"; };
		2BD72AF51BFCC5AD003846E9 /* AFURLSessionManager.m */ = {isa = PBXFileReference; fileEncoding = 4; lastKnownFileType = sourcecode.c.objc; path = AFURLSessionManager.m; sourceTree = "<group>"; };
		2BD72AFF1BFCC5D4003846E9 /* AFNetworkActivityIndicatorManager.h */ = {isa = PBXFileReference; fileEncoding = 4; lastKnownFileType = sourcecode.c.h; path = AFNetworkActivityIndicatorManager.h; sourceTree = "<group>"; };
		2BD72B001BFCC5D4003846E9 /* AFNetworkActivityIndicatorManager.m */ = {isa = PBXFileReference; fileEncoding = 4; lastKnownFileType = sourcecode.c.objc; path = AFNetworkActivityIndicatorManager.m; sourceTree = "<group>"; };
		2BD72B011BFCC5D4003846E9 /* UIActivityIndicatorView+AFNetworking.h */ = {isa = PBXFileReference; fileEncoding = 4; lastKnownFileType = sourcecode.c.h; path = "UIActivityIndicatorView+AFNetworking.h"; sourceTree = "<group>"; };
		2BD72B021BFCC5D4003846E9 /* UIActivityIndicatorView+AFNetworking.m */ = {isa = PBXFileReference; fileEncoding = 4; lastKnownFileType = sourcecode.c.objc; path = "UIActivityIndicatorView+AFNetworking.m"; sourceTree = "<group>"; };
		2BD72B031BFCC5D4003846E9 /* UIAlertView+AFNetworking.h */ = {isa = PBXFileReference; fileEncoding = 4; lastKnownFileType = sourcecode.c.h; path = "UIAlertView+AFNetworking.h"; sourceTree = "<group>"; };
		2BD72B041BFCC5D4003846E9 /* UIAlertView+AFNetworking.m */ = {isa = PBXFileReference; fileEncoding = 4; lastKnownFileType = sourcecode.c.objc; path = "UIAlertView+AFNetworking.m"; sourceTree = "<group>"; };
		2BD72B051BFCC5D4003846E9 /* UIButton+AFNetworking.h */ = {isa = PBXFileReference; fileEncoding = 4; lastKnownFileType = sourcecode.c.h; path = "UIButton+AFNetworking.h"; sourceTree = "<group>"; };
		2BD72B061BFCC5D4003846E9 /* UIButton+AFNetworking.m */ = {isa = PBXFileReference; fileEncoding = 4; lastKnownFileType = sourcecode.c.objc; path = "UIButton+AFNetworking.m"; sourceTree = "<group>"; };
		2BD72B071BFCC5D4003846E9 /* UIImageView+AFNetworking.h */ = {isa = PBXFileReference; fileEncoding = 4; lastKnownFileType = sourcecode.c.h; path = "UIImageView+AFNetworking.h"; sourceTree = "<group>"; };
		2BD72B081BFCC5D4003846E9 /* UIImageView+AFNetworking.m */ = {isa = PBXFileReference; fileEncoding = 4; lastKnownFileType = sourcecode.c.objc; path = "UIImageView+AFNetworking.m"; sourceTree = "<group>"; };
		2BD72B091BFCC5D4003846E9 /* UIKit+AFNetworking.h */ = {isa = PBXFileReference; fileEncoding = 4; lastKnownFileType = sourcecode.c.h; path = "UIKit+AFNetworking.h"; sourceTree = "<group>"; };
		2BD72B0A1BFCC5D4003846E9 /* UIProgressView+AFNetworking.h */ = {isa = PBXFileReference; fileEncoding = 4; lastKnownFileType = sourcecode.c.h; path = "UIProgressView+AFNetworking.h"; sourceTree = "<group>"; };
		2BD72B0B1BFCC5D4003846E9 /* UIProgressView+AFNetworking.m */ = {isa = PBXFileReference; fileEncoding = 4; lastKnownFileType = sourcecode.c.objc; path = "UIProgressView+AFNetworking.m"; sourceTree = "<group>"; };
		2BD72B0C1BFCC5D4003846E9 /* UIRefreshControl+AFNetworking.h */ = {isa = PBXFileReference; fileEncoding = 4; lastKnownFileType = sourcecode.c.h; path = "UIRefreshControl+AFNetworking.h"; sourceTree = "<group>"; };
		2BD72B0D1BFCC5D4003846E9 /* UIRefreshControl+AFNetworking.m */ = {isa = PBXFileReference; fileEncoding = 4; lastKnownFileType = sourcecode.c.objc; path = "UIRefreshControl+AFNetworking.m"; sourceTree = "<group>"; };
		2BD72B0E1BFCC5D4003846E9 /* UIWebView+AFNetworking.h */ = {isa = PBXFileReference; fileEncoding = 4; lastKnownFileType = sourcecode.c.h; path = "UIWebView+AFNetworking.h"; sourceTree = "<group>"; };
		2BD72B0F1BFCC5D4003846E9 /* UIWebView+AFNetworking.m */ = {isa = PBXFileReference; fileEncoding = 4; lastKnownFileType = sourcecode.c.objc; path = "UIWebView+AFNetworking.m"; sourceTree = "<group>"; };
		2BD72B181BFCC713003846E9 /* OpenUDID.h */ = {isa = PBXFileReference; fileEncoding = 4; lastKnownFileType = sourcecode.c.h; path = OpenUDID.h; sourceTree = "<group>"; };
		2BD72B191BFCC713003846E9 /* OpenUDID.m */ = {isa = PBXFileReference; fileEncoding = 4; lastKnownFileType = sourcecode.c.objc; path = OpenUDID.m; sourceTree = "<group>"; };
		511C73571BE3801100D3D61D /* ChatTableViewCell.h */ = {isa = PBXFileReference; fileEncoding = 4; lastKnownFileType = sourcecode.c.h; path = ChatTableViewCell.h; sourceTree = "<group>"; };
		511C73581BE3801100D3D61D /* ChatTableViewCell.m */ = {isa = PBXFileReference; fileEncoding = 4; lastKnownFileType = sourcecode.c.objc; path = ChatTableViewCell.m; sourceTree = "<group>"; };
		511C73591BE3801100D3D61D /* ChatTableViewCell.xib */ = {isa = PBXFileReference; fileEncoding = 4; lastKnownFileType = file.xib; path = ChatTableViewCell.xib; sourceTree = "<group>"; };
		511C73611BE3804E00D3D61D /* DSChatsTableViewController.h */ = {isa = PBXFileReference; fileEncoding = 4; lastKnownFileType = sourcecode.c.h; path = DSChatsTableViewController.h; sourceTree = "<group>"; };
		511C73621BE3804E00D3D61D /* DSChatsTableViewController.m */ = {isa = PBXFileReference; fileEncoding = 4; lastKnownFileType = sourcecode.c.objc; path = DSChatsTableViewController.m; sourceTree = "<group>"; };
		511C73631BE3804E00D3D61D /* DSChatsTableViewController.xib */ = {isa = PBXFileReference; fileEncoding = 4; lastKnownFileType = file.xib; path = DSChatsTableViewController.xib; sourceTree = "<group>"; };
		51560BBF1BE76D53009FCF2A /* AudioToolbox.framework */ = {isa = PBXFileReference; lastKnownFileType = wrapper.framework; name = AudioToolbox.framework; path = System/Library/Frameworks/AudioToolbox.framework; sourceTree = SDKROOT; };
		51ED4E6A1BE0C5D50079E030 /* IBActionSheet.h */ = {isa = PBXFileReference; fileEncoding = 4; lastKnownFileType = sourcecode.c.h; path = IBActionSheet.h; sourceTree = "<group>"; };
		51ED4E6B1BE0C5D50079E030 /* IBActionSheet.m */ = {isa = PBXFileReference; fileEncoding = 4; lastKnownFileType = sourcecode.c.objc; path = IBActionSheet.m; sourceTree = "<group>"; };
		51F3C2ED1BE75D3F001E1FEC /* DSLocationViewController.h */ = {isa = PBXFileReference; fileEncoding = 4; lastKnownFileType = sourcecode.c.h; path = DSLocationViewController.h; sourceTree = "<group>"; };
		51F3C2EE1BE75D3F001E1FEC /* DSLocationViewController.m */ = {isa = PBXFileReference; fileEncoding = 4; lastKnownFileType = sourcecode.c.objc; path = DSLocationViewController.m; sourceTree = "<group>"; };
		51F3C2EF1BE75D40001E1FEC /* DSLocationViewController.xib */ = {isa = PBXFileReference; fileEncoding = 4; lastKnownFileType = file.xib; path = DSLocationViewController.xib; sourceTree = "<group>"; };
		51F3C2F01BE75D40001E1FEC /* LocationCollectionViewCell.h */ = {isa = PBXFileReference; fileEncoding = 4; lastKnownFileType = sourcecode.c.h; path = LocationCollectionViewCell.h; sourceTree = "<group>"; };
		51F3C2F11BE75D40001E1FEC /* LocationCollectionViewCell.m */ = {isa = PBXFileReference; fileEncoding = 4; lastKnownFileType = sourcecode.c.objc; path = LocationCollectionViewCell.m; sourceTree = "<group>"; };
		51F3C2F21BE75D40001E1FEC /* LocationCollectionViewCell.xib */ = {isa = PBXFileReference; fileEncoding = 4; lastKnownFileType = file.xib; path = LocationCollectionViewCell.xib; sourceTree = "<group>"; };
		60244D170FD7494CCFDD04A4 /* libPods-DoSomething.a */ = {isa = PBXFileReference; explicitFileType = archive.ar; includeInIndex = 0; path = "libPods-DoSomething.a"; sourceTree = BUILT_PRODUCTS_DIR; };
		6A0C8D871C0C25510056DA81 /* CustomAlterview.h */ = {isa = PBXFileReference; fileEncoding = 4; lastKnownFileType = sourcecode.c.h; path = CustomAlterview.h; sourceTree = "<group>"; };
		6A0C8D881C0C25510056DA81 /* CustomAlterview.m */ = {isa = PBXFileReference; fileEncoding = 4; lastKnownFileType = sourcecode.c.objc; path = CustomAlterview.m; sourceTree = "<group>"; };
		6A0C8D891C0C25510056DA81 /* CustomAlterview.xib */ = {isa = PBXFileReference; fileEncoding = 4; lastKnownFileType = file.xib; path = CustomAlterview.xib; sourceTree = "<group>"; };
		6A50C2191BCCBB8C002B11AC /* DSProfileTableViewCell.h */ = {isa = PBXFileReference; fileEncoding = 4; lastKnownFileType = sourcecode.c.h; path = DSProfileTableViewCell.h; sourceTree = "<group>"; };
		6A50C21A1BCCBB8C002B11AC /* DSProfileTableViewCell.m */ = {isa = PBXFileReference; fileEncoding = 4; lastKnownFileType = sourcecode.c.objc; path = DSProfileTableViewCell.m; sourceTree = "<group>"; };
		6A50C21B1BCCBB8C002B11AC /* DSProfileTableViewCell.xib */ = {isa = PBXFileReference; fileEncoding = 4; lastKnownFileType = file.xib; path = DSProfileTableViewCell.xib; sourceTree = "<group>"; };
		6A59C87A1C2807FD00286E35 /* DSNearbyCustomCell.h */ = {isa = PBXFileReference; fileEncoding = 4; lastKnownFileType = sourcecode.c.h; path = DSNearbyCustomCell.h; sourceTree = "<group>"; };
		6A59C87B1C2807FD00286E35 /* DSNearbyCustomCell.m */ = {isa = PBXFileReference; fileEncoding = 4; lastKnownFileType = sourcecode.c.objc; path = DSNearbyCustomCell.m; sourceTree = "<group>"; };
		6A59C87C1C2807FD00286E35 /* DSNearbyCustomCell.xib */ = {isa = PBXFileReference; fileEncoding = 4; lastKnownFileType = file.xib; path = DSNearbyCustomCell.xib; sourceTree = "<group>"; };
		6A71A93B1C0471FF00D6D5F4 /* en */ = {isa = PBXFileReference; lastKnownFileType = text.plist.strings; name = en; path = en.lproj/NSLocalization.strings; sourceTree = "<group>"; };
		6A8D15D01BCC059B000F1FB4 /* DSProfileTableViewController.h */ = {isa = PBXFileReference; fileEncoding = 4; lastKnownFileType = sourcecode.c.h; path = DSProfileTableViewController.h; sourceTree = "<group>"; };
		6A8D15D11BCC059B000F1FB4 /* DSProfileTableViewController.m */ = {isa = PBXFileReference; fileEncoding = 4; lastKnownFileType = sourcecode.c.objc; path = DSProfileTableViewController.m; sourceTree = "<group>"; };
		6A8D15D21BCC059B000F1FB4 /* DSProfileTableViewController.xib */ = {isa = PBXFileReference; fileEncoding = 4; lastKnownFileType = file.xib; path = DSProfileTableViewController.xib; sourceTree = "<group>"; };
		6ACBF64C1C2E8BAC00AFE131 /* PWParallaxScrollView.h */ = {isa = PBXFileReference; fileEncoding = 4; lastKnownFileType = sourcecode.c.h; name = PWParallaxScrollView.h; path = Helpers/ParallaxScroll/PWParallaxScrollView.h; sourceTree = "<group>"; };
		6ACBF64D1C2E8BAC00AFE131 /* PWParallaxScrollView.m */ = {isa = PBXFileReference; fileEncoding = 4; lastKnownFileType = sourcecode.c.objc; name = PWParallaxScrollView.m; path = Helpers/ParallaxScroll/PWParallaxScrollView.m; sourceTree = "<group>"; };
		6AD8A52C1C2AECE800828AED /* NMRangeSlider.h */ = {isa = PBXFileReference; fileEncoding = 4; lastKnownFileType = sourcecode.c.h; path = NMRangeSlider.h; sourceTree = "<group>"; };
		6AD8A52D1C2AECE800828AED /* NMRangeSlider.m */ = {isa = PBXFileReference; fileEncoding = 4; lastKnownFileType = sourcecode.c.objc; path = NMRangeSlider.m; sourceTree = "<group>"; };
		6AE7361B1C05AA5D00C7DCF0 /* SettingView.h */ = {isa = PBXFileReference; fileEncoding = 4; lastKnownFileType = sourcecode.c.h; path = SettingView.h; sourceTree = "<group>"; };
		6AE7361C1C05AA5D00C7DCF0 /* SettingView.m */ = {isa = PBXFileReference; fileEncoding = 4; lastKnownFileType = sourcecode.c.objc; path = SettingView.m; sourceTree = "<group>"; };
		6AE7361D1C05AA5D00C7DCF0 /* SettingView.xib */ = {isa = PBXFileReference; fileEncoding = 4; lastKnownFileType = file.xib; path = SettingView.xib; sourceTree = "<group>"; };
		C6D5F60B1BC7AF500050C1AE /* Launch Screen.xib */ = {isa = PBXFileReference; fileEncoding = 4; lastKnownFileType = file.xib; path = "Launch Screen.xib"; sourceTree = "<group>"; };
		C6D5F6131BC7B0970050C1AE /* AppDelegate.h */ = {isa = PBXFileReference; fileEncoding = 4; lastKnownFileType = sourcecode.c.h; path = AppDelegate.h; sourceTree = "<group>"; };
		C6D5F6141BC7B0970050C1AE /* AppDelegate.m */ = {isa = PBXFileReference; fileEncoding = 4; lastKnownFileType = sourcecode.c.objc; path = AppDelegate.m; sourceTree = "<group>"; };
		C6D5F61A1BC7B3E60050C1AE /* DSAppCommon.h */ = {isa = PBXFileReference; fileEncoding = 4; lastKnownFileType = sourcecode.c.h; name = DSAppCommon.h; path = ../AppCommon/DSAppCommon.h; sourceTree = "<group>"; };
		C6D5F61B1BC7B3E60050C1AE /* DSAppCommon.m */ = {isa = PBXFileReference; fileEncoding = 4; lastKnownFileType = sourcecode.c.objc; name = DSAppCommon.m; path = ../AppCommon/DSAppCommon.m; sourceTree = "<group>"; };
		C6D5F62C1BC7B52C0050C1AE /* FutworaPro-Regular.otf */ = {isa = PBXFileReference; lastKnownFileType = file; path = "FutworaPro-Regular.otf"; sourceTree = "<group>"; };
		C6D5F62D1BC7B52C0050C1AE /* Patron-Black.ttf */ = {isa = PBXFileReference; lastKnownFileType = file; path = "Patron-Black.ttf"; sourceTree = "<group>"; };
		C6D5F62E1BC7B52C0050C1AE /* Patron-BlackItalic.ttf */ = {isa = PBXFileReference; lastKnownFileType = file; path = "Patron-BlackItalic.ttf"; sourceTree = "<group>"; };
		C6D5F62F1BC7B52C0050C1AE /* Patron-Bold.ttf */ = {isa = PBXFileReference; lastKnownFileType = file; path = "Patron-Bold.ttf"; sourceTree = "<group>"; };
		C6D5F6301BC7B52C0050C1AE /* Patron-BoldItalic.ttf */ = {isa = PBXFileReference; lastKnownFileType = file; path = "Patron-BoldItalic.ttf"; sourceTree = "<group>"; };
		C6D5F6311BC7B52C0050C1AE /* Patron-ExtraLight.ttf */ = {isa = PBXFileReference; lastKnownFileType = file; path = "Patron-ExtraLight.ttf"; sourceTree = "<group>"; };
		C6D5F6321BC7B52C0050C1AE /* Patron-ExtraLightItalic.ttf */ = {isa = PBXFileReference; lastKnownFileType = file; path = "Patron-ExtraLightItalic.ttf"; sourceTree = "<group>"; };
		C6D5F6331BC7B52C0050C1AE /* Patron-Italic.ttf */ = {isa = PBXFileReference; lastKnownFileType = file; path = "Patron-Italic.ttf"; sourceTree = "<group>"; };
		C6D5F6341BC7B52C0050C1AE /* Patron-Medium.ttf */ = {isa = PBXFileReference; lastKnownFileType = file; path = "Patron-Medium.ttf"; sourceTree = "<group>"; };
		C6D5F6351BC7B52C0050C1AE /* Patron-MediumItalic.ttf */ = {isa = PBXFileReference; lastKnownFileType = file; path = "Patron-MediumItalic.ttf"; sourceTree = "<group>"; };
		C6D5F6361BC7B52C0050C1AE /* Patron-Regular.ttf */ = {isa = PBXFileReference; lastKnownFileType = file; path = "Patron-Regular.ttf"; sourceTree = "<group>"; };
		C6D5F6371BC7B52C0050C1AE /* Patron-Thin.ttf */ = {isa = PBXFileReference; lastKnownFileType = file; path = "Patron-Thin.ttf"; sourceTree = "<group>"; };
		C6D5F6381BC7B52C0050C1AE /* Patron-ThinItalic.ttf */ = {isa = PBXFileReference; lastKnownFileType = file; path = "Patron-ThinItalic.ttf"; sourceTree = "<group>"; };
		C6D5F6461BC7B6550050C1AE /* DSConfig.h */ = {isa = PBXFileReference; lastKnownFileType = sourcecode.c.h; path = DSConfig.h; sourceTree = "<group>"; };
		C6D5F67B1BC7EC440050C1AE /* Images.xcassets */ = {isa = PBXFileReference; lastKnownFileType = folder.assetcatalog; path = Images.xcassets; sourceTree = "<group>"; };
		DDEA9D71D215876AA1736C7B /* Pods-DoSomething.debug.xcconfig */ = {isa = PBXFileReference; includeInIndex = 1; lastKnownFileType = text.xcconfig; name = "Pods-DoSomething.debug.xcconfig"; path = "Pods/Target Support Files/Pods-DoSomething/Pods-DoSomething.debug.xcconfig"; sourceTree = "<group>"; };
		EA784EFE1BE0950500863A6D /* DVSwitch.h */ = {isa = PBXFileReference; fileEncoding = 4; lastKnownFileType = sourcecode.c.h; path = DVSwitch.h; sourceTree = "<group>"; };
		EA784EFF1BE0950500863A6D /* DVSwitch.m */ = {isa = PBXFileReference; fileEncoding = 4; lastKnownFileType = sourcecode.c.objc; path = DVSwitch.m; sourceTree = "<group>"; };
		EACB22B81BC7C7F7002FAD54 /* DSLoginViewController.h */ = {isa = PBXFileReference; fileEncoding = 4; lastKnownFileType = sourcecode.c.h; path = DSLoginViewController.h; sourceTree = "<group>"; };
		EACB22B91BC7C7F7002FAD54 /* DSLoginViewController.m */ = {isa = PBXFileReference; fileEncoding = 4; lastKnownFileType = sourcecode.c.objc; path = DSLoginViewController.m; sourceTree = "<group>"; };
		EACB22BA1BC7C7F7002FAD54 /* DSLoginViewController.xib */ = {isa = PBXFileReference; fileEncoding = 4; lastKnownFileType = file.xib; path = DSLoginViewController.xib; sourceTree = "<group>"; };
		EADB94961BDF566C00512374 /* HomeCustomCell.h */ = {isa = PBXFileReference; fileEncoding = 4; lastKnownFileType = sourcecode.c.h; path = HomeCustomCell.h; sourceTree = "<group>"; };
		EADB94971BDF566C00512374 /* HomeCustomCell.m */ = {isa = PBXFileReference; fileEncoding = 4; lastKnownFileType = sourcecode.c.objc; path = HomeCustomCell.m; sourceTree = "<group>"; };
		EADB94981BDF566C00512374 /* HomeCustomCell.xib */ = {isa = PBXFileReference; fileEncoding = 4; lastKnownFileType = file.xib; path = HomeCustomCell.xib; sourceTree = "<group>"; };
		EADB94991BDF566C00512374 /* HomeViewController.h */ = {isa = PBXFileReference; fileEncoding = 4; lastKnownFileType = sourcecode.c.h; path = HomeViewController.h; sourceTree = "<group>"; };
		EADB949A1BDF566C00512374 /* HomeViewController.m */ = {isa = PBXFileReference; fileEncoding = 4; lastKnownFileType = sourcecode.c.objc; path = HomeViewController.m; sourceTree = "<group>"; };
		EADB949B1BDF566C00512374 /* HomeViewController.xib */ = {isa = PBXFileReference; fileEncoding = 4; lastKnownFileType = file.xib; path = HomeViewController.xib; sourceTree = "<group>"; };
		EAEF24FA1BCF9EF600F83E82 /* IQNSArray+Sort.h */ = {isa = PBXFileReference; fileEncoding = 4; lastKnownFileType = sourcecode.c.h; path = "IQNSArray+Sort.h"; sourceTree = "<group>"; };
		EAEF24FB1BCF9EF600F83E82 /* IQNSArray+Sort.m */ = {isa = PBXFileReference; fileEncoding = 4; lastKnownFileType = sourcecode.c.objc; path = "IQNSArray+Sort.m"; sourceTree = "<group>"; };
		EAEF24FC1BCF9EF600F83E82 /* IQUITextFieldView+Additions.h */ = {isa = PBXFileReference; fileEncoding = 4; lastKnownFileType = sourcecode.c.h; path = "IQUITextFieldView+Additions.h"; sourceTree = "<group>"; };
		EAEF24FD1BCF9EF600F83E82 /* IQUITextFieldView+Additions.m */ = {isa = PBXFileReference; fileEncoding = 4; lastKnownFileType = sourcecode.c.objc; path = "IQUITextFieldView+Additions.m"; sourceTree = "<group>"; };
		EAEF24FE1BCF9EF600F83E82 /* IQUIView+Hierarchy.h */ = {isa = PBXFileReference; fileEncoding = 4; lastKnownFileType = sourcecode.c.h; path = "IQUIView+Hierarchy.h"; sourceTree = "<group>"; };
		EAEF24FF1BCF9EF600F83E82 /* IQUIView+Hierarchy.m */ = {isa = PBXFileReference; fileEncoding = 4; lastKnownFileType = sourcecode.c.objc; path = "IQUIView+Hierarchy.m"; sourceTree = "<group>"; };
		EAEF25001BCF9EF600F83E82 /* IQUIViewController+Additions.h */ = {isa = PBXFileReference; fileEncoding = 4; lastKnownFileType = sourcecode.c.h; path = "IQUIViewController+Additions.h"; sourceTree = "<group>"; };
		EAEF25011BCF9EF600F83E82 /* IQUIViewController+Additions.m */ = {isa = PBXFileReference; fileEncoding = 4; lastKnownFileType = sourcecode.c.objc; path = "IQUIViewController+Additions.m"; sourceTree = "<group>"; };
		EAEF25021BCF9EF600F83E82 /* IQUIWindow+Hierarchy.h */ = {isa = PBXFileReference; fileEncoding = 4; lastKnownFileType = sourcecode.c.h; path = "IQUIWindow+Hierarchy.h"; sourceTree = "<group>"; };
		EAEF25031BCF9EF600F83E82 /* IQUIWindow+Hierarchy.m */ = {isa = PBXFileReference; fileEncoding = 4; lastKnownFileType = sourcecode.c.objc; path = "IQUIWindow+Hierarchy.m"; sourceTree = "<group>"; };
		EAEF25051BCF9EF600F83E82 /* IQKeyboardManagerConstants.h */ = {isa = PBXFileReference; fileEncoding = 4; lastKnownFileType = sourcecode.c.h; path = IQKeyboardManagerConstants.h; sourceTree = "<group>"; };
		EAEF25061BCF9EF600F83E82 /* IQKeyboardManagerConstantsInternal.h */ = {isa = PBXFileReference; fileEncoding = 4; lastKnownFileType = sourcecode.c.h; path = IQKeyboardManagerConstantsInternal.h; sourceTree = "<group>"; };
		EAEF25071BCF9EF600F83E82 /* IQKeyboardManager.h */ = {isa = PBXFileReference; fileEncoding = 4; lastKnownFileType = sourcecode.c.h; path = IQKeyboardManager.h; sourceTree = "<group>"; };
		EAEF25081BCF9EF600F83E82 /* IQKeyboardManager.m */ = {isa = PBXFileReference; fileEncoding = 4; lastKnownFileType = sourcecode.c.objc; path = IQKeyboardManager.m; sourceTree = "<group>"; };
		EAEF25091BCF9EF600F83E82 /* IQKeyboardReturnKeyHandler.h */ = {isa = PBXFileReference; fileEncoding = 4; lastKnownFileType = sourcecode.c.h; path = IQKeyboardReturnKeyHandler.h; sourceTree = "<group>"; };
		EAEF250A1BCF9EF600F83E82 /* IQKeyboardReturnKeyHandler.m */ = {isa = PBXFileReference; fileEncoding = 4; lastKnownFileType = sourcecode.c.objc; path = IQKeyboardReturnKeyHandler.m; sourceTree = "<group>"; };
		EAEF250C1BCF9EF600F83E82 /* IQSegmentedNextPrevious.h */ = {isa = PBXFileReference; fileEncoding = 4; lastKnownFileType = sourcecode.c.h; path = IQSegmentedNextPrevious.h; sourceTree = "<group>"; };
		EAEF250D1BCF9EF600F83E82 /* IQSegmentedNextPrevious.m */ = {isa = PBXFileReference; fileEncoding = 4; lastKnownFileType = sourcecode.c.objc; path = IQSegmentedNextPrevious.m; sourceTree = "<group>"; };
		EAEF250F1BCF9EF600F83E82 /* IQTextView.h */ = {isa = PBXFileReference; fileEncoding = 4; lastKnownFileType = sourcecode.c.h; path = IQTextView.h; sourceTree = "<group>"; };
		EAEF25101BCF9EF600F83E82 /* IQTextView.m */ = {isa = PBXFileReference; fileEncoding = 4; lastKnownFileType = sourcecode.c.objc; path = IQTextView.m; sourceTree = "<group>"; };
		EAEF25121BCF9EF600F83E82 /* IQBarButtonItem.h */ = {isa = PBXFileReference; fileEncoding = 4; lastKnownFileType = sourcecode.c.h; path = IQBarButtonItem.h; sourceTree = "<group>"; };
		EAEF25131BCF9EF600F83E82 /* IQBarButtonItem.m */ = {isa = PBXFileReference; fileEncoding = 4; lastKnownFileType = sourcecode.c.objc; path = IQBarButtonItem.m; sourceTree = "<group>"; };
		EAEF25141BCF9EF600F83E82 /* IQTitleBarButtonItem.h */ = {isa = PBXFileReference; fileEncoding = 4; lastKnownFileType = sourcecode.c.h; path = IQTitleBarButtonItem.h; sourceTree = "<group>"; };
		EAEF25151BCF9EF600F83E82 /* IQTitleBarButtonItem.m */ = {isa = PBXFileReference; fileEncoding = 4; lastKnownFileType = sourcecode.c.objc; path = IQTitleBarButtonItem.m; sourceTree = "<group>"; };
		EAEF25161BCF9EF600F83E82 /* IQToolbar.h */ = {isa = PBXFileReference; fileEncoding = 4; lastKnownFileType = sourcecode.c.h; path = IQToolbar.h; sourceTree = "<group>"; };
		EAEF25171BCF9EF600F83E82 /* IQToolbar.m */ = {isa = PBXFileReference; fileEncoding = 4; lastKnownFileType = sourcecode.c.objc; path = IQToolbar.m; sourceTree = "<group>"; };
		EAEF25181BCF9EF600F83E82 /* IQUIView+IQKeyboardToolbar.h */ = {isa = PBXFileReference; fileEncoding = 4; lastKnownFileType = sourcecode.c.h; path = "IQUIView+IQKeyboardToolbar.h"; sourceTree = "<group>"; };
		EAEF25191BCF9EF600F83E82 /* IQUIView+IQKeyboardToolbar.m */ = {isa = PBXFileReference; fileEncoding = 4; lastKnownFileType = sourcecode.c.objc; path = "IQUIView+IQKeyboardToolbar.m"; sourceTree = "<group>"; };
		EAEF251A1BCF9EF600F83E82 /* KeyboardManager.h */ = {isa = PBXFileReference; fileEncoding = 4; lastKnownFileType = sourcecode.c.h; path = KeyboardManager.h; sourceTree = "<group>"; };
		EAEF251C1BCF9EF600F83E82 /* IQKeyboardManager.bundle */ = {isa = PBXFileReference; lastKnownFileType = "wrapper.plug-in"; path = IQKeyboardManager.bundle; sourceTree = "<group>"; };
		EAEF25321BCFEBF400F83E82 /* CustomNavigationView.h */ = {isa = PBXFileReference; fileEncoding = 4; lastKnownFileType = sourcecode.c.h; path = CustomNavigationView.h; sourceTree = "<group>"; };
		EAEF25331BCFEBF400F83E82 /* CustomNavigationView.m */ = {isa = PBXFileReference; fileEncoding = 4; lastKnownFileType = sourcecode.c.objc; path = CustomNavigationView.m; sourceTree = "<group>"; };
		EAEF25341BCFEBF400F83E82 /* CustomNavigationView.xib */ = {isa = PBXFileReference; fileEncoding = 4; lastKnownFileType = file.xib; path = CustomNavigationView.xib; sourceTree = "<group>"; };
		EAF1DC4E1BD8B2AF00D51354 /* DSHomeViewController.h */ = {isa = PBXFileReference; fileEncoding = 4; lastKnownFileType = sourcecode.c.h; path = DSHomeViewController.h; sourceTree = "<group>"; };
		EAF1DC4F1BD8B2AF00D51354 /* DSHomeViewController.m */ = {isa = PBXFileReference; fileEncoding = 4; lastKnownFileType = sourcecode.c.objc; path = DSHomeViewController.m; sourceTree = "<group>"; };
		EAF1DC501BD8B2AF00D51354 /* DSHomeViewController.xib */ = {isa = PBXFileReference; fileEncoding = 4; lastKnownFileType = file.xib; path = DSHomeViewController.xib; sourceTree = "<group>"; };
		EAFC96551BD20FD400B3593D /* DSInterestAndHobbiesViewController.h */ = {isa = PBXFileReference; fileEncoding = 4; lastKnownFileType = sourcecode.c.h; path = DSInterestAndHobbiesViewController.h; sourceTree = "<group>"; };
		EAFC96561BD20FD400B3593D /* DSInterestAndHobbiesViewController.m */ = {isa = PBXFileReference; fileEncoding = 4; lastKnownFileType = sourcecode.c.objc; path = DSInterestAndHobbiesViewController.m; sourceTree = "<group>"; };
		EAFC96571BD20FD400B3593D /* DSInterestAndHobbiesViewController.xib */ = {isa = PBXFileReference; fileEncoding = 4; lastKnownFileType = file.xib; path = DSInterestAndHobbiesViewController.xib; sourceTree = "<group>"; };
		EAFC97941BD21CF800B3593D /* DSInterestAndHobbiesCollectionViewCell.h */ = {isa = PBXFileReference; fileEncoding = 4; lastKnownFileType = sourcecode.c.h; path = DSInterestAndHobbiesCollectionViewCell.h; sourceTree = "<group>"; };
		EAFC97951BD21CF800B3593D /* DSInterestAndHobbiesCollectionViewCell.m */ = {isa = PBXFileReference; fileEncoding = 4; lastKnownFileType = sourcecode.c.objc; path = DSInterestAndHobbiesCollectionViewCell.m; sourceTree = "<group>"; };
		EAFC97961BD21CF800B3593D /* DSInterestAndHobbiesCollectionViewCell.xib */ = {isa = PBXFileReference; fileEncoding = 4; lastKnownFileType = file.xib; path = DSInterestAndHobbiesCollectionViewCell.xib; sourceTree = "<group>"; };
		ED0A47181C2E98C3000CAB95 /* DSChatDetailViewController.h */ = {isa = PBXFileReference; fileEncoding = 4; lastKnownFileType = sourcecode.c.h; path = DSChatDetailViewController.h; sourceTree = "<group>"; };
		ED0A47191C2E98C3000CAB95 /* DSChatDetailViewController.m */ = {isa = PBXFileReference; fileEncoding = 4; lastKnownFileType = sourcecode.c.objc; path = DSChatDetailViewController.m; sourceTree = "<group>"; };
		ED0A471A1C2E98C3000CAB95 /* DSChatDetailViewController.xib */ = {isa = PBXFileReference; fileEncoding = 4; lastKnownFileType = file.xib; path = DSChatDetailViewController.xib; sourceTree = "<group>"; };
		ED0A471E1C2E9965000CAB95 /* ChatDetailCustomcell.h */ = {isa = PBXFileReference; fileEncoding = 4; lastKnownFileType = sourcecode.c.h; path = ChatDetailCustomcell.h; sourceTree = "<group>"; };
		ED0A471F1C2E9965000CAB95 /* ChatDetailCustomcell.m */ = {isa = PBXFileReference; fileEncoding = 4; lastKnownFileType = sourcecode.c.objc; path = ChatDetailCustomcell.m; sourceTree = "<group>"; };
		ED0A47201C2E9965000CAB95 /* ChatDetailCustomcell.xib */ = {isa = PBXFileReference; fileEncoding = 4; lastKnownFileType = file.xib; path = ChatDetailCustomcell.xib; sourceTree = "<group>"; };
		ED78176E1BEC7F6400C7138F /* CoreLocation.framework */ = {isa = PBXFileReference; lastKnownFileType = wrapper.framework; name = CoreLocation.framework; path = System/Library/Frameworks/CoreLocation.framework; sourceTree = SDKROOT; };
		EDAE16271BF3873B0061E99D /* AVFoundation.framework */ = {isa = PBXFileReference; lastKnownFileType = wrapper.framework; name = AVFoundation.framework; path = System/Library/Frameworks/AVFoundation.framework; sourceTree = SDKROOT; };
/* End PBXFileReference section */

/* Begin PBXFrameworksBuildPhase section */
		065BAC4A1BC7A135005AF493 /* Frameworks */ = {
			isa = PBXFrameworksBuildPhase;
			buildActionMask = 2147483647;
			files = (
				EDAE16281BF3873B0061E99D /* AVFoundation.framework in Frameworks */,
				ED78176F1BEC7F6400C7138F /* CoreLocation.framework in Frameworks */,
				51560BC01BE76D53009FCF2A /* AudioToolbox.framework in Frameworks */,
				ABF8DF93B82C6FE210057F55 /* libPods-DoSomething.a in Frameworks */,
			);
			runOnlyForDeploymentPostprocessing = 0;
		};
/* End PBXFrameworksBuildPhase section */

/* Begin PBXGroup section */
		065433141BF38B0400DABBFC /* Audio */ = {
			isa = PBXGroup;
			children = (
				065433151BF38B0400DABBFC /* button-16.mp3 */,
			);
			path = Audio;
			sourceTree = "<group>";
		};
		065BAC441BC7A134005AF493 = {
			isa = PBXGroup;
			children = (
				065BAC4F1BC7A135005AF493 /* DoSomething */,
				065BAC4E1BC7A135005AF493 /* Products */,
				8756DC85FEAEF5DAB0609B11 /* Pods */,
				3D9284336DE9EF0F3BACE1DA /* Frameworks */,
			);
			sourceTree = "<group>";
		};
		065BAC4E1BC7A135005AF493 /* Products */ = {
			isa = PBXGroup;
			children = (
				065BAC4D1BC7A135005AF493 /* DoSomething.app */,
			);
			name = Products;
			sourceTree = "<group>";
		};
		065BAC4F1BC7A135005AF493 /* DoSomething */ = {
			isa = PBXGroup;
			children = (
				2BD72A841BFCC1CC003846E9 /* Helpers */,
				C6D5F6081BC7A4340050C1AE /* Common */,
				C6D5F60A1BC7A4560050C1AE /* ViewController */,
				C6D5F60B1BC7AF500050C1AE /* Launch Screen.xib */,
				065BAC501BC7A135005AF493 /* Supporting Files */,
			);
			path = DoSomething;
			sourceTree = "<group>";
		};
		065BAC501BC7A135005AF493 /* Supporting Files */ = {
			isa = PBXGroup;
			children = (
				6A71A92E1C046FB200D6D5F4 /* Resourse */,
				065433141BF38B0400DABBFC /* Audio */,
				C6D5F67B1BC7EC440050C1AE /* Images.xcassets */,
				2B83CABE1BE895AB0064EC7F /* Defaults */,
				51560BBC1BE76AEF009FCF2A /* Framework */,
				EAFC96C41BD21A1100B3593D /* Hobbies  */,
				C6D5F62B1BC7B52C0050C1AE /* Fonts */,
				065BAC611BC7A135005AF493 /* Info.plist */,
				065BAC511BC7A135005AF493 /* main.m */,
			);
			name = "Supporting Files";
			sourceTree = "<group>";
		};
		2B0209721C2E766900CC588E /* DSNearByImageView */ = {
			isa = PBXGroup;
			children = (
				2B0209731C2E768600CC588E /* DSNearByImageView.h */,
				2B0209741C2E768600CC588E /* DSNearByImageView.m */,
			);
			name = DSNearByImageView;
			path = NearByDetail/DSNearByImageView;
			sourceTree = "<group>";
		};
		2B1332271C1FF81E000A3081 /* NearByDetail */ = {
			isa = PBXGroup;
			children = (
				2B2C088D1C27BB6C00996441 /* DSNearByDetailViewController.h */,
				2B2C088E1C27BB6C00996441 /* DSNearByDetailViewController.m */,
				2B2C088F1C27BB6C00996441 /* DSNearByDetailViewController.xib */,
				6A59C87A1C2807FD00286E35 /* DSNearbyCustomCell.h */,
				6A59C87B1C2807FD00286E35 /* DSNearbyCustomCell.m */,
				6A59C87C1C2807FD00286E35 /* DSNearbyCustomCell.xib */,
				2B0209721C2E766900CC588E /* DSNearByImageView */,
			);
			name = NearByDetail;
			sourceTree = "<group>";
		};
		2B1B8B931C23E7C9005A699E /* AwesomeFont */ = {
			isa = PBXGroup;
			children = (
				2B1B8B941C23E830005A699E /* NSString+FontAwesome.h */,
				2B1B8B951C23E830005A699E /* NSString+FontAwesome.m */,
			);
			name = AwesomeFont;
			sourceTree = "<group>";
		};
		2B83CAAC1BE8744E0064EC7F /* DSWebservice */ = {
			isa = PBXGroup;
			children = (
				2B83CAAD1BE8744E0064EC7F /* DSWebservice.h */,
				2B83CAAE1BE8744E0064EC7F /* DSWebservice.m */,
			);
			name = DSWebservice;
			path = Common/DSWebservice;
			sourceTree = "<group>";
		};
		2B83CABE1BE895AB0064EC7F /* Defaults */ = {
			isa = PBXGroup;
			children = (
				2B83CAC91BE8975F0064EC7F /* Default-736h@3x.png */,
				2B83CABF1BE895AB0064EC7F /* Default.png */,
				2B83CAC11BE895AB0064EC7F /* Default-568h@2x.png */,
				2B83CAC21BE895AB0064EC7F /* Default@2x.png */,
				2B83CAC31BE895AB0064EC7F /* Default-667h@2x.png */,
			);
			path = Defaults;
			sourceTree = "<group>";
		};
		2B83CACB1BE8D4FD0064EC7F /* LoginValidations */ = {
			isa = PBXGroup;
			children = (
				2B83CACC1BE8D4FD0064EC7F /* NSString+validations.h */,
				2B83CACD1BE8D4FD0064EC7F /* NSString+validations.m */,
			);
			name = LoginValidations;
			path = Common/LoginValidations;
			sourceTree = "<group>";
		};
		2BD72A841BFCC1CC003846E9 /* Helpers */ = {
			isa = PBXGroup;
			children = (
				6AD8A52B1C2AECE800828AED /* SliderClass */,
				2B1B8B931C23E7C9005A699E /* AwesomeFont */,
				2BD72AD91BFCC259003846E9 /* ParallexScroll */,
				2BD72A911BFCC228003846E9 /* AFNetworkActivityLogger */,
				2BD72A941BFCC228003846E9 /* AFNetworking */,
				2BD72AA81BFCC228003846E9 /* DAAutoScroll */,
				2BD72AAB1BFCC228003846E9 /* OpenUDID */,
				2BD72AB11BFCC228003846E9 /* UIKit+AFNetworking */,
			);
			name = Helpers;
			sourceTree = "<group>";
		};
		2BD72A911BFCC228003846E9 /* AFNetworkActivityLogger */ = {
			isa = PBXGroup;
			children = (
				2BD72AE01BFCC584003846E9 /* AFNetworkActivityLogger.h */,
				2BD72AE11BFCC584003846E9 /* AFNetworkActivityLogger.m */,
			);
			name = AFNetworkActivityLogger;
			path = Helpers/AFNetworkActivityLogger;
			sourceTree = "<group>";
		};
		2BD72A941BFCC228003846E9 /* AFNetworking */ = {
			isa = PBXGroup;
			children = (
				2BD72AE31BFCC5AD003846E9 /* AFHTTPRequestOperation.h */,
				2BD72AE41BFCC5AD003846E9 /* AFHTTPRequestOperation.m */,
				2BD72AE51BFCC5AD003846E9 /* AFHTTPRequestOperationManager.h */,
				2BD72AE61BFCC5AD003846E9 /* AFHTTPRequestOperationManager.m */,
				2BD72AE71BFCC5AD003846E9 /* AFHTTPSessionManager.h */,
				2BD72AE81BFCC5AD003846E9 /* AFHTTPSessionManager.m */,
				2BD72AE91BFCC5AD003846E9 /* AFNetworking.h */,
				2BD72AEA1BFCC5AD003846E9 /* AFNetworkReachabilityManager.h */,
				2BD72AEB1BFCC5AD003846E9 /* AFNetworkReachabilityManager.m */,
				2BD72AEC1BFCC5AD003846E9 /* AFSecurityPolicy.h */,
				2BD72AED1BFCC5AD003846E9 /* AFSecurityPolicy.m */,
				2BD72AEE1BFCC5AD003846E9 /* AFURLConnectionOperation.h */,
				2BD72AEF1BFCC5AD003846E9 /* AFURLConnectionOperation.m */,
				2BD72AF01BFCC5AD003846E9 /* AFURLRequestSerialization.h */,
				2BD72AF11BFCC5AD003846E9 /* AFURLRequestSerialization.m */,
				2BD72AF21BFCC5AD003846E9 /* AFURLResponseSerialization.h */,
				2BD72AF31BFCC5AD003846E9 /* AFURLResponseSerialization.m */,
				2BD72AF41BFCC5AD003846E9 /* AFURLSessionManager.h */,
				2BD72AF51BFCC5AD003846E9 /* AFURLSessionManager.m */,
			);
			name = AFNetworking;
			path = Helpers/AFNetworking;
			sourceTree = "<group>";
		};
		2BD72AA81BFCC228003846E9 /* DAAutoScroll */ = {
			isa = PBXGroup;
			children = (
				2BD72ADD1BFCC2BF003846E9 /* DAAutoScroll.h */,
				2BD72ADE1BFCC2BF003846E9 /* DAAutoScroll.m */,
			);
			name = DAAutoScroll;
			path = Helpers/DAAutoScroll;
			sourceTree = "<group>";
		};
		2BD72AAB1BFCC228003846E9 /* OpenUDID */ = {
			isa = PBXGroup;
			children = (
				2BD72B181BFCC713003846E9 /* OpenUDID.h */,
				2BD72B191BFCC713003846E9 /* OpenUDID.m */,
			);
			name = OpenUDID;
			path = Helpers/OpenUDID;
			sourceTree = "<group>";
		};
		2BD72AB11BFCC228003846E9 /* UIKit+AFNetworking */ = {
			isa = PBXGroup;
			children = (
				2BD72AFF1BFCC5D4003846E9 /* AFNetworkActivityIndicatorManager.h */,
				2BD72B001BFCC5D4003846E9 /* AFNetworkActivityIndicatorManager.m */,
				2BD72B011BFCC5D4003846E9 /* UIActivityIndicatorView+AFNetworking.h */,
				2BD72B021BFCC5D4003846E9 /* UIActivityIndicatorView+AFNetworking.m */,
				2BD72B031BFCC5D4003846E9 /* UIAlertView+AFNetworking.h */,
				2BD72B041BFCC5D4003846E9 /* UIAlertView+AFNetworking.m */,
				2BD72B051BFCC5D4003846E9 /* UIButton+AFNetworking.h */,
				2BD72B061BFCC5D4003846E9 /* UIButton+AFNetworking.m */,
				2BD72B071BFCC5D4003846E9 /* UIImageView+AFNetworking.h */,
				2BD72B081BFCC5D4003846E9 /* UIImageView+AFNetworking.m */,
				2BD72B091BFCC5D4003846E9 /* UIKit+AFNetworking.h */,
				2BD72B0A1BFCC5D4003846E9 /* UIProgressView+AFNetworking.h */,
				2BD72B0B1BFCC5D4003846E9 /* UIProgressView+AFNetworking.m */,
				2BD72B0C1BFCC5D4003846E9 /* UIRefreshControl+AFNetworking.h */,
				2BD72B0D1BFCC5D4003846E9 /* UIRefreshControl+AFNetworking.m */,
				2BD72B0E1BFCC5D4003846E9 /* UIWebView+AFNetworking.h */,
				2BD72B0F1BFCC5D4003846E9 /* UIWebView+AFNetworking.m */,
			);
			name = "UIKit+AFNetworking";
			path = "Helpers/UIKit+AFNetworking";
			sourceTree = "<group>";
		};
		2BD72AD91BFCC259003846E9 /* ParallexScroll */ = {
			isa = PBXGroup;
			children = (
				6ACBF64C1C2E8BAC00AFE131 /* PWParallaxScrollView.h */,
				6ACBF64D1C2E8BAC00AFE131 /* PWParallaxScrollView.m */,
			);
			name = ParallexScroll;
			sourceTree = "<group>";
		};
		2BEA3FC51C15AD7100237D12 /* TermsOfUse */ = {
			isa = PBXGroup;
			children = (
				2B1B8BE21C24487A005A699E /* DSTermsViewController.h */,
				2B1B8BE31C24487A005A699E /* DSTermsViewController.m */,
				2B1B8BE41C24487A005A699E /* DSTermsViewController.xib */,
			);
			name = TermsOfUse;
			sourceTree = "<group>";
		};
		3D9284336DE9EF0F3BACE1DA /* Frameworks */ = {
			isa = PBXGroup;
			children = (
				60244D170FD7494CCFDD04A4 /* libPods-DoSomething.a */,
			);
			name = Frameworks;
			sourceTree = "<group>";
		};
		513229FD1BDF944E00418216 /* ChatCells */ = {
			isa = PBXGroup;
			children = (
				511C73571BE3801100D3D61D /* ChatTableViewCell.h */,
				511C73581BE3801100D3D61D /* ChatTableViewCell.m */,
				511C73591BE3801100D3D61D /* ChatTableViewCell.xib */,
			);
			name = ChatCells;
			sourceTree = "<group>";
		};
		51560BBC1BE76AEF009FCF2A /* Framework */ = {
			isa = PBXGroup;
			children = (
				EDAE16271BF3873B0061E99D /* AVFoundation.framework */,
				ED78176E1BEC7F6400C7138F /* CoreLocation.framework */,
				51560BBF1BE76D53009FCF2A /* AudioToolbox.framework */,
			);
			name = Framework;
			sourceTree = "<group>";
		};
		51ED4E691BE0C5D50079E030 /* IBActionSheet */ = {
			isa = PBXGroup;
			children = (
				51ED4E6A1BE0C5D50079E030 /* IBActionSheet.h */,
				51ED4E6B1BE0C5D50079E030 /* IBActionSheet.m */,
			);
			name = IBActionSheet;
			path = Common/IBActionSheet;
			sourceTree = "<group>";
		};
		51F3C2EC1BE75D3F001E1FEC /* Location */ = {
			isa = PBXGroup;
			children = (
				51F3C2ED1BE75D3F001E1FEC /* DSLocationViewController.h */,
				51F3C2EE1BE75D3F001E1FEC /* DSLocationViewController.m */,
				51F3C2EF1BE75D40001E1FEC /* DSLocationViewController.xib */,
				51F3C2F01BE75D40001E1FEC /* LocationCollectionViewCell.h */,
				51F3C2F11BE75D40001E1FEC /* LocationCollectionViewCell.m */,
				51F3C2F21BE75D40001E1FEC /* LocationCollectionViewCell.xib */,
				2B1332271C1FF81E000A3081 /* NearByDetail */,
			);
			name = Location;
			path = ViewController/Location;
			sourceTree = "<group>";
		};
		6A0C8D861C0C251C0056DA81 /* CustomAlterview */ = {
			isa = PBXGroup;
			children = (
				6A0C8D871C0C25510056DA81 /* CustomAlterview.h */,
				6A0C8D881C0C25510056DA81 /* CustomAlterview.m */,
				6A0C8D891C0C25510056DA81 /* CustomAlterview.xib */,
			);
			name = CustomAlterview;
			path = Common/CustomAlterview;
			sourceTree = "<group>";
		};
		6A50C2231BCCC310002B11AC /* Chats */ = {
			isa = PBXGroup;
			children = (
				ED0A47171C2E989C000CAB95 /* ChatDetail */,
				513229FD1BDF944E00418216 /* ChatCells */,
				511C73611BE3804E00D3D61D /* DSChatsTableViewController.h */,
				511C73621BE3804E00D3D61D /* DSChatsTableViewController.m */,
				511C73631BE3804E00D3D61D /* DSChatsTableViewController.xib */,
			);
			name = Chats;
			path = ViewController/Chats;
			sourceTree = "<group>";
		};
		6A71A92E1C046FB200D6D5F4 /* Resourse */ = {
			isa = PBXGroup;
			children = (
				6A71A93A1C0471F900D6D5F4 /* NSLocalization.strings */,
			);
			name = Resourse;
			sourceTree = "<group>";
		};
		6A8D15CF1BCC059B000F1FB4 /* Profile */ = {
			isa = PBXGroup;
			children = (
				6A8D15D01BCC059B000F1FB4 /* DSProfileTableViewController.h */,
				6A8D15D11BCC059B000F1FB4 /* DSProfileTableViewController.m */,
				6A8D15D21BCC059B000F1FB4 /* DSProfileTableViewController.xib */,
				6A50C2191BCCBB8C002B11AC /* DSProfileTableViewCell.h */,
				6A50C21A1BCCBB8C002B11AC /* DSProfileTableViewCell.m */,
				6A50C21B1BCCBB8C002B11AC /* DSProfileTableViewCell.xib */,
			);
			name = Profile;
			path = ViewController/Profile;
			sourceTree = "<group>";
		};
		6AD8A52B1C2AECE800828AED /* SliderClass */ = {
			isa = PBXGroup;
			children = (
				6AD8A52C1C2AECE800828AED /* NMRangeSlider.h */,
				6AD8A52D1C2AECE800828AED /* NMRangeSlider.m */,
			);
			name = SliderClass;
			path = Helpers/SliderClass;
			sourceTree = "<group>";
		};
		6AE7361A1C05AA1400C7DCF0 /* SettingView */ = {
			isa = PBXGroup;
			children = (
				6AE7361B1C05AA5D00C7DCF0 /* SettingView.h */,
				6AE7361C1C05AA5D00C7DCF0 /* SettingView.m */,
				6AE7361D1C05AA5D00C7DCF0 /* SettingView.xib */,
			);
			name = SettingView;
			path = ViewController/SettingView;
			sourceTree = "<group>";
		};
		8756DC85FEAEF5DAB0609B11 /* Pods */ = {
			isa = PBXGroup;
			children = (
				DDEA9D71D215876AA1736C7B /* Pods-DoSomething.debug.xcconfig */,
				1C75845E698F9F0E3DFC07B6 /* Pods-DoSomething.release.xcconfig */,
			);
			name = Pods;
			sourceTree = "<group>";
		};
		C6D5F6081BC7A4340050C1AE /* Common */ = {
			isa = PBXGroup;
			children = (
				ED25ED691C2838E80041B856 /* ChatTextView */,
				6A0C8D861C0C251C0056DA81 /* CustomAlterview */,
				2B83CACB1BE8D4FD0064EC7F /* LoginValidations */,
				2B83CAAC1BE8744E0064EC7F /* DSWebservice */,
				EA784EFD1BE0950500863A6D /* Switcher */,
				EAEF25311BCFEBF400F83E82 /* CustomNavigation */,
				EAEF24F81BCF9EF600F83E82 /* IQKeyBoardManager */,
				C6D5F6471BC7BB540050C1AE /* AppCommon */,
				51ED4E691BE0C5D50079E030 /* IBActionSheet */,
				C6D5F6121BC7B0970050C1AE /* AppDelegate */,
				C6D5F6461BC7B6550050C1AE /* DSConfig.h */,
			);
			name = Common;
			sourceTree = "<group>";
		};
		C6D5F60A1BC7A4560050C1AE /* ViewController */ = {
			isa = PBXGroup;
			children = (
				EADB94941BDF566C00512374 /* DosomethingView */,
				EAF1DC4D1BD8B2AF00D51354 /* HomeView */,
				EACB22B71BC7C7F7002FAD54 /* Login */,
				2BEA3FC51C15AD7100237D12 /* TermsOfUse */,
				6AE7361A1C05AA1400C7DCF0 /* SettingView */,
				6A8D15CF1BCC059B000F1FB4 /* Profile */,
				EAFC96541BD20FD400B3593D /* Hobbies */,
				6A50C2231BCCC310002B11AC /* Chats */,
				51F3C2EC1BE75D3F001E1FEC /* Location */,
			);
			name = ViewController;
			sourceTree = "<group>";
		};
		C6D5F6121BC7B0970050C1AE /* AppDelegate */ = {
			isa = PBXGroup;
			children = (
				C6D5F6131BC7B0970050C1AE /* AppDelegate.h */,
				C6D5F6141BC7B0970050C1AE /* AppDelegate.m */,
			);
			name = AppDelegate;
			path = Common/AppDelegate;
			sourceTree = "<group>";
		};
		C6D5F62B1BC7B52C0050C1AE /* Fonts */ = {
			isa = PBXGroup;
			children = (
				2B0C3B3F1C2A7A00009B7B42 /* fontawesome-webfont.ttf */,
				C6D5F62C1BC7B52C0050C1AE /* FutworaPro-Regular.otf */,
				C6D5F62D1BC7B52C0050C1AE /* Patron-Black.ttf */,
				C6D5F62E1BC7B52C0050C1AE /* Patron-BlackItalic.ttf */,
				C6D5F62F1BC7B52C0050C1AE /* Patron-Bold.ttf */,
				C6D5F6301BC7B52C0050C1AE /* Patron-BoldItalic.ttf */,
				C6D5F6311BC7B52C0050C1AE /* Patron-ExtraLight.ttf */,
				C6D5F6321BC7B52C0050C1AE /* Patron-ExtraLightItalic.ttf */,
				C6D5F6331BC7B52C0050C1AE /* Patron-Italic.ttf */,
				C6D5F6341BC7B52C0050C1AE /* Patron-Medium.ttf */,
				C6D5F6351BC7B52C0050C1AE /* Patron-MediumItalic.ttf */,
				C6D5F6361BC7B52C0050C1AE /* Patron-Regular.ttf */,
				C6D5F6371BC7B52C0050C1AE /* Patron-Thin.ttf */,
				C6D5F6381BC7B52C0050C1AE /* Patron-ThinItalic.ttf */,
			);
			path = Fonts;
			sourceTree = "<group>";
		};
		C6D5F6471BC7BB540050C1AE /* AppCommon */ = {
			isa = PBXGroup;
			children = (
				C6D5F61A1BC7B3E60050C1AE /* DSAppCommon.h */,
				C6D5F61B1BC7B3E60050C1AE /* DSAppCommon.m */,
			);
			name = AppCommon;
			path = Common/AppDelegate;
			sourceTree = "<group>";
		};
		EA784EFD1BE0950500863A6D /* Switcher */ = {
			isa = PBXGroup;
			children = (
				EA784EFE1BE0950500863A6D /* DVSwitch.h */,
				EA784EFF1BE0950500863A6D /* DVSwitch.m */,
			);
			name = Switcher;
			path = Common/Switcher;
			sourceTree = "<group>";
		};
		EACB22B71BC7C7F7002FAD54 /* Login */ = {
			isa = PBXGroup;
			children = (
				EACB22B81BC7C7F7002FAD54 /* DSLoginViewController.h */,
				EACB22B91BC7C7F7002FAD54 /* DSLoginViewController.m */,
				EACB22BA1BC7C7F7002FAD54 /* DSLoginViewController.xib */,
			);
			name = Login;
			path = ViewController/Login;
			sourceTree = "<group>";
		};
		EADB94941BDF566C00512374 /* DosomethingView */ = {
			isa = PBXGroup;
			children = (
				EADB94951BDF566C00512374 /* HomeCustomCell */,
				EADB94991BDF566C00512374 /* HomeViewController.h */,
				EADB949A1BDF566C00512374 /* HomeViewController.m */,
				EADB949B1BDF566C00512374 /* HomeViewController.xib */,
			);
			name = DosomethingView;
			path = ViewController/DosomethingView;
			sourceTree = "<group>";
		};
		EADB94951BDF566C00512374 /* HomeCustomCell */ = {
			isa = PBXGroup;
			children = (
				EADB94961BDF566C00512374 /* HomeCustomCell.h */,
				EADB94971BDF566C00512374 /* HomeCustomCell.m */,
				EADB94981BDF566C00512374 /* HomeCustomCell.xib */,
			);
			path = HomeCustomCell;
			sourceTree = "<group>";
		};
		EAEF24F81BCF9EF600F83E82 /* IQKeyBoardManager */ = {
			isa = PBXGroup;
			children = (
				EAEF24F91BCF9EF600F83E82 /* Categories */,
				EAEF25041BCF9EF600F83E82 /* Constants */,
				EAEF25071BCF9EF600F83E82 /* IQKeyboardManager.h */,
				EAEF25081BCF9EF600F83E82 /* IQKeyboardManager.m */,
				EAEF25091BCF9EF600F83E82 /* IQKeyboardReturnKeyHandler.h */,
				EAEF250A1BCF9EF600F83E82 /* IQKeyboardReturnKeyHandler.m */,
				EAEF250B1BCF9EF600F83E82 /* IQSegmentedNextPrevious */,
				EAEF250E1BCF9EF600F83E82 /* IQTextView */,
				EAEF25111BCF9EF600F83E82 /* IQToolbar */,
				EAEF251A1BCF9EF600F83E82 /* KeyboardManager.h */,
				EAEF251B1BCF9EF600F83E82 /* Resources */,
			);
			name = IQKeyBoardManager;
			path = Common/IQKeyBoardManager;
			sourceTree = "<group>";
		};
		EAEF24F91BCF9EF600F83E82 /* Categories */ = {
			isa = PBXGroup;
			children = (
				EAEF24FA1BCF9EF600F83E82 /* IQNSArray+Sort.h */,
				EAEF24FB1BCF9EF600F83E82 /* IQNSArray+Sort.m */,
				EAEF24FC1BCF9EF600F83E82 /* IQUITextFieldView+Additions.h */,
				EAEF24FD1BCF9EF600F83E82 /* IQUITextFieldView+Additions.m */,
				EAEF24FE1BCF9EF600F83E82 /* IQUIView+Hierarchy.h */,
				EAEF24FF1BCF9EF600F83E82 /* IQUIView+Hierarchy.m */,
				EAEF25001BCF9EF600F83E82 /* IQUIViewController+Additions.h */,
				EAEF25011BCF9EF600F83E82 /* IQUIViewController+Additions.m */,
				EAEF25021BCF9EF600F83E82 /* IQUIWindow+Hierarchy.h */,
				EAEF25031BCF9EF600F83E82 /* IQUIWindow+Hierarchy.m */,
			);
			path = Categories;
			sourceTree = "<group>";
		};
		EAEF25041BCF9EF600F83E82 /* Constants */ = {
			isa = PBXGroup;
			children = (
				EAEF25051BCF9EF600F83E82 /* IQKeyboardManagerConstants.h */,
				EAEF25061BCF9EF600F83E82 /* IQKeyboardManagerConstantsInternal.h */,
			);
			path = Constants;
			sourceTree = "<group>";
		};
		EAEF250B1BCF9EF600F83E82 /* IQSegmentedNextPrevious */ = {
			isa = PBXGroup;
			children = (
				EAEF250C1BCF9EF600F83E82 /* IQSegmentedNextPrevious.h */,
				EAEF250D1BCF9EF600F83E82 /* IQSegmentedNextPrevious.m */,
			);
			path = IQSegmentedNextPrevious;
			sourceTree = "<group>";
		};
		EAEF250E1BCF9EF600F83E82 /* IQTextView */ = {
			isa = PBXGroup;
			children = (
				EAEF250F1BCF9EF600F83E82 /* IQTextView.h */,
				EAEF25101BCF9EF600F83E82 /* IQTextView.m */,
			);
			path = IQTextView;
			sourceTree = "<group>";
		};
		EAEF25111BCF9EF600F83E82 /* IQToolbar */ = {
			isa = PBXGroup;
			children = (
				EAEF25121BCF9EF600F83E82 /* IQBarButtonItem.h */,
				EAEF25131BCF9EF600F83E82 /* IQBarButtonItem.m */,
				EAEF25141BCF9EF600F83E82 /* IQTitleBarButtonItem.h */,
				EAEF25151BCF9EF600F83E82 /* IQTitleBarButtonItem.m */,
				EAEF25161BCF9EF600F83E82 /* IQToolbar.h */,
				EAEF25171BCF9EF600F83E82 /* IQToolbar.m */,
				EAEF25181BCF9EF600F83E82 /* IQUIView+IQKeyboardToolbar.h */,
				EAEF25191BCF9EF600F83E82 /* IQUIView+IQKeyboardToolbar.m */,
			);
			path = IQToolbar;
			sourceTree = "<group>";
		};
		EAEF251B1BCF9EF600F83E82 /* Resources */ = {
			isa = PBXGroup;
			children = (
				EAEF251C1BCF9EF600F83E82 /* IQKeyboardManager.bundle */,
			);
			path = Resources;
			sourceTree = "<group>";
		};
		EAEF25311BCFEBF400F83E82 /* CustomNavigation */ = {
			isa = PBXGroup;
			children = (
				EAEF25321BCFEBF400F83E82 /* CustomNavigationView.h */,
				EAEF25331BCFEBF400F83E82 /* CustomNavigationView.m */,
				EAEF25341BCFEBF400F83E82 /* CustomNavigationView.xib */,
			);
			name = CustomNavigation;
			path = Common/CustomNavigation;
			sourceTree = "<group>";
		};
		EAF1DC4D1BD8B2AF00D51354 /* HomeView */ = {
			isa = PBXGroup;
			children = (
				EAF1DC4E1BD8B2AF00D51354 /* DSHomeViewController.h */,
				EAF1DC4F1BD8B2AF00D51354 /* DSHomeViewController.m */,
				EAF1DC501BD8B2AF00D51354 /* DSHomeViewController.xib */,
			);
			name = HomeView;
			path = ViewController/HomeView;
			sourceTree = "<group>";
		};
		EAFC96541BD20FD400B3593D /* Hobbies */ = {
			isa = PBXGroup;
			children = (
				EAFC96551BD20FD400B3593D /* DSInterestAndHobbiesViewController.h */,
				EAFC96561BD20FD400B3593D /* DSInterestAndHobbiesViewController.m */,
				EAFC96571BD20FD400B3593D /* DSInterestAndHobbiesViewController.xib */,
				EAFC97941BD21CF800B3593D /* DSInterestAndHobbiesCollectionViewCell.h */,
				EAFC97951BD21CF800B3593D /* DSInterestAndHobbiesCollectionViewCell.m */,
				EAFC97961BD21CF800B3593D /* DSInterestAndHobbiesCollectionViewCell.xib */,
			);
			name = Hobbies;
			path = "ViewController/Interest And Hobbies";
			sourceTree = "<group>";
		};
		EAFC96C41BD21A1100B3593D /* Hobbies  */ = {
			isa = PBXGroup;
			children = (
			);
			name = "Hobbies ";
			path = "Interest And Hobbies Images/@3x";
			sourceTree = "<group>";
		};
		ED0A47171C2E989C000CAB95 /* ChatDetail */ = {
			isa = PBXGroup;
			children = (
				ED0A471D1C2E993F000CAB95 /* ChatCustomCell */,
				ED0A47181C2E98C3000CAB95 /* DSChatDetailViewController.h */,
				ED0A47191C2E98C3000CAB95 /* DSChatDetailViewController.m */,
				ED0A471A1C2E98C3000CAB95 /* DSChatDetailViewController.xib */,
			);
			path = ChatDetail;
			sourceTree = "<group>";
		};
		ED0A471D1C2E993F000CAB95 /* ChatCustomCell */ = {
			isa = PBXGroup;
			children = (
				ED0A471E1C2E9965000CAB95 /* ChatDetailCustomcell.h */,
				ED0A471F1C2E9965000CAB95 /* ChatDetailCustomcell.m */,
				ED0A47201C2E9965000CAB95 /* ChatDetailCustomcell.xib */,
			);
			path = ChatCustomCell;
			sourceTree = "<group>";
		};
		ED25ED691C2838E80041B856 /* ChatTextView */ = {
			isa = PBXGroup;
			children = (
				2BC69E6D1C2976E80074C486 /* ChatTextView.h */,
				2BC69E6E1C2976E80074C486 /* ChatTextView.m */,
			);
			name = ChatTextView;
			path = Common/ChatTextView;
			sourceTree = "<group>";
		};
/* End PBXGroup section */

/* Begin PBXNativeTarget section */
		065BAC4C1BC7A135005AF493 /* DoSomething */ = {
			isa = PBXNativeTarget;
			buildConfigurationList = 065BAC641BC7A135005AF493 /* Build configuration list for PBXNativeTarget "DoSomething" */;
			buildPhases = (
				2D106F383D97C84D5F85BFD3 /* Check Pods Manifest.lock */,
				065BAC491BC7A135005AF493 /* Sources */,
				065BAC4A1BC7A135005AF493 /* Frameworks */,
				065BAC4B1BC7A135005AF493 /* Resources */,
				26F1D6749EF2DA5C6BE5CD4B /* Embed Pods Frameworks */,
				A7CCCD5C730FE99EB5BE2D8C /* Copy Pods Resources */,
				06AFCC121C07017D00D718A0 /* ShellScript */,
			);
			buildRules = (
			);
			dependencies = (
			);
			name = DoSomething;
			productName = DoSomething;
			productReference = 065BAC4D1BC7A135005AF493 /* DoSomething.app */;
			productType = "com.apple.product-type.application";
		};
/* End PBXNativeTarget section */

/* Begin PBXProject section */
		065BAC451BC7A134005AF493 /* Project object */ = {
			isa = PBXProject;
			attributes = {
				LastUpgradeCheck = 0700;
				ORGANIZATIONNAME = "OClock Apps";
				TargetAttributes = {
					065BAC4C1BC7A135005AF493 = {
						CreatedOnToolsVersion = 7.0.1;
						DevelopmentTeam = 384S95M8XQ;
					};
				};
			};
			buildConfigurationList = 065BAC481BC7A134005AF493 /* Build configuration list for PBXProject "DoSomething" */;
			compatibilityVersion = "Xcode 3.2";
			developmentRegion = English;
			hasScannedForEncodings = 0;
			knownRegions = (
				en,
				Base,
			);
			mainGroup = 065BAC441BC7A134005AF493;
			productRefGroup = 065BAC4E1BC7A135005AF493 /* Products */;
			projectDirPath = "";
			projectRoot = "";
			targets = (
				065BAC4C1BC7A135005AF493 /* DoSomething */,
			);
		};
/* End PBXProject section */

/* Begin PBXResourcesBuildPhase section */
		065BAC4B1BC7A135005AF493 /* Resources */ = {
			isa = PBXResourcesBuildPhase;
			buildActionMask = 2147483647;
			files = (
				EAF1DC521BD8B2AF00D51354 /* DSHomeViewController.xib in Resources */,
				2B2C08911C27BB6C00996441 /* DSNearByDetailViewController.xib in Resources */,
				2B83CAC41BE895AB0064EC7F /* Default.png in Resources */,
				EAEF252A1BCF9EF600F83E82 /* IQKeyboardManager.bundle in Resources */,
				2B83CAC81BE895AB0064EC7F /* Default-667h@2x.png in Resources */,
				EADB949D1BDF566C00512374 /* HomeCustomCell.xib in Resources */,
				2B83CAC71BE895AB0064EC7F /* Default@2x.png in Resources */,
				C6D5F63F1BC7B52C0050C1AE /* Patron-ExtraLightItalic.ttf in Resources */,
				EAEF25361BCFEBF400F83E82 /* CustomNavigationView.xib in Resources */,
				C6D5F63D1BC7B52C0050C1AE /* Patron-BoldItalic.ttf in Resources */,
				2B1B8BE61C24487A005A699E /* DSTermsViewController.xib in Resources */,
				6A50C21D1BCCBB8C002B11AC /* DSProfileTableViewCell.xib in Resources */,
				51F3C2F61BE75D40001E1FEC /* LocationCollectionViewCell.xib in Resources */,
				511C735E1BE3801100D3D61D /* ChatTableViewCell.xib in Resources */,
				2B83CAC61BE895AB0064EC7F /* Default-568h@2x.png in Resources */,
				2B0C3B401C2A7A00009B7B42 /* fontawesome-webfont.ttf in Resources */,
				065433161BF38B0400DABBFC /* button-16.mp3 in Resources */,
				C6D5F6391BC7B52C0050C1AE /* FutworaPro-Regular.otf in Resources */,
				ED0A471C1C2E98C3000CAB95 /* DSChatDetailViewController.xib in Resources */,
				C6D5F6401BC7B52C0050C1AE /* Patron-Italic.ttf in Resources */,
				6AE7361F1C05AA5D00C7DCF0 /* SettingView.xib in Resources */,
				EACB22BC1BC7C7F7002FAD54 /* DSLoginViewController.xib in Resources */,
				C6D5F63A1BC7B52C0050C1AE /* Patron-Black.ttf in Resources */,
				51F3C2F41BE75D40001E1FEC /* DSLocationViewController.xib in Resources */,
				511C73651BE3804E00D3D61D /* DSChatsTableViewController.xib in Resources */,
				C6D5F6421BC7B52C0050C1AE /* Patron-MediumItalic.ttf in Resources */,
				C6D5F60C1BC7AF500050C1AE /* Launch Screen.xib in Resources */,
				6A8D15D41BCC059B000F1FB4 /* DSProfileTableViewController.xib in Resources */,
				C6D5F6441BC7B52C0050C1AE /* Patron-Thin.ttf in Resources */,
				6A59C87E1C2807FD00286E35 /* DSNearbyCustomCell.xib in Resources */,
				C6D5F6411BC7B52C0050C1AE /* Patron-Medium.ttf in Resources */,
				ED0A47221C2E9965000CAB95 /* ChatDetailCustomcell.xib in Resources */,
				C6D5F6431BC7B52C0050C1AE /* Patron-Regular.ttf in Resources */,
				C6D5F67C1BC7EC440050C1AE /* Images.xcassets in Resources */,
				EAFC96591BD20FD400B3593D /* DSInterestAndHobbiesViewController.xib in Resources */,
				6A0C8D8B1C0C25510056DA81 /* CustomAlterview.xib in Resources */,
				C6D5F6451BC7B52C0050C1AE /* Patron-ThinItalic.ttf in Resources */,
				EADB949F1BDF566C00512374 /* HomeViewController.xib in Resources */,
				C6D5F63E1BC7B52C0050C1AE /* Patron-ExtraLight.ttf in Resources */,
				EAFC97981BD21CF800B3593D /* DSInterestAndHobbiesCollectionViewCell.xib in Resources */,
				C6D5F63B1BC7B52C0050C1AE /* Patron-BlackItalic.ttf in Resources */,
				C6D5F63C1BC7B52C0050C1AE /* Patron-Bold.ttf in Resources */,
				6A71A9381C0471F900D6D5F4 /* NSLocalization.strings in Resources */,
				2B83CACA1BE8975F0064EC7F /* Default-736h@3x.png in Resources */,
			);
			runOnlyForDeploymentPostprocessing = 0;
		};
/* End PBXResourcesBuildPhase section */

/* Begin PBXShellScriptBuildPhase section */
		06AFCC121C07017D00D718A0 /* ShellScript */ = {
			isa = PBXShellScriptBuildPhase;
			buildActionMask = 2147483647;
			files = (
			);
			inputPaths = (
			);
			outputPaths = (
			);
			runOnlyForDeploymentPostprocessing = 0;
			shellPath = /bin/sh;
			shellScript = "\"${PODS_ROOT}/Fabric/run\" 503f4f81c3abebe17eb835f0cd76cc5c8e97d057 81d8f0edbf7b1beaf757d2ac92fde7af47361ba31e6c9531ea4d918c3a329269";
		};
		26F1D6749EF2DA5C6BE5CD4B /* Embed Pods Frameworks */ = {
			isa = PBXShellScriptBuildPhase;
			buildActionMask = 2147483647;
			files = (
			);
			inputPaths = (
			);
			name = "Embed Pods Frameworks";
			outputPaths = (
			);
			runOnlyForDeploymentPostprocessing = 0;
			shellPath = /bin/sh;
			shellScript = "\"${SRCROOT}/Pods/Target Support Files/Pods-DoSomething/Pods-DoSomething-frameworks.sh\"\n";
			showEnvVarsInLog = 0;
		};
		2D106F383D97C84D5F85BFD3 /* Check Pods Manifest.lock */ = {
			isa = PBXShellScriptBuildPhase;
			buildActionMask = 2147483647;
			files = (
			);
			inputPaths = (
			);
			name = "Check Pods Manifest.lock";
			outputPaths = (
			);
			runOnlyForDeploymentPostprocessing = 0;
			shellPath = /bin/sh;
			shellScript = "diff \"${PODS_ROOT}/../Podfile.lock\" \"${PODS_ROOT}/Manifest.lock\" > /dev/null\nif [[ $? != 0 ]] ; then\n    cat << EOM\nerror: The sandbox is not in sync with the Podfile.lock. Run 'pod install' or update your CocoaPods installation.\nEOM\n    exit 1\nfi\n";
			showEnvVarsInLog = 0;
		};
		A7CCCD5C730FE99EB5BE2D8C /* Copy Pods Resources */ = {
			isa = PBXShellScriptBuildPhase;
			buildActionMask = 2147483647;
			files = (
			);
			inputPaths = (
			);
			name = "Copy Pods Resources";
			outputPaths = (
			);
			runOnlyForDeploymentPostprocessing = 0;
			shellPath = /bin/sh;
			shellScript = "\"${SRCROOT}/Pods/Target Support Files/Pods-DoSomething/Pods-DoSomething-resources.sh\"\n";
			showEnvVarsInLog = 0;
		};
/* End PBXShellScriptBuildPhase section */

/* Begin PBXSourcesBuildPhase section */
		065BAC491BC7A135005AF493 /* Sources */ = {
			isa = PBXSourcesBuildPhase;
			buildActionMask = 2147483647;
			files = (
				6ACBF64F1C2E8C2F00AFE131 /* PWParallaxScrollView.m in Sources */,
				2BD72AFB1BFCC5AD003846E9 /* AFURLConnectionOperation.m in Sources */,
				EAEF25221BCF9EF600F83E82 /* IQKeyboardManager.m in Sources */,
				EAEF251D1BCF9EF600F83E82 /* IQNSArray+Sort.m in Sources */,
				EAEF25201BCF9EF600F83E82 /* IQUIViewController+Additions.m in Sources */,
				C6D5F61C1BC7B3E60050C1AE /* DSAppCommon.m in Sources */,
				51ED4E6C1BE0C5D50079E030 /* IBActionSheet.m in Sources */,
				EACB22BB1BC7C7F7002FAD54 /* DSLoginViewController.m in Sources */,
				EA784F001BE0950500863A6D /* DVSwitch.m in Sources */,
				6AE7361E1C05AA5D00C7DCF0 /* SettingView.m in Sources */,
				EAEF251E1BCF9EF600F83E82 /* IQUITextFieldView+Additions.m in Sources */,
				2BD72AFC1BFCC5AD003846E9 /* AFURLRequestSerialization.m in Sources */,
				511C73641BE3804E00D3D61D /* DSChatsTableViewController.m in Sources */,
				EAEF25261BCF9EF600F83E82 /* IQBarButtonItem.m in Sources */,
				2BD72AF91BFCC5AD003846E9 /* AFNetworkReachabilityManager.m in Sources */,
				2BD72B161BFCC5D4003846E9 /* UIRefreshControl+AFNetworking.m in Sources */,
				2BD72AFE1BFCC5AD003846E9 /* AFURLSessionManager.m in Sources */,
				EAF1DC511BD8B2AF00D51354 /* DSHomeViewController.m in Sources */,
				2BD72AF61BFCC5AD003846E9 /* AFHTTPRequestOperation.m in Sources */,
				2B1B8B961C23E830005A699E /* NSString+FontAwesome.m in Sources */,
				2B1B8BE51C24487A005A699E /* DSTermsViewController.m in Sources */,
				2BD72B131BFCC5D4003846E9 /* UIButton+AFNetworking.m in Sources */,
				EAEF25271BCF9EF600F83E82 /* IQTitleBarButtonItem.m in Sources */,
				EAEF251F1BCF9EF600F83E82 /* IQUIView+Hierarchy.m in Sources */,
				2B2C08901C27BB6C00996441 /* DSNearByDetailViewController.m in Sources */,
				065BAC521BC7A135005AF493 /* main.m in Sources */,
				2BD72B151BFCC5D4003846E9 /* UIProgressView+AFNetworking.m in Sources */,
				2BD72B101BFCC5D4003846E9 /* AFNetworkActivityIndicatorManager.m in Sources */,
				2BD72B1A1BFCC713003846E9 /* OpenUDID.m in Sources */,
				6A50C21C1BCCBB8C002B11AC /* DSProfileTableViewCell.m in Sources */,
				EAEF25241BCF9EF600F83E82 /* IQSegmentedNextPrevious.m in Sources */,
				2B83CACE1BE8D4FD0064EC7F /* NSString+validations.m in Sources */,
				ED0A471B1C2E98C3000CAB95 /* DSChatDetailViewController.m in Sources */,
				6A59C87D1C2807FD00286E35 /* DSNearbyCustomCell.m in Sources */,
				2BD72B171BFCC5D4003846E9 /* UIWebView+AFNetworking.m in Sources */,
				2B83CAAF1BE8744E0064EC7F /* DSWebservice.m in Sources */,
				511C735D1BE3801100D3D61D /* ChatTableViewCell.m in Sources */,
				2BD72B141BFCC5D4003846E9 /* UIImageView+AFNetworking.m in Sources */,
				EAEF25351BCFEBF400F83E82 /* CustomNavigationView.m in Sources */,
				EAEF25251BCF9EF600F83E82 /* IQTextView.m in Sources */,
				EADB949C1BDF566C00512374 /* HomeCustomCell.m in Sources */,
				2B0209751C2E768600CC588E /* DSNearByImageView.m in Sources */,
				EAEF25211BCF9EF600F83E82 /* IQUIWindow+Hierarchy.m in Sources */,
				EAFC96581BD20FD400B3593D /* DSInterestAndHobbiesViewController.m in Sources */,
				2BD72ADF1BFCC2BF003846E9 /* DAAutoScroll.m in Sources */,
				EAEF25231BCF9EF600F83E82 /* IQKeyboardReturnKeyHandler.m in Sources */,
				C6D5F6151BC7B0970050C1AE /* AppDelegate.m in Sources */,
				EAEF25291BCF9EF600F83E82 /* IQUIView+IQKeyboardToolbar.m in Sources */,
				2BD72AF71BFCC5AD003846E9 /* AFHTTPRequestOperationManager.m in Sources */,
				ED0A47211C2E9965000CAB95 /* ChatDetailCustomcell.m in Sources */,
				51F3C2F31BE75D40001E1FEC /* DSLocationViewController.m in Sources */,
				2BD72AF81BFCC5AD003846E9 /* AFHTTPSessionManager.m in Sources */,
				2BD72AE21BFCC584003846E9 /* AFNetworkActivityLogger.m in Sources */,
				2BC69E6F1C2976E80074C486 /* ChatTextView.m in Sources */,
				2BD72AFA1BFCC5AD003846E9 /* AFSecurityPolicy.m in Sources */,
				6A0C8D8A1C0C25510056DA81 /* CustomAlterview.m in Sources */,
				2BD72AFD1BFCC5AD003846E9 /* AFURLResponseSerialization.m in Sources */,
				EAFC97971BD21CF800B3593D /* DSInterestAndHobbiesCollectionViewCell.m in Sources */,
				2BD72B121BFCC5D4003846E9 /* UIAlertView+AFNetworking.m in Sources */,
				51F3C2F51BE75D40001E1FEC /* LocationCollectionViewCell.m in Sources */,
				6AD8A52E1C2AECE800828AED /* NMRangeSlider.m in Sources */,
				EADB949E1BDF566C00512374 /* HomeViewController.m in Sources */,
				6A8D15D31BCC059B000F1FB4 /* DSProfileTableViewController.m in Sources */,
				EAEF25281BCF9EF600F83E82 /* IQToolbar.m in Sources */,
				2BD72B111BFCC5D4003846E9 /* UIActivityIndicatorView+AFNetworking.m in Sources */,
			);
			runOnlyForDeploymentPostprocessing = 0;
		};
/* End PBXSourcesBuildPhase section */

/* Begin PBXVariantGroup section */
		6A71A93A1C0471F900D6D5F4 /* NSLocalization.strings */ = {
			isa = PBXVariantGroup;
			children = (
				6A71A93B1C0471FF00D6D5F4 /* en */,
			);
			name = NSLocalization.strings;
			sourceTree = "<group>";
		};
/* End PBXVariantGroup section */

/* Begin XCBuildConfiguration section */
		065BAC621BC7A135005AF493 /* Debug */ = {
			isa = XCBuildConfiguration;
			buildSettings = {
				ALWAYS_SEARCH_USER_PATHS = NO;
				CLANG_CXX_LANGUAGE_STANDARD = "gnu++0x";
				CLANG_CXX_LIBRARY = "libc++";
				CLANG_ENABLE_MODULES = YES;
				CLANG_ENABLE_OBJC_ARC = YES;
				CLANG_WARN_BOOL_CONVERSION = YES;
				CLANG_WARN_CONSTANT_CONVERSION = YES;
				CLANG_WARN_DIRECT_OBJC_ISA_USAGE = YES_ERROR;
				CLANG_WARN_EMPTY_BODY = YES;
				CLANG_WARN_ENUM_CONVERSION = YES;
				CLANG_WARN_INT_CONVERSION = YES;
				CLANG_WARN_OBJC_ROOT_CLASS = YES_ERROR;
				CLANG_WARN_UNREACHABLE_CODE = YES;
				CLANG_WARN__DUPLICATE_METHOD_MATCH = YES;
				CODE_SIGN_IDENTITY = "iPhone Developer: Loganathan Venkatesh (RNTZRSZ4TL)";
				"CODE_SIGN_IDENTITY[sdk=iphoneos*]" = "iPhone Developer: Loganathan Venkatesh (RNTZRSZ4TL)";
				COPY_PHASE_STRIP = NO;
				DEBUG_INFORMATION_FORMAT = dwarf;
				ENABLE_STRICT_OBJC_MSGSEND = YES;
				ENABLE_TESTABILITY = YES;
				GCC_C_LANGUAGE_STANDARD = gnu99;
				GCC_DYNAMIC_NO_PIC = NO;
				GCC_NO_COMMON_BLOCKS = YES;
				GCC_OPTIMIZATION_LEVEL = 0;
				GCC_PREPROCESSOR_DEFINITIONS = (
					"DEBUG=1",
					"$(inherited)",
				);
				GCC_WARN_64_TO_32_BIT_CONVERSION = YES;
				GCC_WARN_ABOUT_RETURN_TYPE = YES_ERROR;
				GCC_WARN_UNDECLARED_SELECTOR = YES;
				GCC_WARN_UNINITIALIZED_AUTOS = YES_AGGRESSIVE;
				GCC_WARN_UNUSED_FUNCTION = YES;
				GCC_WARN_UNUSED_VARIABLE = YES;
				IPHONEOS_DEPLOYMENT_TARGET = 7.1;
				MTL_ENABLE_DEBUG_INFO = YES;
				ONLY_ACTIVE_ARCH = YES;
				PROVISIONING_PROFILE = "1d0bb964-3849-4c7a-b584-2f395a77b633";
				SDKROOT = iphoneos;
			};
			name = Debug;
		};
		065BAC631BC7A135005AF493 /* Release */ = {
			isa = XCBuildConfiguration;
			buildSettings = {
				ALWAYS_SEARCH_USER_PATHS = NO;
				CLANG_CXX_LANGUAGE_STANDARD = "gnu++0x";
				CLANG_CXX_LIBRARY = "libc++";
				CLANG_ENABLE_MODULES = YES;
				CLANG_ENABLE_OBJC_ARC = YES;
				CLANG_WARN_BOOL_CONVERSION = YES;
				CLANG_WARN_CONSTANT_CONVERSION = YES;
				CLANG_WARN_DIRECT_OBJC_ISA_USAGE = YES_ERROR;
				CLANG_WARN_EMPTY_BODY = YES;
				CLANG_WARN_ENUM_CONVERSION = YES;
				CLANG_WARN_INT_CONVERSION = YES;
				CLANG_WARN_OBJC_ROOT_CLASS = YES_ERROR;
				CLANG_WARN_UNREACHABLE_CODE = YES;
				CLANG_WARN__DUPLICATE_METHOD_MATCH = YES;
				CODE_SIGN_IDENTITY = "iPhone Distribution: O Clock Software Pvt Ltd (384S95M8XQ)";
				"CODE_SIGN_IDENTITY[sdk=iphoneos*]" = "iPhone Distribution: O Clock Software Pvt Ltd (384S95M8XQ)";
				COPY_PHASE_STRIP = NO;
				DEBUG_INFORMATION_FORMAT = "dwarf-with-dsym";
				ENABLE_NS_ASSERTIONS = NO;
				ENABLE_STRICT_OBJC_MSGSEND = YES;
				GCC_C_LANGUAGE_STANDARD = gnu99;
				GCC_NO_COMMON_BLOCKS = YES;
				GCC_WARN_64_TO_32_BIT_CONVERSION = YES;
				GCC_WARN_ABOUT_RETURN_TYPE = YES_ERROR;
				GCC_WARN_UNDECLARED_SELECTOR = YES;
				GCC_WARN_UNINITIALIZED_AUTOS = YES_AGGRESSIVE;
				GCC_WARN_UNUSED_FUNCTION = YES;
				GCC_WARN_UNUSED_VARIABLE = YES;
				IPHONEOS_DEPLOYMENT_TARGET = 7.1;
				MTL_ENABLE_DEBUG_INFO = NO;
				PROVISIONING_PROFILE = "1fd5c56f-6461-45ac-807d-e936d87a29c0";
				SDKROOT = iphoneos;
				VALIDATE_PRODUCT = YES;
			};
			name = Release;
		};
		065BAC651BC7A135005AF493 /* Debug */ = {
			isa = XCBuildConfiguration;
			baseConfigurationReference = DDEA9D71D215876AA1736C7B /* Pods-DoSomething.debug.xcconfig */;
			buildSettings = {
				ASSETCATALOG_COMPILER_APPICON_NAME = AppIcon;
				CLANG_ENABLE_OBJC_ARC = YES;
				CODE_SIGN_IDENTITY = "iPhone Developer";
				"CODE_SIGN_IDENTITY[sdk=iphoneos*]" = "iPhone Developer";
				ENABLE_BITCODE = NO;
				FRAMEWORK_SEARCH_PATHS = (
					"$(inherited)",
					"$(PROJECT_DIR)/DoSomething",
					"$(PROJECT_DIR)/DoSomething/Frameworks",
				);
				INFOPLIST_FILE = DoSomething/Info.plist;
				IPHONEOS_DEPLOYMENT_TARGET = 7.1;
				LD_RUNPATH_SEARCH_PATHS = "$(inherited) @executable_path/Frameworks";
				PRODUCT_BUNDLE_IDENTIFIER = com.oclockapps.DoSomething;
				PRODUCT_NAME = "$(TARGET_NAME)";
				PROVISIONING_PROFILE = "";
				TARGETED_DEVICE_FAMILY = 1;
			};
			name = Debug;
		};
		065BAC661BC7A135005AF493 /* Release */ = {
			isa = XCBuildConfiguration;
			baseConfigurationReference = 1C75845E698F9F0E3DFC07B6 /* Pods-DoSomething.release.xcconfig */;
			buildSettings = {
				ASSETCATALOG_COMPILER_APPICON_NAME = AppIcon;
				CLANG_ENABLE_OBJC_ARC = YES;
				CODE_SIGN_IDENTITY = "iPhone Developer";
				"CODE_SIGN_IDENTITY[sdk=iphoneos*]" = "iPhone Developer";
				ENABLE_BITCODE = NO;
				FRAMEWORK_SEARCH_PATHS = (
					"$(inherited)",
					"$(PROJECT_DIR)/DoSomething",
					"$(PROJECT_DIR)/DoSomething/Frameworks",
				);
				INFOPLIST_FILE = DoSomething/Info.plist;
				IPHONEOS_DEPLOYMENT_TARGET = 7.1;
				LD_RUNPATH_SEARCH_PATHS = "$(inherited) @executable_path/Frameworks";
				PRODUCT_BUNDLE_IDENTIFIER = com.oclockapps.DoSomething;
				PRODUCT_NAME = "$(TARGET_NAME)";
				PROVISIONING_PROFILE = "";
				TARGETED_DEVICE_FAMILY = 1;
			};
			name = Release;
		};
/* End XCBuildConfiguration section */

/* Begin XCConfigurationList section */
		065BAC481BC7A134005AF493 /* Build configuration list for PBXProject "DoSomething" */ = {
			isa = XCConfigurationList;
			buildConfigurations = (
				065BAC621BC7A135005AF493 /* Debug */,
				065BAC631BC7A135005AF493 /* Release */,
			);
			defaultConfigurationIsVisible = 0;
			defaultConfigurationName = Release;
		};
		065BAC641BC7A135005AF493 /* Build configuration list for PBXNativeTarget "DoSomething" */ = {
			isa = XCConfigurationList;
			buildConfigurations = (
				065BAC651BC7A135005AF493 /* Debug */,
				065BAC661BC7A135005AF493 /* Release */,
			);
			defaultConfigurationIsVisible = 0;
			defaultConfigurationName = Release;
		};
/* End XCConfigurationList section */
	};
	rootObject = 065BAC451BC7A134005AF493 /* Project object */;
}
