// !$*UTF8*$!
{
	archiveVersion = 1;
	classes = {
	};
	objectVersion = 46;
	objects = {

/* Begin PBXBuildFile section */
		065BAC521BC7A135005AF493 /* main.m in Sources */ = {isa = PBXBuildFile; fileRef = 065BAC511BC7A135005AF493 /* main.m */; };
		6A50C21C1BCCBB8C002B11AC /* DSProfileTableViewCell.m in Sources */ = {isa = PBXBuildFile; fileRef = 6A50C21A1BCCBB8C002B11AC /* DSProfileTableViewCell.m */; };
		6A50C21D1BCCBB8C002B11AC /* DSProfileTableViewCell.xib in Resources */ = {isa = PBXBuildFile; fileRef = 6A50C21B1BCCBB8C002B11AC /* DSProfileTableViewCell.xib */; };
		6A50C2271BCCC310002B11AC /* DSChatsTableViewController.m in Sources */ = {isa = PBXBuildFile; fileRef = 6A50C2251BCCC310002B11AC /* DSChatsTableViewController.m */; };
		6A50C2281BCCC310002B11AC /* DSChatsTableViewController.xib in Resources */ = {isa = PBXBuildFile; fileRef = 6A50C2261BCCC310002B11AC /* DSChatsTableViewController.xib */; };
		6A50C22F1BCCFF36002B11AC /* DSSplashScrollView.m in Sources */ = {isa = PBXBuildFile; fileRef = 6A50C22B1BCCFF36002B11AC /* DSSplashScrollView.m */; };
		6A50C2301BCCFF36002B11AC /* DSSplashViewController.m in Sources */ = {isa = PBXBuildFile; fileRef = 6A50C22D1BCCFF36002B11AC /* DSSplashViewController.m */; };
		6A50C2311BCCFF36002B11AC /* DSSplashViewController.xib in Resources */ = {isa = PBXBuildFile; fileRef = 6A50C22E1BCCFF36002B11AC /* DSSplashViewController.xib */; };
		6A8D15D31BCC059B000F1FB4 /* DSProfileTableViewController.m in Sources */ = {isa = PBXBuildFile; fileRef = 6A8D15D11BCC059B000F1FB4 /* DSProfileTableViewController.m */; };
		6A8D15D41BCC059B000F1FB4 /* DSProfileTableViewController.xib in Resources */ = {isa = PBXBuildFile; fileRef = 6A8D15D21BCC059B000F1FB4 /* DSProfileTableViewController.xib */; };
		C6D5F60C1BC7AF500050C1AE /* Launch Screen.xib in Resources */ = {isa = PBXBuildFile; fileRef = C6D5F60B1BC7AF500050C1AE /* Launch Screen.xib */; };
		C6D5F6151BC7B0970050C1AE /* AppDelegate.m in Sources */ = {isa = PBXBuildFile; fileRef = C6D5F6141BC7B0970050C1AE /* AppDelegate.m */; };
		C6D5F61C1BC7B3E60050C1AE /* DSAppCommon.m in Sources */ = {isa = PBXBuildFile; fileRef = C6D5F61B1BC7B3E60050C1AE /* DSAppCommon.m */; };
		C6D5F6391BC7B52C0050C1AE /* FutworaPro-Regular.otf in Resources */ = {isa = PBXBuildFile; fileRef = C6D5F62C1BC7B52C0050C1AE /* FutworaPro-Regular.otf */; };
		C6D5F63A1BC7B52C0050C1AE /* Patron-Black.ttf in Resources */ = {isa = PBXBuildFile; fileRef = C6D5F62D1BC7B52C0050C1AE /* Patron-Black.ttf */; };
		C6D5F63B1BC7B52C0050C1AE /* Patron-BlackItalic.ttf in Resources */ = {isa = PBXBuildFile; fileRef = C6D5F62E1BC7B52C0050C1AE /* Patron-BlackItalic.ttf */; };
		C6D5F63C1BC7B52C0050C1AE /* Patron-Bold.ttf in Resources */ = {isa = PBXBuildFile; fileRef = C6D5F62F1BC7B52C0050C1AE /* Patron-Bold.ttf */; };
		C6D5F63D1BC7B52C0050C1AE /* Patron-BoldItalic.ttf in Resources */ = {isa = PBXBuildFile; fileRef = C6D5F6301BC7B52C0050C1AE /* Patron-BoldItalic.ttf */; };
		C6D5F63E1BC7B52C0050C1AE /* Patron-ExtraLight.ttf in Resources */ = {isa = PBXBuildFile; fileRef = C6D5F6311BC7B52C0050C1AE /* Patron-ExtraLight.ttf */; };
		C6D5F63F1BC7B52C0050C1AE /* Patron-ExtraLightItalic.ttf in Resources */ = {isa = PBXBuildFile; fileRef = C6D5F6321BC7B52C0050C1AE /* Patron-ExtraLightItalic.ttf */; };
		C6D5F6401BC7B52C0050C1AE /* Patron-Italic.ttf in Resources */ = {isa = PBXBuildFile; fileRef = C6D5F6331BC7B52C0050C1AE /* Patron-Italic.ttf */; };
		C6D5F6411BC7B52C0050C1AE /* Patron-Medium.ttf in Resources */ = {isa = PBXBuildFile; fileRef = C6D5F6341BC7B52C0050C1AE /* Patron-Medium.ttf */; };
		C6D5F6421BC7B52C0050C1AE /* Patron-MediumItalic.ttf in Resources */ = {isa = PBXBuildFile; fileRef = C6D5F6351BC7B52C0050C1AE /* Patron-MediumItalic.ttf */; };
		C6D5F6431BC7B52C0050C1AE /* Patron-Regular.ttf in Resources */ = {isa = PBXBuildFile; fileRef = C6D5F6361BC7B52C0050C1AE /* Patron-Regular.ttf */; };
		C6D5F6441BC7B52C0050C1AE /* Patron-Thin.ttf in Resources */ = {isa = PBXBuildFile; fileRef = C6D5F6371BC7B52C0050C1AE /* Patron-Thin.ttf */; };
		C6D5F6451BC7B52C0050C1AE /* Patron-ThinItalic.ttf in Resources */ = {isa = PBXBuildFile; fileRef = C6D5F6381BC7B52C0050C1AE /* Patron-ThinItalic.ttf */; };
		C6D5F67C1BC7EC440050C1AE /* Images.xcassets in Resources */ = {isa = PBXBuildFile; fileRef = C6D5F67B1BC7EC440050C1AE /* Images.xcassets */; };
		EACB22BB1BC7C7F7002FAD54 /* DSLoginViewController.m in Sources */ = {isa = PBXBuildFile; fileRef = EACB22B91BC7C7F7002FAD54 /* DSLoginViewController.m */; };
		EACB22BC1BC7C7F7002FAD54 /* DSLoginViewController.xib in Resources */ = {isa = PBXBuildFile; fileRef = EACB22BA1BC7C7F7002FAD54 /* DSLoginViewController.xib */; };
		EAF3D4A51BCB8EBA0097994D /* CustomNavigationView.m in Sources */ = {isa = PBXBuildFile; fileRef = EAF3D4A31BCB8EBA0097994D /* CustomNavigationView.m */; };
		EAF3D4A61BCB8EBA0097994D /* CustomNavigationView.xib in Resources */ = {isa = PBXBuildFile; fileRef = EAF3D4A41BCB8EBA0097994D /* CustomNavigationView.xib */; };
/* End PBXBuildFile section */

/* Begin PBXFileReference section */
		065BAC4D1BC7A135005AF493 /* DoSomething.app */ = {isa = PBXFileReference; explicitFileType = wrapper.application; includeInIndex = 0; path = DoSomething.app; sourceTree = BUILT_PRODUCTS_DIR; };
		065BAC511BC7A135005AF493 /* main.m */ = {isa = PBXFileReference; lastKnownFileType = sourcecode.c.objc; path = main.m; sourceTree = "<group>"; };
		065BAC611BC7A135005AF493 /* Info.plist */ = {isa = PBXFileReference; lastKnownFileType = text.plist.xml; path = Info.plist; sourceTree = "<group>"; };
		6A50C2191BCCBB8C002B11AC /* DSProfileTableViewCell.h */ = {isa = PBXFileReference; fileEncoding = 4; lastKnownFileType = sourcecode.c.h; path = DSProfileTableViewCell.h; sourceTree = "<group>"; };
		6A50C21A1BCCBB8C002B11AC /* DSProfileTableViewCell.m */ = {isa = PBXFileReference; fileEncoding = 4; lastKnownFileType = sourcecode.c.objc; path = DSProfileTableViewCell.m; sourceTree = "<group>"; };
		6A50C21B1BCCBB8C002B11AC /* DSProfileTableViewCell.xib */ = {isa = PBXFileReference; fileEncoding = 4; lastKnownFileType = file.xib; path = DSProfileTableViewCell.xib; sourceTree = "<group>"; };
		6A50C2241BCCC310002B11AC /* DSChatsTableViewController.h */ = {isa = PBXFileReference; fileEncoding = 4; lastKnownFileType = sourcecode.c.h; path = DSChatsTableViewController.h; sourceTree = "<group>"; };
		6A50C2251BCCC310002B11AC /* DSChatsTableViewController.m */ = {isa = PBXFileReference; fileEncoding = 4; lastKnownFileType = sourcecode.c.objc; path = DSChatsTableViewController.m; sourceTree = "<group>"; };
		6A50C2261BCCC310002B11AC /* DSChatsTableViewController.xib */ = {isa = PBXFileReference; fileEncoding = 4; lastKnownFileType = file.xib; path = DSChatsTableViewController.xib; sourceTree = "<group>"; };
		6A50C22A1BCCFF36002B11AC /* DSSplashScrollView.h */ = {isa = PBXFileReference; fileEncoding = 4; lastKnownFileType = sourcecode.c.h; path = DSSplashScrollView.h; sourceTree = "<group>"; };
		6A50C22B1BCCFF36002B11AC /* DSSplashScrollView.m */ = {isa = PBXFileReference; fileEncoding = 4; lastKnownFileType = sourcecode.c.objc; path = DSSplashScrollView.m; sourceTree = "<group>"; };
		6A50C22C1BCCFF36002B11AC /* DSSplashViewController.h */ = {isa = PBXFileReference; fileEncoding = 4; lastKnownFileType = sourcecode.c.h; path = DSSplashViewController.h; sourceTree = "<group>"; };
		6A50C22D1BCCFF36002B11AC /* DSSplashViewController.m */ = {isa = PBXFileReference; fileEncoding = 4; lastKnownFileType = sourcecode.c.objc; path = DSSplashViewController.m; sourceTree = "<group>"; };
		6A50C22E1BCCFF36002B11AC /* DSSplashViewController.xib */ = {isa = PBXFileReference; fileEncoding = 4; lastKnownFileType = file.xib; path = DSSplashViewController.xib; sourceTree = "<group>"; };
		6A8D15D01BCC059B000F1FB4 /* DSProfileTableViewController.h */ = {isa = PBXFileReference; fileEncoding = 4; lastKnownFileType = sourcecode.c.h; path = DSProfileTableViewController.h; sourceTree = "<group>"; };
		6A8D15D11BCC059B000F1FB4 /* DSProfileTableViewController.m */ = {isa = PBXFileReference; fileEncoding = 4; lastKnownFileType = sourcecode.c.objc; path = DSProfileTableViewController.m; sourceTree = "<group>"; };
		6A8D15D21BCC059B000F1FB4 /* DSProfileTableViewController.xib */ = {isa = PBXFileReference; fileEncoding = 4; lastKnownFileType = file.xib; path = DSProfileTableViewController.xib; sourceTree = "<group>"; };
		C6D5F60B1BC7AF500050C1AE /* Launch Screen.xib */ = {isa = PBXFileReference; fileEncoding = 4; lastKnownFileType = file.xib; path = "Launch Screen.xib"; sourceTree = "<group>"; };
		C6D5F6131BC7B0970050C1AE /* AppDelegate.h */ = {isa = PBXFileReference; fileEncoding = 4; lastKnownFileType = sourcecode.c.h; path = AppDelegate.h; sourceTree = "<group>"; };
		C6D5F6141BC7B0970050C1AE /* AppDelegate.m */ = {isa = PBXFileReference; fileEncoding = 4; lastKnownFileType = sourcecode.c.objc; path = AppDelegate.m; sourceTree = "<group>"; };
		C6D5F61A1BC7B3E60050C1AE /* DSAppCommon.h */ = {isa = PBXFileReference; fileEncoding = 4; lastKnownFileType = sourcecode.c.h; name = DSAppCommon.h; path = ../AppCommon/DSAppCommon.h; sourceTree = "<group>"; };
		C6D5F61B1BC7B3E60050C1AE /* DSAppCommon.m */ = {isa = PBXFileReference; fileEncoding = 4; lastKnownFileType = sourcecode.c.objc; name = DSAppCommon.m; path = ../AppCommon/DSAppCommon.m; sourceTree = "<group>"; };
		C6D5F62C1BC7B52C0050C1AE /* FutworaPro-Regular.otf */ = {isa = PBXFileReference; lastKnownFileType = file; path = "FutworaPro-Regular.otf"; sourceTree = "<group>"; };
		C6D5F62D1BC7B52C0050C1AE /* Patron-Black.ttf */ = {isa = PBXFileReference; lastKnownFileType = file; path = "Patron-Black.ttf"; sourceTree = "<group>"; };
		C6D5F62E1BC7B52C0050C1AE /* Patron-BlackItalic.ttf */ = {isa = PBXFileReference; lastKnownFileType = file; path = "Patron-BlackItalic.ttf"; sourceTree = "<group>"; };
		C6D5F62F1BC7B52C0050C1AE /* Patron-Bold.ttf */ = {isa = PBXFileReference; lastKnownFileType = file; path = "Patron-Bold.ttf"; sourceTree = "<group>"; };
		C6D5F6301BC7B52C0050C1AE /* Patron-BoldItalic.ttf */ = {isa = PBXFileReference; lastKnownFileType = file; path = "Patron-BoldItalic.ttf"; sourceTree = "<group>"; };
		C6D5F6311BC7B52C0050C1AE /* Patron-ExtraLight.ttf */ = {isa = PBXFileReference; lastKnownFileType = file; path = "Patron-ExtraLight.ttf"; sourceTree = "<group>"; };
		C6D5F6321BC7B52C0050C1AE /* Patron-ExtraLightItalic.ttf */ = {isa = PBXFileReference; lastKnownFileType = file; path = "Patron-ExtraLightItalic.ttf"; sourceTree = "<group>"; };
		C6D5F6331BC7B52C0050C1AE /* Patron-Italic.ttf */ = {isa = PBXFileReference; lastKnownFileType = file; path = "Patron-Italic.ttf"; sourceTree = "<group>"; };
		C6D5F6341BC7B52C0050C1AE /* Patron-Medium.ttf */ = {isa = PBXFileReference; lastKnownFileType = file; path = "Patron-Medium.ttf"; sourceTree = "<group>"; };
		C6D5F6351BC7B52C0050C1AE /* Patron-MediumItalic.ttf */ = {isa = PBXFileReference; lastKnownFileType = file; path = "Patron-MediumItalic.ttf"; sourceTree = "<group>"; };
		C6D5F6361BC7B52C0050C1AE /* Patron-Regular.ttf */ = {isa = PBXFileReference; lastKnownFileType = file; path = "Patron-Regular.ttf"; sourceTree = "<group>"; };
		C6D5F6371BC7B52C0050C1AE /* Patron-Thin.ttf */ = {isa = PBXFileReference; lastKnownFileType = file; path = "Patron-Thin.ttf"; sourceTree = "<group>"; };
		C6D5F6381BC7B52C0050C1AE /* Patron-ThinItalic.ttf */ = {isa = PBXFileReference; lastKnownFileType = file; path = "Patron-ThinItalic.ttf"; sourceTree = "<group>"; };
		C6D5F6461BC7B6550050C1AE /* DSConfig.h */ = {isa = PBXFileReference; lastKnownFileType = sourcecode.c.h; path = DSConfig.h; sourceTree = "<group>"; };
		C6D5F67B1BC7EC440050C1AE /* Images.xcassets */ = {isa = PBXFileReference; lastKnownFileType = folder.assetcatalog; path = Images.xcassets; sourceTree = "<group>"; };
		EACB22B81BC7C7F7002FAD54 /* DSLoginViewController.h */ = {isa = PBXFileReference; fileEncoding = 4; lastKnownFileType = sourcecode.c.h; path = DSLoginViewController.h; sourceTree = "<group>"; };
		EACB22B91BC7C7F7002FAD54 /* DSLoginViewController.m */ = {isa = PBXFileReference; fileEncoding = 4; lastKnownFileType = sourcecode.c.objc; path = DSLoginViewController.m; sourceTree = "<group>"; };
		EACB22BA1BC7C7F7002FAD54 /* DSLoginViewController.xib */ = {isa = PBXFileReference; fileEncoding = 4; lastKnownFileType = file.xib; path = DSLoginViewController.xib; sourceTree = "<group>"; };
		EAF3D4A21BCB8EBA0097994D /* CustomNavigationView.h */ = {isa = PBXFileReference; fileEncoding = 4; lastKnownFileType = sourcecode.c.h; path = CustomNavigationView.h; sourceTree = "<group>"; };
		EAF3D4A31BCB8EBA0097994D /* CustomNavigationView.m */ = {isa = PBXFileReference; fileEncoding = 4; lastKnownFileType = sourcecode.c.objc; path = CustomNavigationView.m; sourceTree = "<group>"; };
		EAF3D4A41BCB8EBA0097994D /* CustomNavigationView.xib */ = {isa = PBXFileReference; fileEncoding = 4; lastKnownFileType = file.xib; path = CustomNavigationView.xib; sourceTree = "<group>"; };
/* End PBXFileReference section */

/* Begin PBXFrameworksBuildPhase section */
		065BAC4A1BC7A135005AF493 /* Frameworks */ = {
			isa = PBXFrameworksBuildPhase;
			buildActionMask = 2147483647;
			files = (
			);
			runOnlyForDeploymentPostprocessing = 0;
		};
/* End PBXFrameworksBuildPhase section */

/* Begin PBXGroup section */
		065BAC441BC7A134005AF493 = {
			isa = PBXGroup;
			children = (
				065BAC4F1BC7A135005AF493 /* DoSomething */,
				065BAC4E1BC7A135005AF493 /* Products */,
			);
			sourceTree = "<group>";
		};
		065BAC4E1BC7A135005AF493 /* Products */ = {
			isa = PBXGroup;
			children = (
				065BAC4D1BC7A135005AF493 /* DoSomething.app */,
			);
			name = Products;
			sourceTree = "<group>";
		};
		065BAC4F1BC7A135005AF493 /* DoSomething */ = {
			isa = PBXGroup;
			children = (
				C6D5F6081BC7A4340050C1AE /* Common */,
				C6D5F60A1BC7A4560050C1AE /* ViewController */,
				C6D5F60B1BC7AF500050C1AE /* Launch Screen.xib */,
				065BAC501BC7A135005AF493 /* Supporting Files */,
			);
			path = DoSomething;
			sourceTree = "<group>";
		};
		065BAC501BC7A135005AF493 /* Supporting Files */ = {
			isa = PBXGroup;
			children = (
				6A50C2321BCD3217002B11AC /* Images */,
				C6D5F67B1BC7EC440050C1AE /* Images.xcassets */,
				C6D5F62B1BC7B52C0050C1AE /* Fonts */,
				065BAC611BC7A135005AF493 /* Info.plist */,
				065BAC511BC7A135005AF493 /* main.m */,
			);
			name = "Supporting Files";
			sourceTree = "<group>";
		};
		6A50C2231BCCC310002B11AC /* Chats */ = {
			isa = PBXGroup;
			children = (
				6A50C2241BCCC310002B11AC /* DSChatsTableViewController.h */,
				6A50C2251BCCC310002B11AC /* DSChatsTableViewController.m */,
				6A50C2261BCCC310002B11AC /* DSChatsTableViewController.xib */,
			);
			name = Chats;
			path = ViewController/Chats;
			sourceTree = "<group>";
		};
		6A50C2291BCCFF36002B11AC /* SplashView */ = {
			isa = PBXGroup;
			children = (
				6A50C22A1BCCFF36002B11AC /* DSSplashScrollView.h */,
				6A50C22B1BCCFF36002B11AC /* DSSplashScrollView.m */,
				6A50C22C1BCCFF36002B11AC /* DSSplashViewController.h */,
				6A50C22D1BCCFF36002B11AC /* DSSplashViewController.m */,
				6A50C22E1BCCFF36002B11AC /* DSSplashViewController.xib */,
			);
			name = SplashView;
			path = ViewController/SplashView;
			sourceTree = "<group>";
		};
		6A50C2321BCD3217002B11AC /* Images */ = {
			isa = PBXGroup;
			children = (
			);
			name = Images;
			sourceTree = "<group>";
		};
		6A8D15CF1BCC059B000F1FB4 /* Profile */ = {
			isa = PBXGroup;
			children = (
				6A8D15D01BCC059B000F1FB4 /* DSProfileTableViewController.h */,
				6A8D15D11BCC059B000F1FB4 /* DSProfileTableViewController.m */,
				6A8D15D21BCC059B000F1FB4 /* DSProfileTableViewController.xib */,
				6A50C2191BCCBB8C002B11AC /* DSProfileTableViewCell.h */,
				6A50C21A1BCCBB8C002B11AC /* DSProfileTableViewCell.m */,
				6A50C21B1BCCBB8C002B11AC /* DSProfileTableViewCell.xib */,
			);
			name = Profile;
			path = ViewController/Profile;
			sourceTree = "<group>";
		};
		C6D5F6081BC7A4340050C1AE /* Common */ = {
			isa = PBXGroup;
			children = (
				EAF3D4A11BCB8EBA0097994D /* CustomNavigation */,
				C6D5F6471BC7BB540050C1AE /* AppCommon */,
				C6D5F6121BC7B0970050C1AE /* AppDelegate */,
				C6D5F6461BC7B6550050C1AE /* DSConfig.h */,
			);
			name = Common;
			sourceTree = "<group>";
		};
		C6D5F60A1BC7A4560050C1AE /* ViewController */ = {
			isa = PBXGroup;
			children = (
				6A50C2291BCCFF36002B11AC /* SplashView */,
				EACB22B71BC7C7F7002FAD54 /* Login */,
				6A8D15CF1BCC059B000F1FB4 /* Profile */,
				6A50C2231BCCC310002B11AC /* Chats */,
			);
			name = ViewController;
			sourceTree = "<group>";
		};
		C6D5F6121BC7B0970050C1AE /* AppDelegate */ = {
			isa = PBXGroup;
			children = (
				C6D5F6131BC7B0970050C1AE /* AppDelegate.h */,
				C6D5F6141BC7B0970050C1AE /* AppDelegate.m */,
			);
			name = AppDelegate;
			path = Common/AppDelegate;
			sourceTree = "<group>";
		};
		C6D5F62B1BC7B52C0050C1AE /* Fonts */ = {
			isa = PBXGroup;
			children = (
				C6D5F62C1BC7B52C0050C1AE /* FutworaPro-Regular.otf */,
				C6D5F62D1BC7B52C0050C1AE /* Patron-Black.ttf */,
				C6D5F62E1BC7B52C0050C1AE /* Patron-BlackItalic.ttf */,
				C6D5F62F1BC7B52C0050C1AE /* Patron-Bold.ttf */,
				C6D5F6301BC7B52C0050C1AE /* Patron-BoldItalic.ttf */,
				C6D5F6311BC7B52C0050C1AE /* Patron-ExtraLight.ttf */,
				C6D5F6321BC7B52C0050C1AE /* Patron-ExtraLightItalic.ttf */,
				C6D5F6331BC7B52C0050C1AE /* Patron-Italic.ttf */,
				C6D5F6341BC7B52C0050C1AE /* Patron-Medium.ttf */,
				C6D5F6351BC7B52C0050C1AE /* Patron-MediumItalic.ttf */,
				C6D5F6361BC7B52C0050C1AE /* Patron-Regular.ttf */,
				C6D5F6371BC7B52C0050C1AE /* Patron-Thin.ttf */,
				C6D5F6381BC7B52C0050C1AE /* Patron-ThinItalic.ttf */,
			);
			path = Fonts;
			sourceTree = "<group>";
		};
		C6D5F6471BC7BB540050C1AE /* AppCommon */ = {
			isa = PBXGroup;
			children = (
				C6D5F61A1BC7B3E60050C1AE /* DSAppCommon.h */,
				C6D5F61B1BC7B3E60050C1AE /* DSAppCommon.m */,
			);
			name = AppCommon;
			path = Common/AppDelegate;
			sourceTree = "<group>";
		};
		EACB22B71BC7C7F7002FAD54 /* Login */ = {
			isa = PBXGroup;
			children = (
				EACB22B81BC7C7F7002FAD54 /* DSLoginViewController.h */,
				EACB22B91BC7C7F7002FAD54 /* DSLoginViewController.m */,
				EACB22BA1BC7C7F7002FAD54 /* DSLoginViewController.xib */,
			);
			name = Login;
			path = ViewController/Login;
			sourceTree = "<group>";
		};
		EAF3D4A11BCB8EBA0097994D /* CustomNavigation */ = {
			isa = PBXGroup;
			children = (
				EAF3D4A21BCB8EBA0097994D /* CustomNavigationView.h */,
				EAF3D4A31BCB8EBA0097994D /* CustomNavigationView.m */,
				EAF3D4A41BCB8EBA0097994D /* CustomNavigationView.xib */,
			);
			name = CustomNavigation;
			path = Common/CustomNavigation;
			sourceTree = "<group>";
		};
/* End PBXGroup section */

/* Begin PBXNativeTarget section */
		065BAC4C1BC7A135005AF493 /* DoSomething */ = {
			isa = PBXNativeTarget;
			buildConfigurationList = 065BAC641BC7A135005AF493 /* Build configuration list for PBXNativeTarget "DoSomething" */;
			buildPhases = (
				065BAC491BC7A135005AF493 /* Sources */,
				065BAC4A1BC7A135005AF493 /* Frameworks */,
				065BAC4B1BC7A135005AF493 /* Resources */,
			);
			buildRules = (
			);
			dependencies = (
			);
			name = DoSomething;
			productName = DoSomething;
			productReference = 065BAC4D1BC7A135005AF493 /* DoSomething.app */;
			productType = "com.apple.product-type.application";
		};
/* End PBXNativeTarget section */

/* Begin PBXProject section */
		065BAC451BC7A134005AF493 /* Project object */ = {
			isa = PBXProject;
			attributes = {
				LastUpgradeCheck = 0700;
				ORGANIZATIONNAME = "OClock Apps";
				TargetAttributes = {
					065BAC4C1BC7A135005AF493 = {
						CreatedOnToolsVersion = 7.0.1;
						DevelopmentTeam = 384S95M8XQ;
					};
				};
			};
			buildConfigurationList = 065BAC481BC7A134005AF493 /* Build configuration list for PBXProject "DoSomething" */;
			compatibilityVersion = "Xcode 3.2";
			developmentRegion = English;
			hasScannedForEncodings = 0;
			knownRegions = (
				en,
				Base,
			);
			mainGroup = 065BAC441BC7A134005AF493;
			productRefGroup = 065BAC4E1BC7A135005AF493 /* Products */;
			projectDirPath = "";
			projectRoot = "";
			targets = (
				065BAC4C1BC7A135005AF493 /* DoSomething */,
			);
		};
/* End PBXProject section */

/* Begin PBXResourcesBuildPhase section */
		065BAC4B1BC7A135005AF493 /* Resources */ = {
			isa = PBXResourcesBuildPhase;
			buildActionMask = 2147483647;
			files = (
				C6D5F63F1BC7B52C0050C1AE /* Patron-ExtraLightItalic.ttf in Resources */,
				C6D5F63D1BC7B52C0050C1AE /* Patron-BoldItalic.ttf in Resources */,
				6A50C21D1BCCBB8C002B11AC /* DSProfileTableViewCell.xib in Resources */,
				C6D5F6391BC7B52C0050C1AE /* FutworaPro-Regular.otf in Resources */,
				C6D5F6401BC7B52C0050C1AE /* Patron-Italic.ttf in Resources */,
				EACB22BC1BC7C7F7002FAD54 /* DSLoginViewController.xib in Resources */,
				C6D5F63A1BC7B52C0050C1AE /* Patron-Black.ttf in Resources */,
				6A50C2281BCCC310002B11AC /* DSChatsTableViewController.xib in Resources */,
				C6D5F6421BC7B52C0050C1AE /* Patron-MediumItalic.ttf in Resources */,
				C6D5F60C1BC7AF500050C1AE /* Launch Screen.xib in Resources */,
				6A8D15D41BCC059B000F1FB4 /* DSProfileTableViewController.xib in Resources */,
				C6D5F6441BC7B52C0050C1AE /* Patron-Thin.ttf in Resources */,
				C6D5F6411BC7B52C0050C1AE /* Patron-Medium.ttf in Resources */,
				C6D5F6431BC7B52C0050C1AE /* Patron-Regular.ttf in Resources */,
				C6D5F67C1BC7EC440050C1AE /* Images.xcassets in Resources */,
				C6D5F6451BC7B52C0050C1AE /* Patron-ThinItalic.ttf in Resources */,
				C6D5F63E1BC7B52C0050C1AE /* Patron-ExtraLight.ttf in Resources */,
				6A50C2311BCCFF36002B11AC /* DSSplashViewController.xib in Resources */,
				EAF3D4A61BCB8EBA0097994D /* CustomNavigationView.xib in Resources */,
				C6D5F63B1BC7B52C0050C1AE /* Patron-BlackItalic.ttf in Resources */,
				C6D5F63C1BC7B52C0050C1AE /* Patron-Bold.ttf in Resources */,
			);
			runOnlyForDeploymentPostprocessing = 0;
		};
/* End PBXResourcesBuildPhase section */

/* Begin PBXSourcesBuildPhase section */
		065BAC491BC7A135005AF493 /* Sources */ = {
			isa = PBXSourcesBuildPhase;
			buildActionMask = 2147483647;
			files = (
				C6D5F61C1BC7B3E60050C1AE /* DSAppCommon.m in Sources */,
				EACB22BB1BC7C7F7002FAD54 /* DSLoginViewController.m in Sources */,
				6A50C22F1BCCFF36002B11AC /* DSSplashScrollView.m in Sources */,
				065BAC521BC7A135005AF493 /* main.m in Sources */,
				6A50C2301BCCFF36002B11AC /* DSSplashViewController.m in Sources */,
				6A50C21C1BCCBB8C002B11AC /* DSProfileTableViewCell.m in Sources */,
				C6D5F6151BC7B0970050C1AE /* AppDelegate.m in Sources */,
				6A50C2271BCCC310002B11AC /* DSChatsTableViewController.m in Sources */,
				EAF3D4A51BCB8EBA0097994D /* CustomNavigationView.m in Sources */,
				6A8D15D31BCC059B000F1FB4 /* DSProfileTableViewController.m in Sources */,
			);
			runOnlyForDeploymentPostprocessing = 0;
		};
/* End PBXSourcesBuildPhase section */

/* Begin XCBuildConfiguration section */
		065BAC621BC7A135005AF493 /* Debug */ = {
			isa = XCBuildConfiguration;
			buildSettings = {
				ALWAYS_SEARCH_USER_PATHS = NO;
				CLANG_CXX_LANGUAGE_STANDARD = "gnu++0x";
				CLANG_CXX_LIBRARY = "libc++";
				CLANG_ENABLE_MODULES = YES;
				CLANG_ENABLE_OBJC_ARC = YES;
				CLANG_WARN_BOOL_CONVERSION = YES;
				CLANG_WARN_CONSTANT_CONVERSION = YES;
				CLANG_WARN_DIRECT_OBJC_ISA_USAGE = YES_ERROR;
				CLANG_WARN_EMPTY_BODY = YES;
				CLANG_WARN_ENUM_CONVERSION = YES;
				CLANG_WARN_INT_CONVERSION = YES;
				CLANG_WARN_OBJC_ROOT_CLASS = YES_ERROR;
				CLANG_WARN_UNREACHABLE_CODE = YES;
				CLANG_WARN__DUPLICATE_METHOD_MATCH = YES;
				"CODE_SIGN_IDENTITY[sdk=iphoneos*]" = "iPhone Developer";
				COPY_PHASE_STRIP = NO;
				DEBUG_INFORMATION_FORMAT = dwarf;
				ENABLE_STRICT_OBJC_MSGSEND = YES;
				ENABLE_TESTABILITY = YES;
				GCC_C_LANGUAGE_STANDARD = gnu99;
				GCC_DYNAMIC_NO_PIC = NO;
				GCC_NO_COMMON_BLOCKS = YES;
				GCC_OPTIMIZATION_LEVEL = 0;
				GCC_PREPROCESSOR_DEFINITIONS = (
					"DEBUG=1",
					"$(inherited)",
				);
				GCC_WARN_64_TO_32_BIT_CONVERSION = YES;
				GCC_WARN_ABOUT_RETURN_TYPE = YES_ERROR;
				GCC_WARN_UNDECLARED_SELECTOR = YES;
				GCC_WARN_UNINITIALIZED_AUTOS = YES_AGGRESSIVE;
				GCC_WARN_UNUSED_FUNCTION = YES;
				GCC_WARN_UNUSED_VARIABLE = YES;
				IPHONEOS_DEPLOYMENT_TARGET = 9.0;
				MTL_ENABLE_DEBUG_INFO = YES;
				ONLY_ACTIVE_ARCH = YES;
				SDKROOT = iphoneos;
			};
			name = Debug;
		};
		065BAC631BC7A135005AF493 /* Release */ = {
			isa = XCBuildConfiguration;
			buildSettings = {
				ALWAYS_SEARCH_USER_PATHS = NO;
				CLANG_CXX_LANGUAGE_STANDARD = "gnu++0x";
				CLANG_CXX_LIBRARY = "libc++";
				CLANG_ENABLE_MODULES = YES;
				CLANG_ENABLE_OBJC_ARC = YES;
				CLANG_WARN_BOOL_CONVERSION = YES;
				CLANG_WARN_CONSTANT_CONVERSION = YES;
				CLANG_WARN_DIRECT_OBJC_ISA_USAGE = YES_ERROR;
				CLANG_WARN_EMPTY_BODY = YES;
				CLANG_WARN_ENUM_CONVERSION = YES;
				CLANG_WARN_INT_CONVERSION = YES;
				CLANG_WARN_OBJC_ROOT_CLASS = YES_ERROR;
				CLANG_WARN_UNREACHABLE_CODE = YES;
				CLANG_WARN__DUPLICATE_METHOD_MATCH = YES;
				"CODE_SIGN_IDENTITY[sdk=iphoneos*]" = "iPhone Developer";
				COPY_PHASE_STRIP = NO;
				DEBUG_INFORMATION_FORMAT = "dwarf-with-dsym";
				ENABLE_NS_ASSERTIONS = NO;
				ENABLE_STRICT_OBJC_MSGSEND = YES;
				GCC_C_LANGUAGE_STANDARD = gnu99;
				GCC_NO_COMMON_BLOCKS = YES;
				GCC_WARN_64_TO_32_BIT_CONVERSION = YES;
				GCC_WARN_ABOUT_RETURN_TYPE = YES_ERROR;
				GCC_WARN_UNDECLARED_SELECTOR = YES;
				GCC_WARN_UNINITIALIZED_AUTOS = YES_AGGRESSIVE;
				GCC_WARN_UNUSED_FUNCTION = YES;
				GCC_WARN_UNUSED_VARIABLE = YES;
				IPHONEOS_DEPLOYMENT_TARGET = 9.0;
				MTL_ENABLE_DEBUG_INFO = NO;
				SDKROOT = iphoneos;
				VALIDATE_PRODUCT = YES;
			};
			name = Release;
		};
		065BAC651BC7A135005AF493 /* Debug */ = {
			isa = XCBuildConfiguration;
			buildSettings = {
				ASSETCATALOG_COMPILER_APPICON_NAME = AppIcon;
				CODE_SIGN_IDENTITY = "iPhone Developer";
				INFOPLIST_FILE = DoSomething/Info.plist;
				IPHONEOS_DEPLOYMENT_TARGET = 7.0;
				LD_RUNPATH_SEARCH_PATHS = "$(inherited) @executable_path/Frameworks";
				PRODUCT_BUNDLE_IDENTIFIER = com.oclockapps.DoSomething;
				PRODUCT_NAME = "$(TARGET_NAME)";
			};
			name = Debug;
		};
		065BAC661BC7A135005AF493 /* Release */ = {
			isa = XCBuildConfiguration;
			buildSettings = {
				ASSETCATALOG_COMPILER_APPICON_NAME = AppIcon;
				CODE_SIGN_IDENTITY = "iPhone Developer";
				INFOPLIST_FILE = DoSomething/Info.plist;
				IPHONEOS_DEPLOYMENT_TARGET = 7.0;
				LD_RUNPATH_SEARCH_PATHS = "$(inherited) @executable_path/Frameworks";
				PRODUCT_BUNDLE_IDENTIFIER = com.oclockapps.DoSomething;
				PRODUCT_NAME = "$(TARGET_NAME)";
			};
			name = Release;
		};
/* End XCBuildConfiguration section */

/* Begin XCConfigurationList section */
		065BAC481BC7A134005AF493 /* Build configuration list for PBXProject "DoSomething" */ = {
			isa = XCConfigurationList;
			buildConfigurations = (
				065BAC621BC7A135005AF493 /* Debug */,
				065BAC631BC7A135005AF493 /* Release */,
			);
			defaultConfigurationIsVisible = 0;
			defaultConfigurationName = Release;
		};
		065BAC641BC7A135005AF493 /* Build configuration list for PBXNativeTarget "DoSomething" */ = {
			isa = XCConfigurationList;
			buildConfigurations = (
				065BAC651BC7A135005AF493 /* Debug */,
				065BAC661BC7A135005AF493 /* Release */,
			);
			defaultConfigurationIsVisible = 0;
			defaultConfigurationName = Release;
		};
/* End XCConfigurationList section */
	};
	rootObject = 065BAC451BC7A134005AF493 /* Project object */;
}
